{
  "version": 4,
  "terraform_version": "1.3.6",
  "serial": 60,
  "lineage": "4acbb752-ad39-66c4-e76f-cf43f0b5c490",
  "outputs": {
    "client_certificate": {
      "value": "LS0tLS1CRUdJTiBDRVJUSUZJQ0FURS0tLS0tCk1JSUZIakNDQXdhZ0F3SUJBZ0lSQUttaFJlSEFJaTlWZzhsRmdBY05YSTB3RFFZSktvWklodmNOQVFFTEJRQXcKRFRFTE1Ba0dBMVVFQXhNQ1kyRXdIaGNOTWpNd016RTFNVEl5TWpJeFdoY05NalV3TXpFMU1USXpNakl4V2pBdwpNUmN3RlFZRFZRUUtFdzV6ZVhOMFpXMDZiV0Z6ZEdWeWN6RVZNQk1HQTFVRUF4TU1iV0Z6ZEdWeVkyeHBaVzUwCk1JSUNJakFOQmdrcWhraUc5dzBCQVFFRkFBT0NBZzhBTUlJQ0NnS0NBZ0VBcXd5ekFoeldsQnJINnBqaUJoNDQKU0x3RkZvZ2lmVXlpc1FvUmRGNFpHcjA4bThZZ1Q3azVrN0VacFlNUnluSjQ0aFF1M1JjV3VKUkRWdHovaTRmWQo3WEFqeHMyaW91WTFvb1ZxYTZjUmIrT09BYnVJemlkeEtnUjlyTjBDcTJic3NFcUFSYk9NYndNb2xPcENIZDRDCkFZci80ZVpIczB0NjdkMGt5dkY2ODlBSDdldVNBdjlTb0RUZDFtdTFEU0dxM25meHEvaHZqMkVJbnU2UWE4NzAKZzlHL1BReURabFRLNldjV09JWEpsNUZFTHEvelptZ2grYjJ6SzFlT2g0MzQxdXpWcEkyekU0UDlLTEJRNTdVbwpqZnBiZTUxNVFrbGRpZWVJa0hlQmdSaTFwYVZHQUlnVWp6SVVDbys1MlJsOUFZRnU2bjNZWlpFVmdyNlk0R1I1Ckx6a1pYZGkxMGxjczIwTmpaTjVhN2Y3alNmMWhTdUlYbndaWDJrZWJuSHZpcEpFQk9QalNLQkJjcUEzQStrYmoKVnowbU1RVjBrMklxa0U4STZjMlRrc2gvOHJEQmpRMTBEL0ZHZXJxYVNVb0VhSVE2dzBmN1RHNTNGYlJ5Uko2eAp4cVRiNWRJb3V3SWVPWlBwUjJKOU95c0o0SldRYzJqWjU5dm5IRHRFMzRGU0hoUitIcjhwR0lHTGpkVk12VjdUCmhlRktvcGZkR2ZaVE8xMENpY2kzWFo5MENoWFFyNGg0OHd6bXplcmQxSXhQeDcvbEZEL0FpU3JjMlFzNUdET1UKNktpNHE5S1FGZFBlNEZ4QnIvT0NrYkVITHNQaklVc3NKcXUxUlU5cmgzb3VoaTJvZi9DUUQycFBFbWt4UzFDeApYSVVWNnJKT2d5SFoxMDNnWnNFbVRqc0NBd0VBQWFOV01GUXdEZ1lEVlIwUEFRSC9CQVFEQWdXZ01CTUdBMVVkCkpRUU1NQW9HQ0NzR0FRVUZCd01DTUF3R0ExVWRFd0VCL3dRQ01BQXdId1lEVlIwakJCZ3dGb0FVL2E2TzVWYUkKUXV1R0h3NzBKY0g2MjRmMEphY3dEUVlKS29aSWh2Y05BUUVMQlFBRGdnSUJBQzhyS1RFcjdKdSs5akkwelRWcQpYbzYvOEY4SVlKTkVSOEZwRlBjdHoza2tDZGh6TzFQaEFYK3FEUUtUZGs4cHNiazNuREZoN1h1UXd2NkdFY1ExCkE1eWE3Y0R5RVVvby93Ym9OZ3N6elF0QUhCRi9aeVJzQ1R6ajZKTVIyVkgydHZaRzE1QWdGdDF5VkNFd2tyZ0kKOXBxcVplb3pTNFNRQzU1L3VhaVJOVXoraXpXT3ZOYW1aZENvR2ZWQ09LUFRTaHZXTVgvc09Ha29adE5ISWpWawp4a2Yzd3BWOEJpY1ZVVEhpcS9mV2tmRWtZemhjR1lkOVdyNEUrOGpQTlhQV3h0aVh5UWN1dGNZbUNaQXptY2h6CjA2cmpDaXBmNER5L0hod3N1OGpKek1GandHdEY0TjlwTUtKSUpMeHRneXBFMlQwMjJDaGF2c1JXd2VKY2NHbmsKYVRrc2E3YXErZEZYejUrZ3RJVWZOeE9BNWxVTHd3Qms5N0pZYzRHYUNzQzRYTnoyVWFTbTNmeFYzTlRPOW1hbwo5R0dmOVZoV0ZUcjZoNnFkUmVOZld1Z0g1V0hndHJEd3p1czdyeWN0RG5IeXV1S0t0T2dEeTlhQnBBdXRFSFZmCmlOb091dnRmOG5hYkRzSzRBMnJ3VzJXVmcrR0FkdW11M2R4QXpaS3dZZjNWRGg3OG55UnVZR085enBDS3BKYmYKaHFoODFReXdwM1FrbElmblhWbi96UStzQWV2KzMzUXRKb1VoenhDaGtUNm9rOVFTckFEL0lnaHBUblRTR0ptbAp4dEVNZHBCa1dhamZGdHVHMWl5eWpTTHlzUmtiUkJLZnhHUURnOUplVU5oMEZud1lTTUwwZS9IbkVMYXpLZ1JqClFWOUF6TFhlQVg4ZmlnZFI4WjEweWd3ZQotLS0tLUVORCBDRVJUSUZJQ0FURS0tLS0tCg==",
      "type": "string",
      "sensitive": true
    },
    "kube_config": {
      "value": "apiVersion: v1\nclusters:\n- cluster:\n    certificate-authority-data: LS0tLS1CRUdJTiBDRVJUSUZJQ0FURS0tLS0tCk1JSUU2RENDQXRDZ0F3SUJBZ0lRQXkvMDgrMEdOZmhFcWMyVFRzU3NRakFOQmdrcWhraUc5dzBCQVFzRkFEQU4KTVFzd0NRWURWUVFERXdKallUQWdGdzB5TXpBek1UVXhNakl5TWpGYUdBOHlNRFV6TURNeE5URXlNekl5TVZvdwpEVEVMTUFrR0ExVUVBeE1DWTJFd2dnSWlNQTBHQ1NxR1NJYjNEUUVCQVFVQUE0SUNEd0F3Z2dJS0FvSUNBUURBCnhsKzYzQjRDcnVXNHlaYWdNcllxNnpJTUJ5QXR4ME41YWVpbmE5Q2JaNHJzQnF5STF2ZWpZdWRML1N6b3lKcE8KaUFIYlN2eDBMMHpUU09ZV3pvS0YvdzlnMUFtTXVoUmEzUFpBMll2MWJsSnpzdU13ZWMrUWxmRk12U1htVE0zUwo4QTBVaHR1WE4yTXZsa2Y3dmNxb0YwQ05PR2hOaFlmK0dDUzV5K294cTh5bXMwRW1MVlozQW9rVEdFMXJZZFVECkdTelZ3Q0oyMklrc2dHOXNrL1hZWkpkQWhWaFdRUS9ybFA1bjYzdlg1cGhmbU9QdG9SbUZENFc2VzE1SGQycVIKVVdSY2FjK0Z6RFZSS1JldnMrOVJ0bkFoQVJTNFpQeFI5L0lPMHQvTGdhZGZtNDJXb3dyZzRXVVFuQUtYazVueQozd1M3cis5UlJaaThMeGsvOXlOelFzRFFwTXJoWEJkWGlRbzJzdnQwN3RRT0ptSkRFZlc1UHhNdUd0RGVMMmpZCm55NDJvWlJaVHp2VUs1K2c5TlJ2VmpGdmQxbGtiNzJSa01HbFhRSEptbHgxVkhNWHBoanB5RXEvMHNvVS9xc3YKcXFlM0MwMVRSY01va1RFSWJ2Q1NjOTFXRUdCQ2hqVEZYazRxQTFYK0xMTFJYQkJrWlJyL3FJTm1qWGpmdXhRNApsU1MwNjZ3RWIzZGNzbW9iUHJjV3V3M1oraDZEUWFjUFE1NlhlaHBSeCtJZkZJSW82aCtCRkc4cnBra2s4aWVyCm11dXRMOEM5bDZBVWlLd0h0WkhLbVFmbGJZcUFiVnFSU2M4bTF4VVdScnBaazNzaWovOW1MNDRkZUZKa2g3UDYKTndJeDZVSE5EWlRkMkJySW5rVWtsZ0Vta2JOK0J0aXVZR0hCclhoTW1RSURBUUFCbzBJd1FEQU9CZ05WSFE4QgpBZjhFQkFNQ0FxUXdEd1lEVlIwVEFRSC9CQVV3QXdFQi96QWRCZ05WSFE0RUZnUVUvYTZPNVZhSVF1dUdIdzcwCkpjSDYyNGYwSmFjd0RRWUpLb1pJaHZjTkFRRUxCUUFEZ2dJQkFDalEza1V5bmN0UkE3ZEtrOURFcjh4TXBMK2QKcUhiNGhJY0UxSTBVTTcwODNudDR6QzBLRGh4c1dYeGMrcXFrRjZpWnV6a0NwVm03RkdtZm5VT2pTOWFoWC92cQoydmZ0OFJNNXFXeVZRV3h3aEkwS0JKcWVwZjJrbUhUTWtOMWhFalRIamd6RHBtVnljV1VEMlo0MFA3czA2SUc2CjFaVHdFYWlldWxKaW5IMWhrQTBYQ3BpWG00c3BHQ0J4bzZnNHIwVUhrK1BMTW1aTGxxQzk1TytRSG9pK2NTVHcKZytLbGZ5RXJ5a1UyZzhMTWx0RlNjeko0K2NCSzF6M2d4TVRwQlorYkw1VHRONWFXZDNBWEtLZWNKVU1yd21uVQpBaGV3dzFIUTUyS01yOURweEZwZWpFOGhxWVFDM3VGaU92YkNSUjEyd0FmdHJyWFBwL3BsZklpemJJcUxBVFpzCnhiYWdoNjhvUEdlYlRsODRBZHY0aEVCamlJQUg2cGp1SWsyZ3l4NzE5UmVUaWs3MVVTOHFVTnhNN25GajRnZXYKQ1NOc24xRkRENkNjaW5RNmVIZzlvbnJYQXNCdjVGQ21vVGdKejBRMnlJMW5tTVlCa1FaM01QUGdiNGkxS0M4Mwp1MFJwcGYzamdDdEU1TEtRWmpCMHFjWS9kUk9WbER5QWs3T1B2Y0svMjdLOWtBa3J2R3ZqOVVxaWptTkZoVEJRCjNRTHFmVWxZVmZST0JCSlVWenM2YloxNFNVTTBkU2VaZXl4bjhlYkt4R0dSOUtEazdJM3I0N3JuL3RMRkRyRHQKNFV2REFyMzR6NTBPc3FOUEpNNFBGSE52dlEzVSszSEhGNC9NejNPUHh0SzZXaTNINnR0SlRudmcxNytaRm13QwpzV3BmbThKZEkrbndRZ3BxCi0tLS0tRU5EIENFUlRJRklDQVRFLS0tLS0K\n    server: https://wf-d319novz.hcp.westeurope.azmk8s.io:443\n  name: wf\ncontexts:\n- context:\n    cluster: wf\n    user: clusterUser_wf_wf\n  name: wf\ncurrent-context: wf\nkind: Config\npreferences: {}\nusers:\n- name: clusterUser_wf_wf\n  user:\n    client-certificate-data: LS0tLS1CRUdJTiBDRVJUSUZJQ0FURS0tLS0tCk1JSUZIakNDQXdhZ0F3SUJBZ0lSQUttaFJlSEFJaTlWZzhsRmdBY05YSTB3RFFZSktvWklodmNOQVFFTEJRQXcKRFRFTE1Ba0dBMVVFQXhNQ1kyRXdIaGNOTWpNd016RTFNVEl5TWpJeFdoY05NalV3TXpFMU1USXpNakl4V2pBdwpNUmN3RlFZRFZRUUtFdzV6ZVhOMFpXMDZiV0Z6ZEdWeWN6RVZNQk1HQTFVRUF4TU1iV0Z6ZEdWeVkyeHBaVzUwCk1JSUNJakFOQmdrcWhraUc5dzBCQVFFRkFBT0NBZzhBTUlJQ0NnS0NBZ0VBcXd5ekFoeldsQnJINnBqaUJoNDQKU0x3RkZvZ2lmVXlpc1FvUmRGNFpHcjA4bThZZ1Q3azVrN0VacFlNUnluSjQ0aFF1M1JjV3VKUkRWdHovaTRmWQo3WEFqeHMyaW91WTFvb1ZxYTZjUmIrT09BYnVJemlkeEtnUjlyTjBDcTJic3NFcUFSYk9NYndNb2xPcENIZDRDCkFZci80ZVpIczB0NjdkMGt5dkY2ODlBSDdldVNBdjlTb0RUZDFtdTFEU0dxM25meHEvaHZqMkVJbnU2UWE4NzAKZzlHL1BReURabFRLNldjV09JWEpsNUZFTHEvelptZ2grYjJ6SzFlT2g0MzQxdXpWcEkyekU0UDlLTEJRNTdVbwpqZnBiZTUxNVFrbGRpZWVJa0hlQmdSaTFwYVZHQUlnVWp6SVVDbys1MlJsOUFZRnU2bjNZWlpFVmdyNlk0R1I1Ckx6a1pYZGkxMGxjczIwTmpaTjVhN2Y3alNmMWhTdUlYbndaWDJrZWJuSHZpcEpFQk9QalNLQkJjcUEzQStrYmoKVnowbU1RVjBrMklxa0U4STZjMlRrc2gvOHJEQmpRMTBEL0ZHZXJxYVNVb0VhSVE2dzBmN1RHNTNGYlJ5Uko2eAp4cVRiNWRJb3V3SWVPWlBwUjJKOU95c0o0SldRYzJqWjU5dm5IRHRFMzRGU0hoUitIcjhwR0lHTGpkVk12VjdUCmhlRktvcGZkR2ZaVE8xMENpY2kzWFo5MENoWFFyNGg0OHd6bXplcmQxSXhQeDcvbEZEL0FpU3JjMlFzNUdET1UKNktpNHE5S1FGZFBlNEZ4QnIvT0NrYkVITHNQaklVc3NKcXUxUlU5cmgzb3VoaTJvZi9DUUQycFBFbWt4UzFDeApYSVVWNnJKT2d5SFoxMDNnWnNFbVRqc0NBd0VBQWFOV01GUXdEZ1lEVlIwUEFRSC9CQVFEQWdXZ01CTUdBMVVkCkpRUU1NQW9HQ0NzR0FRVUZCd01DTUF3R0ExVWRFd0VCL3dRQ01BQXdId1lEVlIwakJCZ3dGb0FVL2E2TzVWYUkKUXV1R0h3NzBKY0g2MjRmMEphY3dEUVlKS29aSWh2Y05BUUVMQlFBRGdnSUJBQzhyS1RFcjdKdSs5akkwelRWcQpYbzYvOEY4SVlKTkVSOEZwRlBjdHoza2tDZGh6TzFQaEFYK3FEUUtUZGs4cHNiazNuREZoN1h1UXd2NkdFY1ExCkE1eWE3Y0R5RVVvby93Ym9OZ3N6elF0QUhCRi9aeVJzQ1R6ajZKTVIyVkgydHZaRzE1QWdGdDF5VkNFd2tyZ0kKOXBxcVplb3pTNFNRQzU1L3VhaVJOVXoraXpXT3ZOYW1aZENvR2ZWQ09LUFRTaHZXTVgvc09Ha29adE5ISWpWawp4a2Yzd3BWOEJpY1ZVVEhpcS9mV2tmRWtZemhjR1lkOVdyNEUrOGpQTlhQV3h0aVh5UWN1dGNZbUNaQXptY2h6CjA2cmpDaXBmNER5L0hod3N1OGpKek1GandHdEY0TjlwTUtKSUpMeHRneXBFMlQwMjJDaGF2c1JXd2VKY2NHbmsKYVRrc2E3YXErZEZYejUrZ3RJVWZOeE9BNWxVTHd3Qms5N0pZYzRHYUNzQzRYTnoyVWFTbTNmeFYzTlRPOW1hbwo5R0dmOVZoV0ZUcjZoNnFkUmVOZld1Z0g1V0hndHJEd3p1czdyeWN0RG5IeXV1S0t0T2dEeTlhQnBBdXRFSFZmCmlOb091dnRmOG5hYkRzSzRBMnJ3VzJXVmcrR0FkdW11M2R4QXpaS3dZZjNWRGg3OG55UnVZR085enBDS3BKYmYKaHFoODFReXdwM1FrbElmblhWbi96UStzQWV2KzMzUXRKb1VoenhDaGtUNm9rOVFTckFEL0lnaHBUblRTR0ptbAp4dEVNZHBCa1dhamZGdHVHMWl5eWpTTHlzUmtiUkJLZnhHUURnOUplVU5oMEZud1lTTUwwZS9IbkVMYXpLZ1JqClFWOUF6TFhlQVg4ZmlnZFI4WjEweWd3ZQotLS0tLUVORCBDRVJUSUZJQ0FURS0tLS0tCg==\n    client-key-data: LS0tLS1CRUdJTiBSU0EgUFJJVkFURSBLRVktLS0tLQpNSUlKS1FJQkFBS0NBZ0VBcXd5ekFoeldsQnJINnBqaUJoNDRTTHdGRm9naWZVeWlzUW9SZEY0WkdyMDhtOFlnClQ3azVrN0VacFlNUnluSjQ0aFF1M1JjV3VKUkRWdHovaTRmWTdYQWp4czJpb3VZMW9vVnFhNmNSYitPT0FidUkKemlkeEtnUjlyTjBDcTJic3NFcUFSYk9NYndNb2xPcENIZDRDQVlyLzRlWkhzMHQ2N2Qwa3l2RjY4OUFIN2V1UwpBdjlTb0RUZDFtdTFEU0dxM25meHEvaHZqMkVJbnU2UWE4NzBnOUcvUFF5RFpsVEs2V2NXT0lYSmw1RkVMcS96ClptZ2grYjJ6SzFlT2g0MzQxdXpWcEkyekU0UDlLTEJRNTdVb2pmcGJlNTE1UWtsZGllZUlrSGVCZ1JpMXBhVkcKQUlnVWp6SVVDbys1MlJsOUFZRnU2bjNZWlpFVmdyNlk0R1I1THprWlhkaTEwbGNzMjBOalpONWE3ZjdqU2YxaApTdUlYbndaWDJrZWJuSHZpcEpFQk9QalNLQkJjcUEzQStrYmpWejBtTVFWMGsySXFrRThJNmMyVGtzaC84ckRCCmpRMTBEL0ZHZXJxYVNVb0VhSVE2dzBmN1RHNTNGYlJ5Uko2eHhxVGI1ZElvdXdJZU9aUHBSMko5T3lzSjRKV1EKYzJqWjU5dm5IRHRFMzRGU0hoUitIcjhwR0lHTGpkVk12VjdUaGVGS29wZmRHZlpUTzEwQ2ljaTNYWjkwQ2hYUQpyNGg0OHd6bXplcmQxSXhQeDcvbEZEL0FpU3JjMlFzNUdET1U2S2k0cTlLUUZkUGU0RnhCci9PQ2tiRUhMc1BqCklVc3NKcXUxUlU5cmgzb3VoaTJvZi9DUUQycFBFbWt4UzFDeFhJVVY2ckpPZ3lIWjEwM2dac0VtVGpzQ0F3RUEKQVFLQ0FnQXJkcjJoNHN3UHRFSnFkVkN4dDBvY0NWTE5wK2dEcU02S2FBR0piVU81eks0eTh3UlEzY01vcVU3WQpCTmNuZHpFS1daQ1M4NFA5Z1FjZmNtYXBBT3I1WW81a3ZPbi90TG1hUTRhSU5scXk4TUtyNUFoZVFoMTZUTXZXCmVnNXNtV201WGlUOEVTUzFMTHRLSThDTE1GZVlKc2Jna3hCVEdmSHhzVWpoSEwxZWFOVXErcm9PY3V4Kzh4QVAKcFN6TFdtdTl2Z0sxN1JvRDkrY2w0MzdsTmlCaHdwRnlwTlJhMDE4QU1nYXVkQ2lHa0E0Z1F1dDVjU3A0K0dBbgp1a2JvWVFZREx3a1dtRDhSelc4dHdLZStTUVUyRnBEYWQyaFJsS3psRnVWWHVGWTdCSmxicndSN3JCaDFUb2RUCks3UlEyeTR0ak1NdmFLenRHaEc2T0U1R2JxRndHUkMwcEw0WFlKbGIxSE82dU0vbzhTTmxBd05RS1o3NSs4T3gKOWpiMytvd1JCY2ZDZVNKL0t2U205c2FtbUJVTVVHdEJZWnM1YmhPdUZYREdIdmFUNDlPUGRxc0FPSGxtY2F0NwpCcW10OUZVTFo3ZURGaTdoNjlBeUsreTFCc0pMeE9ibzV6SUN0eUJHZXN3SGxKck5RUS9VSjR0d2pEbE9BRExpCkhubmozdlFKWm1MbHNHWXI4blRzdloxY1VHYWJDMVB4aGlCcHlYUmplVklNd29peTF2V25uL0QrdExCaU9PRGsKb2Y1RmhLSTU5dVNJbG9Da2JVTG05cHV6ZDJiWlRNaDVLWS9GSVVxVXpERmZheVgxckhEbDRMb2dZYUJYcWorawpuTzZqRDZRc1A0MkVtMEUwVWJ0clYreExPS2dzSjZOdW9pUlNJS1FpTHNBVWVmRGpLUUtDQVFFQTE0TTBaSHJiCitCdzVrSTVGMExyOGpMOGx4QlV5dWJhWmpyazhLVml0anh2T2dITXJobm8vb0RZWnJFeExCdlo0UGdZRnA4Z3AKN205N2RVb2tjTzZVNlMrczhhelBzZVkvei8razh2NllMWEtjOEtLUGlnUDQveHdOTGZjLzRhSlppRnRKb29aRQp0QmJ2VHhLNVo4ZUtwYWNRQnNDV09zTnQ1ZmhRRmlHa0JNczlpR1pVdTdoQ3c3UFlpaTYzMG5RZXh4ck13Ym1OCnE0VlFqRGVuVGpNUDZNNWtWYVBtSVB2Wklvdk01V2ViTWlSdTFGeGhuRGdLaHFrcGJiVXl6V0FtK2k5VkszZ2IKNG90SGRRbzI3bHREZE1xWHZDTS9VcDVCZjBZMmgvbDJLR0dINTBtN1FONzU1bjJ4R2ZZZ2ZhUXA1ZEs2NjlibQpZY2IxRzZydmVFeUtqUUtDQVFFQXl5OGJ3L2pidkVIOGljZHYzOEl5ZExRRzJ4cXpFWWg5S1kvOHRRMXJGTjRsCnpnS2VmU0tyQUpCS1NmRVBBb0I1QmQyUUhyNTlVd0ExcDJNQTA4R09aanRrV1ltdVNRRkxGRG44L2pkWWFWY2YKUE9qaGJTc05taGJ5d1g5eVVwbWFPaFdPNnZ0Yy85ZnkxQko4a1ZyNlc1WXIxYXVvK3RaNkQzL05abXpJOHBNVAoyci8rdUxkM2U0TUVlQ3crRDh0WG8zTDBVYnhPa3I3V2UydWVrWjFpeTJob3pmUmoyNURiUE1BNWlHUktyYmt1CllkbHBkdkwzYVB0SHk5YUp2d1l1b2hLaHp4QS9xQkN0MER0bUVyVFVHL0lISmdDMUVrTHpBK1E2MSsvQkVmeEgKOWNLRXlTNnpQU04vMlg5M0xsQUtiUGc1d2pXd3dDbDMrU1JHb1VTdDV3S0NBUUJBVEZ2NFVwT0liZHRhM3FmRAp3OVlQcEFQL2daZVZ3djREa0E1OEE0SWN2VjRhQXNLTXA3S04rVFlscXNtRHRVdGdyZWxJQ3JjLzlURHZhSVNBCjBSM0tpTGZmandDVWdpNnR2d2NXbkpFSWxqWnVzUUdFV3ZVU0grdHF1R2J0eWNOT3BIWE9zS0tVM0hiZnI2VnoKYWh4YW1nSjFFVWFCRjhlVklrVzZwS1RMN1Z0WmM3WjZIMXFFQ3dkakN0YzdTZnZZeVkwbmkxWFNRNzhwWm4xYgpIbTd6dFloSDZOT0RLY0M1eHQ0RjM2aDFDRnVzcmpkTkpZYzJjQWYxUEdlQTBOd3dMcWtKaEJkRnV1cEI2QjlGCmRDTW5HRDYzR2drTmZEdnNYaVZzNGllM21vbXludFBvWWQ1TFAxcjBkUE55cU9UN05ha2hMZ2VrU25qY25WNC8KRlE4TkFvSUJBUUN4aVFnSnhIaTdsaXpEZHJBYUkrVlNjN3RKMTVwL3gzTVZ6ZXBSaU5mMzgrTzBqalZOd2UwSgpJUXJJY1FsY2RrVkpDci9USFQ4RU56cXFkNmRSWDk2OUZVZ3B0RlBGRm93enNEZVBLV3puSG1qOUg3OVpWRFVlClhzN2VwQzJRWHdhVG1pSzJ6OHdEQVAzOHIrcUlWNlpLUUgwc3hrRndhOWRiazZBMXp2Z0dmTnpzVnJhTFVFUG0KZUNSL25LamR4QjlmZ2lKWkNPRGUrRUVRdG9oblU4M3ZUZHZGbWJWbk5MdGI2ZHBiZ3NaOTVVRFIzdFo0U1BSRgpsc3ExSVZCYXlWd1Y0WkhoQzZHVGlIOVhZNDljNlFRdEp0MTRKMFlRSHMrWXB1T0Rxc3BZbk1lRHhlT2dwbDJYCkhsMm4vZWgxWHhxOC9HZjdlazVtbWRWcXJIZktrZWdoQW9JQkFRQ2FTMnN5ZW11TCsyNFR2S2FTamtDM1ZvSDMKL2FEMDdOejdiVjNTd2trbEZjR1IyS2doUk9UT2JNMjBiRGlUUy9JS3FXTGJHU2FSUWIyaDgxTktYNmJZTWMraQpENEcwaEJLOFFaOTY0S0diSWJ4MGVuWkNZOUorZVdmckxZMWNCaUQwUzZLVHplMVE5d1h0bVdBMzdBSjFhSnNBCmtKZ01vQ3l6WFkrWHRnUTNNdVlEcy9YRUdmT1l4Y1NsUmkyVzJsVkJMUXJuRXcxR2RXQTMzNUZUdFF5bzB2dXAKaSszbDlQV2xxdVF1UGJQcDdMc3lsMnJneDUzKzJNNy9hanMwQ3FKNm5KZkN0M2dublNVT05SUGFZZWs3SGNmUAp4clpKSDNtT3YvQUwyMWlxMUQyRTVYbUNvOUlCTzhVMjZBS251YnNtQ2lGM1JVVk0xTmNwQXNEUG9EVjAKLS0tLS1FTkQgUlNBIFBSSVZBVEUgS0VZLS0tLS0K\n    token: kczw0zplo9r7c2rr4pcgtvq7i99ikzegrib0yuguhfx6krpil14bip3s2k49mc8x8uwhwzqepa5ay0jcp82mqhno1ldk0w4upmzag7bduog8jmurzzr4tr01czjlfkvb\n",
      "type": "string",
      "sensitive": true
    }
  },
  "resources": [
    {
      "mode": "managed",
      "type": "azurerm_container_registry",
      "name": "acr",
      "provider": "provider[\"registry.terraform.io/hashicorp/azurerm\"]",
      "instances": [
        {
          "schema_version": 2,
          "attributes": {
            "admin_enabled": false,
            "admin_password": "",
            "admin_username": "",
            "anonymous_pull_enabled": false,
            "data_endpoint_enabled": false,
            "encryption": [
              {
                "enabled": false,
                "identity_client_id": "",
                "key_vault_key_id": ""
              }
            ],
            "export_policy_enabled": true,
            "georeplications": [],
            "id": "/subscriptions/613ad620-f6ee-4055-bd0a-68a93656bee3/resourceGroups/wf/providers/Microsoft.ContainerRegistry/registries/wfacr",
            "identity": [],
            "location": "westeurope",
            "login_server": "wfacr.azurecr.io",
            "name": "wfacr",
            "network_rule_bypass_option": "AzureServices",
            "network_rule_set": [
              {
                "default_action": "Allow",
                "ip_rule": [],
                "virtual_network": []
              }
            ],
            "public_network_access_enabled": true,
            "quarantine_policy_enabled": false,
            "resource_group_name": "wf",
            "retention_policy": [
              {
                "days": 10,
                "enabled": true
              }
            ],
            "sku": "Premium",
            "tags": null,
            "timeouts": null,
            "trust_policy": [
              {
                "enabled": false
              }
            ],
            "zone_redundancy_enabled": false
          },
          "sensitive_attributes": [],
          "private": "eyJlMmJmYjczMC1lY2FhLTExZTYtOGY4OC0zNDM2M2JjN2M0YzAiOnsiY3JlYXRlIjoxODAwMDAwMDAwMDAwLCJkZWxldGUiOjE4MDAwMDAwMDAwMDAsInJlYWQiOjMwMDAwMDAwMDAwMCwidXBkYXRlIjoxODAwMDAwMDAwMDAwfSwic2NoZW1hX3ZlcnNpb24iOiIyIn0=",
          "dependencies": [
            "azurerm_resource_group.rg"
          ]
        }
      ]
    },
    {
      "mode": "managed",
      "type": "azurerm_kubernetes_cluster",
      "name": "aks",
      "provider": "provider[\"registry.terraform.io/hashicorp/azurerm\"]",
      "instances": [
        {
          "schema_version": 2,
          "attributes": {
            "aci_connector_linux": [],
            "api_server_access_profile": [],
            "api_server_authorized_ip_ranges": [],
            "auto_scaler_profile": [
              {
                "balance_similar_node_groups": false,
                "empty_bulk_delete_max": "10",
                "expander": "random",
                "max_graceful_termination_sec": "600",
                "max_node_provisioning_time": "15m",
                "max_unready_nodes": 3,
                "max_unready_percentage": 45,
                "new_pod_scale_up_delay": "0s",
                "scale_down_delay_after_add": "10m",
                "scale_down_delay_after_delete": "10s",
                "scale_down_delay_after_failure": "3m",
                "scale_down_unneeded": "10m",
                "scale_down_unready": "20m",
                "scale_down_utilization_threshold": "0.5",
                "scan_interval": "10s",
                "skip_nodes_with_local_storage": false,
                "skip_nodes_with_system_pods": true
              }
            ],
            "automatic_channel_upgrade": "stable",
            "azure_active_directory_role_based_access_control": [],
            "azure_policy_enabled": false,
            "default_node_pool": [
              {
                "capacity_reservation_group_id": "",
                "custom_ca_trust_enabled": false,
                "enable_auto_scaling": true,
                "enable_host_encryption": false,
                "enable_node_public_ip": false,
                "fips_enabled": false,
                "host_group_id": "",
                "kubelet_config": [],
                "kubelet_disk_type": "OS",
                "linux_os_config": [],
                "max_count": 5,
                "max_pods": 30,
                "message_of_the_day": "",
                "min_count": 1,
                "name": "wfsys",
                "node_count": 1,
                "node_labels": {},
                "node_network_profile": [],
                "node_public_ip_prefix_id": "",
                "node_taints": [],
                "only_critical_addons_enabled": false,
                "orchestrator_version": "1.25.4",
                "os_disk_size_gb": 128,
                "os_disk_type": "Managed",
                "os_sku": "Ubuntu",
                "pod_subnet_id": "",
                "proximity_placement_group_id": "",
                "scale_down_mode": "Delete",
                "tags": {
                  "ManagedBy": "Terraform",
                  "env": "Production",
                  "last_version": "1.19.07",
                  "upgrade": "test",
                  "version": "1.25.4"
                },
                "type": "VirtualMachineScaleSets",
                "ultra_ssd_enabled": false,
                "upgrade_settings": [],
                "vm_size": "Standard_D2_v2",
                "vnet_subnet_id": "/subscriptions/613ad620-f6ee-4055-bd0a-68a93656bee3/resourceGroups/wf/providers/Microsoft.Network/virtualNetworks/wf-vnet/subnets/core",
                "workload_runtime": "",
                "zones": []
              }
            ],
            "disk_encryption_set_id": "",
            "dns_prefix": "wf",
            "dns_prefix_private_cluster": "",
            "edge_zone": "",
            "enable_pod_security_policy": false,
            "fqdn": "wf-d319novz.hcp.westeurope.azmk8s.io",
            "http_application_routing_enabled": true,
            "http_application_routing_zone_name": "8e5d3bb66b3a4f3994a1.westeurope.aksapp.io",
            "http_proxy_config": [],
            "id": "/subscriptions/613ad620-f6ee-4055-bd0a-68a93656bee3/resourceGroups/wf/providers/Microsoft.ContainerService/managedClusters/wf",
            "identity": [
              {
                "identity_ids": [],
                "principal_id": "c1a0686a-a212-4f0c-9e63-4641f386e28e",
                "tenant_id": "228162eb-4233-49b4-8c17-7fab3deb48ca",
                "type": "SystemAssigned"
              }
            ],
            "image_cleaner_enabled": false,
            "image_cleaner_interval_hours": 48,
            "ingress_application_gateway": [],
            "key_management_service": [],
            "key_vault_secrets_provider": [],
            "kube_admin_config": [],
            "kube_admin_config_raw": "",
            "kube_config": [
              {
                "client_certificate": "LS0tLS1CRUdJTiBDRVJUSUZJQ0FURS0tLS0tCk1JSUZIakNDQXdhZ0F3SUJBZ0lSQUttaFJlSEFJaTlWZzhsRmdBY05YSTB3RFFZSktvWklodmNOQVFFTEJRQXcKRFRFTE1Ba0dBMVVFQXhNQ1kyRXdIaGNOTWpNd016RTFNVEl5TWpJeFdoY05NalV3TXpFMU1USXpNakl4V2pBdwpNUmN3RlFZRFZRUUtFdzV6ZVhOMFpXMDZiV0Z6ZEdWeWN6RVZNQk1HQTFVRUF4TU1iV0Z6ZEdWeVkyeHBaVzUwCk1JSUNJakFOQmdrcWhraUc5dzBCQVFFRkFBT0NBZzhBTUlJQ0NnS0NBZ0VBcXd5ekFoeldsQnJINnBqaUJoNDQKU0x3RkZvZ2lmVXlpc1FvUmRGNFpHcjA4bThZZ1Q3azVrN0VacFlNUnluSjQ0aFF1M1JjV3VKUkRWdHovaTRmWQo3WEFqeHMyaW91WTFvb1ZxYTZjUmIrT09BYnVJemlkeEtnUjlyTjBDcTJic3NFcUFSYk9NYndNb2xPcENIZDRDCkFZci80ZVpIczB0NjdkMGt5dkY2ODlBSDdldVNBdjlTb0RUZDFtdTFEU0dxM25meHEvaHZqMkVJbnU2UWE4NzAKZzlHL1BReURabFRLNldjV09JWEpsNUZFTHEvelptZ2grYjJ6SzFlT2g0MzQxdXpWcEkyekU0UDlLTEJRNTdVbwpqZnBiZTUxNVFrbGRpZWVJa0hlQmdSaTFwYVZHQUlnVWp6SVVDbys1MlJsOUFZRnU2bjNZWlpFVmdyNlk0R1I1Ckx6a1pYZGkxMGxjczIwTmpaTjVhN2Y3alNmMWhTdUlYbndaWDJrZWJuSHZpcEpFQk9QalNLQkJjcUEzQStrYmoKVnowbU1RVjBrMklxa0U4STZjMlRrc2gvOHJEQmpRMTBEL0ZHZXJxYVNVb0VhSVE2dzBmN1RHNTNGYlJ5Uko2eAp4cVRiNWRJb3V3SWVPWlBwUjJKOU95c0o0SldRYzJqWjU5dm5IRHRFMzRGU0hoUitIcjhwR0lHTGpkVk12VjdUCmhlRktvcGZkR2ZaVE8xMENpY2kzWFo5MENoWFFyNGg0OHd6bXplcmQxSXhQeDcvbEZEL0FpU3JjMlFzNUdET1UKNktpNHE5S1FGZFBlNEZ4QnIvT0NrYkVITHNQaklVc3NKcXUxUlU5cmgzb3VoaTJvZi9DUUQycFBFbWt4UzFDeApYSVVWNnJKT2d5SFoxMDNnWnNFbVRqc0NBd0VBQWFOV01GUXdEZ1lEVlIwUEFRSC9CQVFEQWdXZ01CTUdBMVVkCkpRUU1NQW9HQ0NzR0FRVUZCd01DTUF3R0ExVWRFd0VCL3dRQ01BQXdId1lEVlIwakJCZ3dGb0FVL2E2TzVWYUkKUXV1R0h3NzBKY0g2MjRmMEphY3dEUVlKS29aSWh2Y05BUUVMQlFBRGdnSUJBQzhyS1RFcjdKdSs5akkwelRWcQpYbzYvOEY4SVlKTkVSOEZwRlBjdHoza2tDZGh6TzFQaEFYK3FEUUtUZGs4cHNiazNuREZoN1h1UXd2NkdFY1ExCkE1eWE3Y0R5RVVvby93Ym9OZ3N6elF0QUhCRi9aeVJzQ1R6ajZKTVIyVkgydHZaRzE1QWdGdDF5VkNFd2tyZ0kKOXBxcVplb3pTNFNRQzU1L3VhaVJOVXoraXpXT3ZOYW1aZENvR2ZWQ09LUFRTaHZXTVgvc09Ha29adE5ISWpWawp4a2Yzd3BWOEJpY1ZVVEhpcS9mV2tmRWtZemhjR1lkOVdyNEUrOGpQTlhQV3h0aVh5UWN1dGNZbUNaQXptY2h6CjA2cmpDaXBmNER5L0hod3N1OGpKek1GandHdEY0TjlwTUtKSUpMeHRneXBFMlQwMjJDaGF2c1JXd2VKY2NHbmsKYVRrc2E3YXErZEZYejUrZ3RJVWZOeE9BNWxVTHd3Qms5N0pZYzRHYUNzQzRYTnoyVWFTbTNmeFYzTlRPOW1hbwo5R0dmOVZoV0ZUcjZoNnFkUmVOZld1Z0g1V0hndHJEd3p1czdyeWN0RG5IeXV1S0t0T2dEeTlhQnBBdXRFSFZmCmlOb091dnRmOG5hYkRzSzRBMnJ3VzJXVmcrR0FkdW11M2R4QXpaS3dZZjNWRGg3OG55UnVZR085enBDS3BKYmYKaHFoODFReXdwM1FrbElmblhWbi96UStzQWV2KzMzUXRKb1VoenhDaGtUNm9rOVFTckFEL0lnaHBUblRTR0ptbAp4dEVNZHBCa1dhamZGdHVHMWl5eWpTTHlzUmtiUkJLZnhHUURnOUplVU5oMEZud1lTTUwwZS9IbkVMYXpLZ1JqClFWOUF6TFhlQVg4ZmlnZFI4WjEweWd3ZQotLS0tLUVORCBDRVJUSUZJQ0FURS0tLS0tCg==",
                "client_key": "LS0tLS1CRUdJTiBSU0EgUFJJVkFURSBLRVktLS0tLQpNSUlKS1FJQkFBS0NBZ0VBcXd5ekFoeldsQnJINnBqaUJoNDRTTHdGRm9naWZVeWlzUW9SZEY0WkdyMDhtOFlnClQ3azVrN0VacFlNUnluSjQ0aFF1M1JjV3VKUkRWdHovaTRmWTdYQWp4czJpb3VZMW9vVnFhNmNSYitPT0FidUkKemlkeEtnUjlyTjBDcTJic3NFcUFSYk9NYndNb2xPcENIZDRDQVlyLzRlWkhzMHQ2N2Qwa3l2RjY4OUFIN2V1UwpBdjlTb0RUZDFtdTFEU0dxM25meHEvaHZqMkVJbnU2UWE4NzBnOUcvUFF5RFpsVEs2V2NXT0lYSmw1RkVMcS96ClptZ2grYjJ6SzFlT2g0MzQxdXpWcEkyekU0UDlLTEJRNTdVb2pmcGJlNTE1UWtsZGllZUlrSGVCZ1JpMXBhVkcKQUlnVWp6SVVDbys1MlJsOUFZRnU2bjNZWlpFVmdyNlk0R1I1THprWlhkaTEwbGNzMjBOalpONWE3ZjdqU2YxaApTdUlYbndaWDJrZWJuSHZpcEpFQk9QalNLQkJjcUEzQStrYmpWejBtTVFWMGsySXFrRThJNmMyVGtzaC84ckRCCmpRMTBEL0ZHZXJxYVNVb0VhSVE2dzBmN1RHNTNGYlJ5Uko2eHhxVGI1ZElvdXdJZU9aUHBSMko5T3lzSjRKV1EKYzJqWjU5dm5IRHRFMzRGU0hoUitIcjhwR0lHTGpkVk12VjdUaGVGS29wZmRHZlpUTzEwQ2ljaTNYWjkwQ2hYUQpyNGg0OHd6bXplcmQxSXhQeDcvbEZEL0FpU3JjMlFzNUdET1U2S2k0cTlLUUZkUGU0RnhCci9PQ2tiRUhMc1BqCklVc3NKcXUxUlU5cmgzb3VoaTJvZi9DUUQycFBFbWt4UzFDeFhJVVY2ckpPZ3lIWjEwM2dac0VtVGpzQ0F3RUEKQVFLQ0FnQXJkcjJoNHN3UHRFSnFkVkN4dDBvY0NWTE5wK2dEcU02S2FBR0piVU81eks0eTh3UlEzY01vcVU3WQpCTmNuZHpFS1daQ1M4NFA5Z1FjZmNtYXBBT3I1WW81a3ZPbi90TG1hUTRhSU5scXk4TUtyNUFoZVFoMTZUTXZXCmVnNXNtV201WGlUOEVTUzFMTHRLSThDTE1GZVlKc2Jna3hCVEdmSHhzVWpoSEwxZWFOVXErcm9PY3V4Kzh4QVAKcFN6TFdtdTl2Z0sxN1JvRDkrY2w0MzdsTmlCaHdwRnlwTlJhMDE4QU1nYXVkQ2lHa0E0Z1F1dDVjU3A0K0dBbgp1a2JvWVFZREx3a1dtRDhSelc4dHdLZStTUVUyRnBEYWQyaFJsS3psRnVWWHVGWTdCSmxicndSN3JCaDFUb2RUCks3UlEyeTR0ak1NdmFLenRHaEc2T0U1R2JxRndHUkMwcEw0WFlKbGIxSE82dU0vbzhTTmxBd05RS1o3NSs4T3gKOWpiMytvd1JCY2ZDZVNKL0t2U205c2FtbUJVTVVHdEJZWnM1YmhPdUZYREdIdmFUNDlPUGRxc0FPSGxtY2F0NwpCcW10OUZVTFo3ZURGaTdoNjlBeUsreTFCc0pMeE9ibzV6SUN0eUJHZXN3SGxKck5RUS9VSjR0d2pEbE9BRExpCkhubmozdlFKWm1MbHNHWXI4blRzdloxY1VHYWJDMVB4aGlCcHlYUmplVklNd29peTF2V25uL0QrdExCaU9PRGsKb2Y1RmhLSTU5dVNJbG9Da2JVTG05cHV6ZDJiWlRNaDVLWS9GSVVxVXpERmZheVgxckhEbDRMb2dZYUJYcWorawpuTzZqRDZRc1A0MkVtMEUwVWJ0clYreExPS2dzSjZOdW9pUlNJS1FpTHNBVWVmRGpLUUtDQVFFQTE0TTBaSHJiCitCdzVrSTVGMExyOGpMOGx4QlV5dWJhWmpyazhLVml0anh2T2dITXJobm8vb0RZWnJFeExCdlo0UGdZRnA4Z3AKN205N2RVb2tjTzZVNlMrczhhelBzZVkvei8razh2NllMWEtjOEtLUGlnUDQveHdOTGZjLzRhSlppRnRKb29aRQp0QmJ2VHhLNVo4ZUtwYWNRQnNDV09zTnQ1ZmhRRmlHa0JNczlpR1pVdTdoQ3c3UFlpaTYzMG5RZXh4ck13Ym1OCnE0VlFqRGVuVGpNUDZNNWtWYVBtSVB2Wklvdk01V2ViTWlSdTFGeGhuRGdLaHFrcGJiVXl6V0FtK2k5VkszZ2IKNG90SGRRbzI3bHREZE1xWHZDTS9VcDVCZjBZMmgvbDJLR0dINTBtN1FONzU1bjJ4R2ZZZ2ZhUXA1ZEs2NjlibQpZY2IxRzZydmVFeUtqUUtDQVFFQXl5OGJ3L2pidkVIOGljZHYzOEl5ZExRRzJ4cXpFWWg5S1kvOHRRMXJGTjRsCnpnS2VmU0tyQUpCS1NmRVBBb0I1QmQyUUhyNTlVd0ExcDJNQTA4R09aanRrV1ltdVNRRkxGRG44L2pkWWFWY2YKUE9qaGJTc05taGJ5d1g5eVVwbWFPaFdPNnZ0Yy85ZnkxQko4a1ZyNlc1WXIxYXVvK3RaNkQzL05abXpJOHBNVAoyci8rdUxkM2U0TUVlQ3crRDh0WG8zTDBVYnhPa3I3V2UydWVrWjFpeTJob3pmUmoyNURiUE1BNWlHUktyYmt1CllkbHBkdkwzYVB0SHk5YUp2d1l1b2hLaHp4QS9xQkN0MER0bUVyVFVHL0lISmdDMUVrTHpBK1E2MSsvQkVmeEgKOWNLRXlTNnpQU04vMlg5M0xsQUtiUGc1d2pXd3dDbDMrU1JHb1VTdDV3S0NBUUJBVEZ2NFVwT0liZHRhM3FmRAp3OVlQcEFQL2daZVZ3djREa0E1OEE0SWN2VjRhQXNLTXA3S04rVFlscXNtRHRVdGdyZWxJQ3JjLzlURHZhSVNBCjBSM0tpTGZmandDVWdpNnR2d2NXbkpFSWxqWnVzUUdFV3ZVU0grdHF1R2J0eWNOT3BIWE9zS0tVM0hiZnI2VnoKYWh4YW1nSjFFVWFCRjhlVklrVzZwS1RMN1Z0WmM3WjZIMXFFQ3dkakN0YzdTZnZZeVkwbmkxWFNRNzhwWm4xYgpIbTd6dFloSDZOT0RLY0M1eHQ0RjM2aDFDRnVzcmpkTkpZYzJjQWYxUEdlQTBOd3dMcWtKaEJkRnV1cEI2QjlGCmRDTW5HRDYzR2drTmZEdnNYaVZzNGllM21vbXludFBvWWQ1TFAxcjBkUE55cU9UN05ha2hMZ2VrU25qY25WNC8KRlE4TkFvSUJBUUN4aVFnSnhIaTdsaXpEZHJBYUkrVlNjN3RKMTVwL3gzTVZ6ZXBSaU5mMzgrTzBqalZOd2UwSgpJUXJJY1FsY2RrVkpDci9USFQ4RU56cXFkNmRSWDk2OUZVZ3B0RlBGRm93enNEZVBLV3puSG1qOUg3OVpWRFVlClhzN2VwQzJRWHdhVG1pSzJ6OHdEQVAzOHIrcUlWNlpLUUgwc3hrRndhOWRiazZBMXp2Z0dmTnpzVnJhTFVFUG0KZUNSL25LamR4QjlmZ2lKWkNPRGUrRUVRdG9oblU4M3ZUZHZGbWJWbk5MdGI2ZHBiZ3NaOTVVRFIzdFo0U1BSRgpsc3ExSVZCYXlWd1Y0WkhoQzZHVGlIOVhZNDljNlFRdEp0MTRKMFlRSHMrWXB1T0Rxc3BZbk1lRHhlT2dwbDJYCkhsMm4vZWgxWHhxOC9HZjdlazVtbWRWcXJIZktrZWdoQW9JQkFRQ2FTMnN5ZW11TCsyNFR2S2FTamtDM1ZvSDMKL2FEMDdOejdiVjNTd2trbEZjR1IyS2doUk9UT2JNMjBiRGlUUy9JS3FXTGJHU2FSUWIyaDgxTktYNmJZTWMraQpENEcwaEJLOFFaOTY0S0diSWJ4MGVuWkNZOUorZVdmckxZMWNCaUQwUzZLVHplMVE5d1h0bVdBMzdBSjFhSnNBCmtKZ01vQ3l6WFkrWHRnUTNNdVlEcy9YRUdmT1l4Y1NsUmkyVzJsVkJMUXJuRXcxR2RXQTMzNUZUdFF5bzB2dXAKaSszbDlQV2xxdVF1UGJQcDdMc3lsMnJneDUzKzJNNy9hanMwQ3FKNm5KZkN0M2dublNVT05SUGFZZWs3SGNmUAp4clpKSDNtT3YvQUwyMWlxMUQyRTVYbUNvOUlCTzhVMjZBS251YnNtQ2lGM1JVVk0xTmNwQXNEUG9EVjAKLS0tLS1FTkQgUlNBIFBSSVZBVEUgS0VZLS0tLS0K",
                "cluster_ca_certificate": "LS0tLS1CRUdJTiBDRVJUSUZJQ0FURS0tLS0tCk1JSUU2RENDQXRDZ0F3SUJBZ0lRQXkvMDgrMEdOZmhFcWMyVFRzU3NRakFOQmdrcWhraUc5dzBCQVFzRkFEQU4KTVFzd0NRWURWUVFERXdKallUQWdGdzB5TXpBek1UVXhNakl5TWpGYUdBOHlNRFV6TURNeE5URXlNekl5TVZvdwpEVEVMTUFrR0ExVUVBeE1DWTJFd2dnSWlNQTBHQ1NxR1NJYjNEUUVCQVFVQUE0SUNEd0F3Z2dJS0FvSUNBUURBCnhsKzYzQjRDcnVXNHlaYWdNcllxNnpJTUJ5QXR4ME41YWVpbmE5Q2JaNHJzQnF5STF2ZWpZdWRML1N6b3lKcE8KaUFIYlN2eDBMMHpUU09ZV3pvS0YvdzlnMUFtTXVoUmEzUFpBMll2MWJsSnpzdU13ZWMrUWxmRk12U1htVE0zUwo4QTBVaHR1WE4yTXZsa2Y3dmNxb0YwQ05PR2hOaFlmK0dDUzV5K294cTh5bXMwRW1MVlozQW9rVEdFMXJZZFVECkdTelZ3Q0oyMklrc2dHOXNrL1hZWkpkQWhWaFdRUS9ybFA1bjYzdlg1cGhmbU9QdG9SbUZENFc2VzE1SGQycVIKVVdSY2FjK0Z6RFZSS1JldnMrOVJ0bkFoQVJTNFpQeFI5L0lPMHQvTGdhZGZtNDJXb3dyZzRXVVFuQUtYazVueQozd1M3cis5UlJaaThMeGsvOXlOelFzRFFwTXJoWEJkWGlRbzJzdnQwN3RRT0ptSkRFZlc1UHhNdUd0RGVMMmpZCm55NDJvWlJaVHp2VUs1K2c5TlJ2VmpGdmQxbGtiNzJSa01HbFhRSEptbHgxVkhNWHBoanB5RXEvMHNvVS9xc3YKcXFlM0MwMVRSY01va1RFSWJ2Q1NjOTFXRUdCQ2hqVEZYazRxQTFYK0xMTFJYQkJrWlJyL3FJTm1qWGpmdXhRNApsU1MwNjZ3RWIzZGNzbW9iUHJjV3V3M1oraDZEUWFjUFE1NlhlaHBSeCtJZkZJSW82aCtCRkc4cnBra2s4aWVyCm11dXRMOEM5bDZBVWlLd0h0WkhLbVFmbGJZcUFiVnFSU2M4bTF4VVdScnBaazNzaWovOW1MNDRkZUZKa2g3UDYKTndJeDZVSE5EWlRkMkJySW5rVWtsZ0Vta2JOK0J0aXVZR0hCclhoTW1RSURBUUFCbzBJd1FEQU9CZ05WSFE4QgpBZjhFQkFNQ0FxUXdEd1lEVlIwVEFRSC9CQVV3QXdFQi96QWRCZ05WSFE0RUZnUVUvYTZPNVZhSVF1dUdIdzcwCkpjSDYyNGYwSmFjd0RRWUpLb1pJaHZjTkFRRUxCUUFEZ2dJQkFDalEza1V5bmN0UkE3ZEtrOURFcjh4TXBMK2QKcUhiNGhJY0UxSTBVTTcwODNudDR6QzBLRGh4c1dYeGMrcXFrRjZpWnV6a0NwVm03RkdtZm5VT2pTOWFoWC92cQoydmZ0OFJNNXFXeVZRV3h3aEkwS0JKcWVwZjJrbUhUTWtOMWhFalRIamd6RHBtVnljV1VEMlo0MFA3czA2SUc2CjFaVHdFYWlldWxKaW5IMWhrQTBYQ3BpWG00c3BHQ0J4bzZnNHIwVUhrK1BMTW1aTGxxQzk1TytRSG9pK2NTVHcKZytLbGZ5RXJ5a1UyZzhMTWx0RlNjeko0K2NCSzF6M2d4TVRwQlorYkw1VHRONWFXZDNBWEtLZWNKVU1yd21uVQpBaGV3dzFIUTUyS01yOURweEZwZWpFOGhxWVFDM3VGaU92YkNSUjEyd0FmdHJyWFBwL3BsZklpemJJcUxBVFpzCnhiYWdoNjhvUEdlYlRsODRBZHY0aEVCamlJQUg2cGp1SWsyZ3l4NzE5UmVUaWs3MVVTOHFVTnhNN25GajRnZXYKQ1NOc24xRkRENkNjaW5RNmVIZzlvbnJYQXNCdjVGQ21vVGdKejBRMnlJMW5tTVlCa1FaM01QUGdiNGkxS0M4Mwp1MFJwcGYzamdDdEU1TEtRWmpCMHFjWS9kUk9WbER5QWs3T1B2Y0svMjdLOWtBa3J2R3ZqOVVxaWptTkZoVEJRCjNRTHFmVWxZVmZST0JCSlVWenM2YloxNFNVTTBkU2VaZXl4bjhlYkt4R0dSOUtEazdJM3I0N3JuL3RMRkRyRHQKNFV2REFyMzR6NTBPc3FOUEpNNFBGSE52dlEzVSszSEhGNC9NejNPUHh0SzZXaTNINnR0SlRudmcxNytaRm13QwpzV3BmbThKZEkrbndRZ3BxCi0tLS0tRU5EIENFUlRJRklDQVRFLS0tLS0K",
                "host": "https://wf-d319novz.hcp.westeurope.azmk8s.io:443",
                "password": "kczw0zplo9r7c2rr4pcgtvq7i99ikzegrib0yuguhfx6krpil14bip3s2k49mc8x8uwhwzqepa5ay0jcp82mqhno1ldk0w4upmzag7bduog8jmurzzr4tr01czjlfkvb",
                "username": "clusterUser_wf_wf"
              }
            ],
            "kube_config_raw": "apiVersion: v1\nclusters:\n- cluster:\n    certificate-authority-data: LS0tLS1CRUdJTiBDRVJUSUZJQ0FURS0tLS0tCk1JSUU2RENDQXRDZ0F3SUJBZ0lRQXkvMDgrMEdOZmhFcWMyVFRzU3NRakFOQmdrcWhraUc5dzBCQVFzRkFEQU4KTVFzd0NRWURWUVFERXdKallUQWdGdzB5TXpBek1UVXhNakl5TWpGYUdBOHlNRFV6TURNeE5URXlNekl5TVZvdwpEVEVMTUFrR0ExVUVBeE1DWTJFd2dnSWlNQTBHQ1NxR1NJYjNEUUVCQVFVQUE0SUNEd0F3Z2dJS0FvSUNBUURBCnhsKzYzQjRDcnVXNHlaYWdNcllxNnpJTUJ5QXR4ME41YWVpbmE5Q2JaNHJzQnF5STF2ZWpZdWRML1N6b3lKcE8KaUFIYlN2eDBMMHpUU09ZV3pvS0YvdzlnMUFtTXVoUmEzUFpBMll2MWJsSnpzdU13ZWMrUWxmRk12U1htVE0zUwo4QTBVaHR1WE4yTXZsa2Y3dmNxb0YwQ05PR2hOaFlmK0dDUzV5K294cTh5bXMwRW1MVlozQW9rVEdFMXJZZFVECkdTelZ3Q0oyMklrc2dHOXNrL1hZWkpkQWhWaFdRUS9ybFA1bjYzdlg1cGhmbU9QdG9SbUZENFc2VzE1SGQycVIKVVdSY2FjK0Z6RFZSS1JldnMrOVJ0bkFoQVJTNFpQeFI5L0lPMHQvTGdhZGZtNDJXb3dyZzRXVVFuQUtYazVueQozd1M3cis5UlJaaThMeGsvOXlOelFzRFFwTXJoWEJkWGlRbzJzdnQwN3RRT0ptSkRFZlc1UHhNdUd0RGVMMmpZCm55NDJvWlJaVHp2VUs1K2c5TlJ2VmpGdmQxbGtiNzJSa01HbFhRSEptbHgxVkhNWHBoanB5RXEvMHNvVS9xc3YKcXFlM0MwMVRSY01va1RFSWJ2Q1NjOTFXRUdCQ2hqVEZYazRxQTFYK0xMTFJYQkJrWlJyL3FJTm1qWGpmdXhRNApsU1MwNjZ3RWIzZGNzbW9iUHJjV3V3M1oraDZEUWFjUFE1NlhlaHBSeCtJZkZJSW82aCtCRkc4cnBra2s4aWVyCm11dXRMOEM5bDZBVWlLd0h0WkhLbVFmbGJZcUFiVnFSU2M4bTF4VVdScnBaazNzaWovOW1MNDRkZUZKa2g3UDYKTndJeDZVSE5EWlRkMkJySW5rVWtsZ0Vta2JOK0J0aXVZR0hCclhoTW1RSURBUUFCbzBJd1FEQU9CZ05WSFE4QgpBZjhFQkFNQ0FxUXdEd1lEVlIwVEFRSC9CQVV3QXdFQi96QWRCZ05WSFE0RUZnUVUvYTZPNVZhSVF1dUdIdzcwCkpjSDYyNGYwSmFjd0RRWUpLb1pJaHZjTkFRRUxCUUFEZ2dJQkFDalEza1V5bmN0UkE3ZEtrOURFcjh4TXBMK2QKcUhiNGhJY0UxSTBVTTcwODNudDR6QzBLRGh4c1dYeGMrcXFrRjZpWnV6a0NwVm03RkdtZm5VT2pTOWFoWC92cQoydmZ0OFJNNXFXeVZRV3h3aEkwS0JKcWVwZjJrbUhUTWtOMWhFalRIamd6RHBtVnljV1VEMlo0MFA3czA2SUc2CjFaVHdFYWlldWxKaW5IMWhrQTBYQ3BpWG00c3BHQ0J4bzZnNHIwVUhrK1BMTW1aTGxxQzk1TytRSG9pK2NTVHcKZytLbGZ5RXJ5a1UyZzhMTWx0RlNjeko0K2NCSzF6M2d4TVRwQlorYkw1VHRONWFXZDNBWEtLZWNKVU1yd21uVQpBaGV3dzFIUTUyS01yOURweEZwZWpFOGhxWVFDM3VGaU92YkNSUjEyd0FmdHJyWFBwL3BsZklpemJJcUxBVFpzCnhiYWdoNjhvUEdlYlRsODRBZHY0aEVCamlJQUg2cGp1SWsyZ3l4NzE5UmVUaWs3MVVTOHFVTnhNN25GajRnZXYKQ1NOc24xRkRENkNjaW5RNmVIZzlvbnJYQXNCdjVGQ21vVGdKejBRMnlJMW5tTVlCa1FaM01QUGdiNGkxS0M4Mwp1MFJwcGYzamdDdEU1TEtRWmpCMHFjWS9kUk9WbER5QWs3T1B2Y0svMjdLOWtBa3J2R3ZqOVVxaWptTkZoVEJRCjNRTHFmVWxZVmZST0JCSlVWenM2YloxNFNVTTBkU2VaZXl4bjhlYkt4R0dSOUtEazdJM3I0N3JuL3RMRkRyRHQKNFV2REFyMzR6NTBPc3FOUEpNNFBGSE52dlEzVSszSEhGNC9NejNPUHh0SzZXaTNINnR0SlRudmcxNytaRm13QwpzV3BmbThKZEkrbndRZ3BxCi0tLS0tRU5EIENFUlRJRklDQVRFLS0tLS0K\n    server: https://wf-d319novz.hcp.westeurope.azmk8s.io:443\n  name: wf\ncontexts:\n- context:\n    cluster: wf\n    user: clusterUser_wf_wf\n  name: wf\ncurrent-context: wf\nkind: Config\npreferences: {}\nusers:\n- name: clusterUser_wf_wf\n  user:\n    client-certificate-data: LS0tLS1CRUdJTiBDRVJUSUZJQ0FURS0tLS0tCk1JSUZIakNDQXdhZ0F3SUJBZ0lSQUttaFJlSEFJaTlWZzhsRmdBY05YSTB3RFFZSktvWklodmNOQVFFTEJRQXcKRFRFTE1Ba0dBMVVFQXhNQ1kyRXdIaGNOTWpNd016RTFNVEl5TWpJeFdoY05NalV3TXpFMU1USXpNakl4V2pBdwpNUmN3RlFZRFZRUUtFdzV6ZVhOMFpXMDZiV0Z6ZEdWeWN6RVZNQk1HQTFVRUF4TU1iV0Z6ZEdWeVkyeHBaVzUwCk1JSUNJakFOQmdrcWhraUc5dzBCQVFFRkFBT0NBZzhBTUlJQ0NnS0NBZ0VBcXd5ekFoeldsQnJINnBqaUJoNDQKU0x3RkZvZ2lmVXlpc1FvUmRGNFpHcjA4bThZZ1Q3azVrN0VacFlNUnluSjQ0aFF1M1JjV3VKUkRWdHovaTRmWQo3WEFqeHMyaW91WTFvb1ZxYTZjUmIrT09BYnVJemlkeEtnUjlyTjBDcTJic3NFcUFSYk9NYndNb2xPcENIZDRDCkFZci80ZVpIczB0NjdkMGt5dkY2ODlBSDdldVNBdjlTb0RUZDFtdTFEU0dxM25meHEvaHZqMkVJbnU2UWE4NzAKZzlHL1BReURabFRLNldjV09JWEpsNUZFTHEvelptZ2grYjJ6SzFlT2g0MzQxdXpWcEkyekU0UDlLTEJRNTdVbwpqZnBiZTUxNVFrbGRpZWVJa0hlQmdSaTFwYVZHQUlnVWp6SVVDbys1MlJsOUFZRnU2bjNZWlpFVmdyNlk0R1I1Ckx6a1pYZGkxMGxjczIwTmpaTjVhN2Y3alNmMWhTdUlYbndaWDJrZWJuSHZpcEpFQk9QalNLQkJjcUEzQStrYmoKVnowbU1RVjBrMklxa0U4STZjMlRrc2gvOHJEQmpRMTBEL0ZHZXJxYVNVb0VhSVE2dzBmN1RHNTNGYlJ5Uko2eAp4cVRiNWRJb3V3SWVPWlBwUjJKOU95c0o0SldRYzJqWjU5dm5IRHRFMzRGU0hoUitIcjhwR0lHTGpkVk12VjdUCmhlRktvcGZkR2ZaVE8xMENpY2kzWFo5MENoWFFyNGg0OHd6bXplcmQxSXhQeDcvbEZEL0FpU3JjMlFzNUdET1UKNktpNHE5S1FGZFBlNEZ4QnIvT0NrYkVITHNQaklVc3NKcXUxUlU5cmgzb3VoaTJvZi9DUUQycFBFbWt4UzFDeApYSVVWNnJKT2d5SFoxMDNnWnNFbVRqc0NBd0VBQWFOV01GUXdEZ1lEVlIwUEFRSC9CQVFEQWdXZ01CTUdBMVVkCkpRUU1NQW9HQ0NzR0FRVUZCd01DTUF3R0ExVWRFd0VCL3dRQ01BQXdId1lEVlIwakJCZ3dGb0FVL2E2TzVWYUkKUXV1R0h3NzBKY0g2MjRmMEphY3dEUVlKS29aSWh2Y05BUUVMQlFBRGdnSUJBQzhyS1RFcjdKdSs5akkwelRWcQpYbzYvOEY4SVlKTkVSOEZwRlBjdHoza2tDZGh6TzFQaEFYK3FEUUtUZGs4cHNiazNuREZoN1h1UXd2NkdFY1ExCkE1eWE3Y0R5RVVvby93Ym9OZ3N6elF0QUhCRi9aeVJzQ1R6ajZKTVIyVkgydHZaRzE1QWdGdDF5VkNFd2tyZ0kKOXBxcVplb3pTNFNRQzU1L3VhaVJOVXoraXpXT3ZOYW1aZENvR2ZWQ09LUFRTaHZXTVgvc09Ha29adE5ISWpWawp4a2Yzd3BWOEJpY1ZVVEhpcS9mV2tmRWtZemhjR1lkOVdyNEUrOGpQTlhQV3h0aVh5UWN1dGNZbUNaQXptY2h6CjA2cmpDaXBmNER5L0hod3N1OGpKek1GandHdEY0TjlwTUtKSUpMeHRneXBFMlQwMjJDaGF2c1JXd2VKY2NHbmsKYVRrc2E3YXErZEZYejUrZ3RJVWZOeE9BNWxVTHd3Qms5N0pZYzRHYUNzQzRYTnoyVWFTbTNmeFYzTlRPOW1hbwo5R0dmOVZoV0ZUcjZoNnFkUmVOZld1Z0g1V0hndHJEd3p1czdyeWN0RG5IeXV1S0t0T2dEeTlhQnBBdXRFSFZmCmlOb091dnRmOG5hYkRzSzRBMnJ3VzJXVmcrR0FkdW11M2R4QXpaS3dZZjNWRGg3OG55UnVZR085enBDS3BKYmYKaHFoODFReXdwM1FrbElmblhWbi96UStzQWV2KzMzUXRKb1VoenhDaGtUNm9rOVFTckFEL0lnaHBUblRTR0ptbAp4dEVNZHBCa1dhamZGdHVHMWl5eWpTTHlzUmtiUkJLZnhHUURnOUplVU5oMEZud1lTTUwwZS9IbkVMYXpLZ1JqClFWOUF6TFhlQVg4ZmlnZFI4WjEweWd3ZQotLS0tLUVORCBDRVJUSUZJQ0FURS0tLS0tCg==\n    client-key-data: LS0tLS1CRUdJTiBSU0EgUFJJVkFURSBLRVktLS0tLQpNSUlKS1FJQkFBS0NBZ0VBcXd5ekFoeldsQnJINnBqaUJoNDRTTHdGRm9naWZVeWlzUW9SZEY0WkdyMDhtOFlnClQ3azVrN0VacFlNUnluSjQ0aFF1M1JjV3VKUkRWdHovaTRmWTdYQWp4czJpb3VZMW9vVnFhNmNSYitPT0FidUkKemlkeEtnUjlyTjBDcTJic3NFcUFSYk9NYndNb2xPcENIZDRDQVlyLzRlWkhzMHQ2N2Qwa3l2RjY4OUFIN2V1UwpBdjlTb0RUZDFtdTFEU0dxM25meHEvaHZqMkVJbnU2UWE4NzBnOUcvUFF5RFpsVEs2V2NXT0lYSmw1RkVMcS96ClptZ2grYjJ6SzFlT2g0MzQxdXpWcEkyekU0UDlLTEJRNTdVb2pmcGJlNTE1UWtsZGllZUlrSGVCZ1JpMXBhVkcKQUlnVWp6SVVDbys1MlJsOUFZRnU2bjNZWlpFVmdyNlk0R1I1THprWlhkaTEwbGNzMjBOalpONWE3ZjdqU2YxaApTdUlYbndaWDJrZWJuSHZpcEpFQk9QalNLQkJjcUEzQStrYmpWejBtTVFWMGsySXFrRThJNmMyVGtzaC84ckRCCmpRMTBEL0ZHZXJxYVNVb0VhSVE2dzBmN1RHNTNGYlJ5Uko2eHhxVGI1ZElvdXdJZU9aUHBSMko5T3lzSjRKV1EKYzJqWjU5dm5IRHRFMzRGU0hoUitIcjhwR0lHTGpkVk12VjdUaGVGS29wZmRHZlpUTzEwQ2ljaTNYWjkwQ2hYUQpyNGg0OHd6bXplcmQxSXhQeDcvbEZEL0FpU3JjMlFzNUdET1U2S2k0cTlLUUZkUGU0RnhCci9PQ2tiRUhMc1BqCklVc3NKcXUxUlU5cmgzb3VoaTJvZi9DUUQycFBFbWt4UzFDeFhJVVY2ckpPZ3lIWjEwM2dac0VtVGpzQ0F3RUEKQVFLQ0FnQXJkcjJoNHN3UHRFSnFkVkN4dDBvY0NWTE5wK2dEcU02S2FBR0piVU81eks0eTh3UlEzY01vcVU3WQpCTmNuZHpFS1daQ1M4NFA5Z1FjZmNtYXBBT3I1WW81a3ZPbi90TG1hUTRhSU5scXk4TUtyNUFoZVFoMTZUTXZXCmVnNXNtV201WGlUOEVTUzFMTHRLSThDTE1GZVlKc2Jna3hCVEdmSHhzVWpoSEwxZWFOVXErcm9PY3V4Kzh4QVAKcFN6TFdtdTl2Z0sxN1JvRDkrY2w0MzdsTmlCaHdwRnlwTlJhMDE4QU1nYXVkQ2lHa0E0Z1F1dDVjU3A0K0dBbgp1a2JvWVFZREx3a1dtRDhSelc4dHdLZStTUVUyRnBEYWQyaFJsS3psRnVWWHVGWTdCSmxicndSN3JCaDFUb2RUCks3UlEyeTR0ak1NdmFLenRHaEc2T0U1R2JxRndHUkMwcEw0WFlKbGIxSE82dU0vbzhTTmxBd05RS1o3NSs4T3gKOWpiMytvd1JCY2ZDZVNKL0t2U205c2FtbUJVTVVHdEJZWnM1YmhPdUZYREdIdmFUNDlPUGRxc0FPSGxtY2F0NwpCcW10OUZVTFo3ZURGaTdoNjlBeUsreTFCc0pMeE9ibzV6SUN0eUJHZXN3SGxKck5RUS9VSjR0d2pEbE9BRExpCkhubmozdlFKWm1MbHNHWXI4blRzdloxY1VHYWJDMVB4aGlCcHlYUmplVklNd29peTF2V25uL0QrdExCaU9PRGsKb2Y1RmhLSTU5dVNJbG9Da2JVTG05cHV6ZDJiWlRNaDVLWS9GSVVxVXpERmZheVgxckhEbDRMb2dZYUJYcWorawpuTzZqRDZRc1A0MkVtMEUwVWJ0clYreExPS2dzSjZOdW9pUlNJS1FpTHNBVWVmRGpLUUtDQVFFQTE0TTBaSHJiCitCdzVrSTVGMExyOGpMOGx4QlV5dWJhWmpyazhLVml0anh2T2dITXJobm8vb0RZWnJFeExCdlo0UGdZRnA4Z3AKN205N2RVb2tjTzZVNlMrczhhelBzZVkvei8razh2NllMWEtjOEtLUGlnUDQveHdOTGZjLzRhSlppRnRKb29aRQp0QmJ2VHhLNVo4ZUtwYWNRQnNDV09zTnQ1ZmhRRmlHa0JNczlpR1pVdTdoQ3c3UFlpaTYzMG5RZXh4ck13Ym1OCnE0VlFqRGVuVGpNUDZNNWtWYVBtSVB2Wklvdk01V2ViTWlSdTFGeGhuRGdLaHFrcGJiVXl6V0FtK2k5VkszZ2IKNG90SGRRbzI3bHREZE1xWHZDTS9VcDVCZjBZMmgvbDJLR0dINTBtN1FONzU1bjJ4R2ZZZ2ZhUXA1ZEs2NjlibQpZY2IxRzZydmVFeUtqUUtDQVFFQXl5OGJ3L2pidkVIOGljZHYzOEl5ZExRRzJ4cXpFWWg5S1kvOHRRMXJGTjRsCnpnS2VmU0tyQUpCS1NmRVBBb0I1QmQyUUhyNTlVd0ExcDJNQTA4R09aanRrV1ltdVNRRkxGRG44L2pkWWFWY2YKUE9qaGJTc05taGJ5d1g5eVVwbWFPaFdPNnZ0Yy85ZnkxQko4a1ZyNlc1WXIxYXVvK3RaNkQzL05abXpJOHBNVAoyci8rdUxkM2U0TUVlQ3crRDh0WG8zTDBVYnhPa3I3V2UydWVrWjFpeTJob3pmUmoyNURiUE1BNWlHUktyYmt1CllkbHBkdkwzYVB0SHk5YUp2d1l1b2hLaHp4QS9xQkN0MER0bUVyVFVHL0lISmdDMUVrTHpBK1E2MSsvQkVmeEgKOWNLRXlTNnpQU04vMlg5M0xsQUtiUGc1d2pXd3dDbDMrU1JHb1VTdDV3S0NBUUJBVEZ2NFVwT0liZHRhM3FmRAp3OVlQcEFQL2daZVZ3djREa0E1OEE0SWN2VjRhQXNLTXA3S04rVFlscXNtRHRVdGdyZWxJQ3JjLzlURHZhSVNBCjBSM0tpTGZmandDVWdpNnR2d2NXbkpFSWxqWnVzUUdFV3ZVU0grdHF1R2J0eWNOT3BIWE9zS0tVM0hiZnI2VnoKYWh4YW1nSjFFVWFCRjhlVklrVzZwS1RMN1Z0WmM3WjZIMXFFQ3dkakN0YzdTZnZZeVkwbmkxWFNRNzhwWm4xYgpIbTd6dFloSDZOT0RLY0M1eHQ0RjM2aDFDRnVzcmpkTkpZYzJjQWYxUEdlQTBOd3dMcWtKaEJkRnV1cEI2QjlGCmRDTW5HRDYzR2drTmZEdnNYaVZzNGllM21vbXludFBvWWQ1TFAxcjBkUE55cU9UN05ha2hMZ2VrU25qY25WNC8KRlE4TkFvSUJBUUN4aVFnSnhIaTdsaXpEZHJBYUkrVlNjN3RKMTVwL3gzTVZ6ZXBSaU5mMzgrTzBqalZOd2UwSgpJUXJJY1FsY2RrVkpDci9USFQ4RU56cXFkNmRSWDk2OUZVZ3B0RlBGRm93enNEZVBLV3puSG1qOUg3OVpWRFVlClhzN2VwQzJRWHdhVG1pSzJ6OHdEQVAzOHIrcUlWNlpLUUgwc3hrRndhOWRiazZBMXp2Z0dmTnpzVnJhTFVFUG0KZUNSL25LamR4QjlmZ2lKWkNPRGUrRUVRdG9oblU4M3ZUZHZGbWJWbk5MdGI2ZHBiZ3NaOTVVRFIzdFo0U1BSRgpsc3ExSVZCYXlWd1Y0WkhoQzZHVGlIOVhZNDljNlFRdEp0MTRKMFlRSHMrWXB1T0Rxc3BZbk1lRHhlT2dwbDJYCkhsMm4vZWgxWHhxOC9HZjdlazVtbWRWcXJIZktrZWdoQW9JQkFRQ2FTMnN5ZW11TCsyNFR2S2FTamtDM1ZvSDMKL2FEMDdOejdiVjNTd2trbEZjR1IyS2doUk9UT2JNMjBiRGlUUy9JS3FXTGJHU2FSUWIyaDgxTktYNmJZTWMraQpENEcwaEJLOFFaOTY0S0diSWJ4MGVuWkNZOUorZVdmckxZMWNCaUQwUzZLVHplMVE5d1h0bVdBMzdBSjFhSnNBCmtKZ01vQ3l6WFkrWHRnUTNNdVlEcy9YRUdmT1l4Y1NsUmkyVzJsVkJMUXJuRXcxR2RXQTMzNUZUdFF5bzB2dXAKaSszbDlQV2xxdVF1UGJQcDdMc3lsMnJneDUzKzJNNy9hanMwQ3FKNm5KZkN0M2dublNVT05SUGFZZWs3SGNmUAp4clpKSDNtT3YvQUwyMWlxMUQyRTVYbUNvOUlCTzhVMjZBS251YnNtQ2lGM1JVVk0xTmNwQXNEUG9EVjAKLS0tLS1FTkQgUlNBIFBSSVZBVEUgS0VZLS0tLS0K\n    token: kczw0zplo9r7c2rr4pcgtvq7i99ikzegrib0yuguhfx6krpil14bip3s2k49mc8x8uwhwzqepa5ay0jcp82mqhno1ldk0w4upmzag7bduog8jmurzzr4tr01czjlfkvb\n",
            "kubelet_identity": [
              {
                "client_id": "70e0ced0-60b0-4414-a713-8e24430e1eed",
                "object_id": "abab24db-af79-4cf6-8933-94851d8da8bd",
                "user_assigned_identity_id": "/subscriptions/613ad620-f6ee-4055-bd0a-68a93656bee3/resourceGroups/nodes-rs-wf/providers/Microsoft.ManagedIdentity/userAssignedIdentities/wf-agentpool"
              }
            ],
            "kubernetes_version": "1.25.4",
            "linux_profile": [],
            "local_account_disabled": false,
            "location": "westeurope",
            "maintenance_window": [],
            "microsoft_defender": [],
            "monitor_metrics": [],
            "name": "wf",
            "network_profile": [
              {
                "dns_service_ip": "10.0.0.10",
                "docker_bridge_cidr": "172.17.0.1/16",
                "ebpf_data_plane": "cilium",
                "ip_versions": [
                  "IPv4"
                ],
                "load_balancer_profile": [
                  {
                    "effective_outbound_ips": [
                      "/subscriptions/613ad620-f6ee-4055-bd0a-68a93656bee3/resourceGroups/nodes-rs-wf/providers/Microsoft.Network/publicIPAddresses/06dc44d2-9ade-49c9-a0f8-3a0fa99c1850"
                    ],
                    "idle_timeout_in_minutes": 0,
                    "managed_outbound_ip_count": 1,
                    "managed_outbound_ipv6_count": 0,
                    "outbound_ip_address_ids": [],
                    "outbound_ip_prefix_ids": [],
                    "outbound_ports_allocated": 0
                  }
                ],
                "load_balancer_sku": "standard",
                "nat_gateway_profile": [],
                "network_mode": "",
                "network_plugin": "azure",
                "network_plugin_mode": "Overlay",
                "network_policy": "cilium",
                "outbound_type": "loadBalancer",
                "pod_cidr": "192.168.0.0/16",
                "pod_cidrs": [
                  "192.168.0.0/16"
                ],
                "service_cidr": "10.0.0.0/16",
                "service_cidrs": [
                  "10.0.0.0/16"
                ]
              }
            ],
            "node_resource_group": "nodes-rs-wf",
            "oidc_issuer_enabled": false,
            "oidc_issuer_url": "",
            "oms_agent": [],
            "open_service_mesh_enabled": false,
            "portal_fqdn": "wf-d319novz.portal.hcp.westeurope.azmk8s.io",
            "private_cluster_enabled": false,
            "private_cluster_public_fqdn_enabled": false,
            "private_dns_zone_id": null,
            "private_fqdn": "",
            "public_network_access_enabled": true,
            "resource_group_name": "wf",
            "role_based_access_control_enabled": true,
            "run_command_enabled": true,
            "service_principal": [],
            "sku_tier": "Paid",
            "storage_profile": [
              {
                "blob_driver_enabled": true,
                "disk_driver_enabled": true,
                "disk_driver_version": "v1",
                "file_driver_enabled": true,
                "snapshot_controller_enabled": true
              }
            ],
            "tags": {
              "ManagedBy": "Terraform",
              "env": "Production",
              "last_version": "1.19.07",
              "upgrade": "test",
              "version": "1.25.4"
            },
            "timeouts": null,
            "web_app_routing": [],
            "windows_profile": [
              {
                "admin_password": "",
                "admin_username": "azureuser",
                "gmsa": [],
                "license": ""
              }
            ],
            "workload_autoscaler_profile": [],
            "workload_identity_enabled": false
          },
          "sensitive_attributes": [],
          "private": "eyJlMmJmYjczMC1lY2FhLTExZTYtOGY4OC0zNDM2M2JjN2M0YzAiOnsiY3JlYXRlIjo1NDAwMDAwMDAwMDAwLCJkZWxldGUiOjU0MDAwMDAwMDAwMDAsInJlYWQiOjMwMDAwMDAwMDAwMCwidXBkYXRlIjo1NDAwMDAwMDAwMDAwfSwic2NoZW1hX3ZlcnNpb24iOiIyIn0=",
          "dependencies": [
            "azurerm_resource_group.rg",
            "azurerm_subnet.subnet_address_core",
            "azurerm_virtual_network.vnet"
          ]
        }
      ]
    },
    {
      "mode": "managed",
      "type": "azurerm_kubernetes_cluster_node_pool",
      "name": "analyzer",
      "provider": "provider[\"registry.terraform.io/hashicorp/azurerm\"]",
      "instances": [
        {
          "schema_version": 1,
          "attributes": {
            "capacity_reservation_group_id": "",
            "custom_ca_trust_enabled": false,
            "enable_auto_scaling": true,
            "enable_host_encryption": false,
            "enable_node_public_ip": false,
            "eviction_policy": "",
            "fips_enabled": false,
            "host_group_id": "",
            "id": "/subscriptions/613ad620-f6ee-4055-bd0a-68a93656bee3/resourceGroups/wf/providers/Microsoft.ContainerService/managedClusters/wf/agentPools/wfanalyzer",
            "kubelet_config": [],
            "kubelet_disk_type": "OS",
            "kubernetes_cluster_id": "/subscriptions/613ad620-f6ee-4055-bd0a-68a93656bee3/resourceGroups/wf/providers/Microsoft.ContainerService/managedClusters/wf",
            "linux_os_config": [],
            "max_count": 1,
            "max_pods": 250,
            "message_of_the_day": "",
            "min_count": 1,
            "mode": "User",
            "name": "wfanalyzer",
            "node_count": 1,
            "node_labels": {},
            "node_network_profile": [],
            "node_public_ip_prefix_id": "",
            "node_taints": [],
            "orchestrator_version": "1.25.4",
            "os_disk_size_gb": 128,
            "os_disk_type": "Managed",
            "os_sku": "Ubuntu",
            "os_type": "Linux",
            "pod_subnet_id": "",
            "priority": "Regular",
            "proximity_placement_group_id": "",
            "scale_down_mode": "Delete",
            "spot_max_price": -1,
            "tags": {
              "ManagedBy": "Terraform",
              "env": "Production",
              "last_version": "1.19.07",
              "nodes": "node example",
              "upgrade": "test",
              "version": "1.25.4"
            },
            "timeouts": null,
            "ultra_ssd_enabled": false,
            "upgrade_settings": [],
            "vm_size": "Standard_D2_v2",
            "vnet_subnet_id": "/subscriptions/613ad620-f6ee-4055-bd0a-68a93656bee3/resourceGroups/wf/providers/Microsoft.Network/virtualNetworks/wf-vnet/subnets/core",
            "windows_profile": [],
            "workload_runtime": null,
            "zones": []
          },
          "sensitive_attributes": [],
          "private": "eyJlMmJmYjczMC1lY2FhLTExZTYtOGY4OC0zNDM2M2JjN2M0YzAiOnsiY3JlYXRlIjozNjAwMDAwMDAwMDAwLCJkZWxldGUiOjM2MDAwMDAwMDAwMDAsInJlYWQiOjMwMDAwMDAwMDAwMCwidXBkYXRlIjozNjAwMDAwMDAwMDAwfSwic2NoZW1hX3ZlcnNpb24iOiIxIn0=",
          "dependencies": [
            "azurerm_kubernetes_cluster.aks",
            "azurerm_resource_group.rg",
            "azurerm_subnet.subnet_address_core",
            "azurerm_virtual_network.vnet"
          ]
        }
      ]
    },
    {
      "mode": "managed",
      "type": "azurerm_kubernetes_cluster_node_pool",
      "name": "clickhouse",
      "provider": "provider[\"registry.terraform.io/hashicorp/azurerm\"]",
      "instances": [
        {
          "schema_version": 1,
          "attributes": {
            "capacity_reservation_group_id": "",
            "custom_ca_trust_enabled": false,
            "enable_auto_scaling": true,
            "enable_host_encryption": false,
            "enable_node_public_ip": false,
            "eviction_policy": "",
            "fips_enabled": false,
            "host_group_id": "",
            "id": "/subscriptions/613ad620-f6ee-4055-bd0a-68a93656bee3/resourceGroups/wf/providers/Microsoft.ContainerService/managedClusters/wf/agentPools/wfclickhouse",
            "kubelet_config": [],
            "kubelet_disk_type": "OS",
            "kubernetes_cluster_id": "/subscriptions/613ad620-f6ee-4055-bd0a-68a93656bee3/resourceGroups/wf/providers/Microsoft.ContainerService/managedClusters/wf",
            "linux_os_config": [],
            "max_count": 1,
            "max_pods": 250,
            "message_of_the_day": "",
            "min_count": 1,
            "mode": "User",
            "name": "wfclickhouse",
            "node_count": 1,
            "node_labels": {},
            "node_network_profile": [],
            "node_public_ip_prefix_id": "",
            "node_taints": [],
            "orchestrator_version": "1.25.4",
            "os_disk_size_gb": 128,
            "os_disk_type": "Managed",
            "os_sku": "Ubuntu",
            "os_type": "Linux",
            "pod_subnet_id": "",
            "priority": "Regular",
            "proximity_placement_group_id": "",
            "scale_down_mode": "Delete",
            "spot_max_price": -1,
            "tags": {
              "ManagedBy": "Terraform",
              "env": "Production",
              "last_version": "1.19.07",
              "upgrade": "test",
              "version": "1.25.4"
            },
            "timeouts": null,
            "ultra_ssd_enabled": false,
            "upgrade_settings": [],
            "vm_size": "Standard_D2_v2",
            "vnet_subnet_id": "/subscriptions/613ad620-f6ee-4055-bd0a-68a93656bee3/resourceGroups/wf/providers/Microsoft.Network/virtualNetworks/wf-vnet/subnets/core",
            "windows_profile": [],
            "workload_runtime": null,
            "zones": []
          },
          "sensitive_attributes": [],
          "private": "eyJlMmJmYjczMC1lY2FhLTExZTYtOGY4OC0zNDM2M2JjN2M0YzAiOnsiY3JlYXRlIjozNjAwMDAwMDAwMDAwLCJkZWxldGUiOjM2MDAwMDAwMDAwMDAsInJlYWQiOjMwMDAwMDAwMDAwMCwidXBkYXRlIjozNjAwMDAwMDAwMDAwfSwic2NoZW1hX3ZlcnNpb24iOiIxIn0=",
          "dependencies": [
            "azurerm_kubernetes_cluster.aks",
            "azurerm_resource_group.rg",
            "azurerm_subnet.subnet_address_core",
            "azurerm_virtual_network.vnet"
          ]
        }
      ]
    },
    {
      "mode": "managed",
      "type": "azurerm_kubernetes_cluster_node_pool",
      "name": "cs",
      "provider": "provider[\"registry.terraform.io/hashicorp/azurerm\"]",
      "instances": [
        {
          "schema_version": 1,
          "attributes": {
            "capacity_reservation_group_id": "",
            "custom_ca_trust_enabled": false,
            "enable_auto_scaling": true,
            "enable_host_encryption": false,
            "enable_node_public_ip": false,
            "eviction_policy": "",
            "fips_enabled": false,
            "host_group_id": "",
            "id": "/subscriptions/613ad620-f6ee-4055-bd0a-68a93656bee3/resourceGroups/wf/providers/Microsoft.ContainerService/managedClusters/wf/agentPools/wfcs",
            "kubelet_config": [],
            "kubelet_disk_type": "OS",
            "kubernetes_cluster_id": "/subscriptions/613ad620-f6ee-4055-bd0a-68a93656bee3/resourceGroups/wf/providers/Microsoft.ContainerService/managedClusters/wf",
            "linux_os_config": [],
            "max_count": 1,
            "max_pods": 250,
            "message_of_the_day": "",
            "min_count": 1,
            "mode": "User",
            "name": "wfcs",
            "node_count": 1,
            "node_labels": {},
            "node_network_profile": [],
            "node_public_ip_prefix_id": "",
            "node_taints": [],
            "orchestrator_version": "1.25.4",
            "os_disk_size_gb": 128,
            "os_disk_type": "Managed",
            "os_sku": "Ubuntu",
            "os_type": "Linux",
            "pod_subnet_id": "",
            "priority": "Regular",
            "proximity_placement_group_id": "",
            "scale_down_mode": "Delete",
            "spot_max_price": -1,
            "tags": {
              "ManagedBy": "Terraform",
              "env": "Production",
              "last_version": "1.19.07",
              "upgrade": "test",
              "version": "1.25.4"
            },
            "timeouts": null,
            "ultra_ssd_enabled": false,
            "upgrade_settings": [],
            "vm_size": "Standard_D2_v2",
            "vnet_subnet_id": "/subscriptions/613ad620-f6ee-4055-bd0a-68a93656bee3/resourceGroups/wf/providers/Microsoft.Network/virtualNetworks/wf-vnet/subnets/core",
            "windows_profile": [],
            "workload_runtime": null,
            "zones": []
          },
          "sensitive_attributes": [],
          "private": "eyJlMmJmYjczMC1lY2FhLTExZTYtOGY4OC0zNDM2M2JjN2M0YzAiOnsiY3JlYXRlIjozNjAwMDAwMDAwMDAwLCJkZWxldGUiOjM2MDAwMDAwMDAwMDAsInJlYWQiOjMwMDAwMDAwMDAwMCwidXBkYXRlIjozNjAwMDAwMDAwMDAwfSwic2NoZW1hX3ZlcnNpb24iOiIxIn0=",
          "dependencies": [
            "azurerm_kubernetes_cluster.aks",
            "azurerm_resource_group.rg",
            "azurerm_subnet.subnet_address_core",
            "azurerm_virtual_network.vnet"
          ]
        }
      ]
    },
    {
      "mode": "managed",
      "type": "azurerm_kubernetes_cluster_node_pool",
      "name": "ec",
      "provider": "provider[\"registry.terraform.io/hashicorp/azurerm\"]",
      "instances": [
        {
          "schema_version": 1,
          "attributes": {
            "capacity_reservation_group_id": "",
            "custom_ca_trust_enabled": false,
            "enable_auto_scaling": true,
            "enable_host_encryption": false,
            "enable_node_public_ip": false,
            "eviction_policy": "",
            "fips_enabled": false,
            "host_group_id": "",
            "id": "/subscriptions/613ad620-f6ee-4055-bd0a-68a93656bee3/resourceGroups/wf/providers/Microsoft.ContainerService/managedClusters/wf/agentPools/wfec",
            "kubelet_config": [],
            "kubelet_disk_type": "OS",
            "kubernetes_cluster_id": "/subscriptions/613ad620-f6ee-4055-bd0a-68a93656bee3/resourceGroups/wf/providers/Microsoft.ContainerService/managedClusters/wf",
            "linux_os_config": [],
            "max_count": 1,
            "max_pods": 250,
            "message_of_the_day": "",
            "min_count": 1,
            "mode": "User",
            "name": "wfec",
            "node_count": 1,
            "node_labels": {},
            "node_network_profile": [],
            "node_public_ip_prefix_id": "",
            "node_taints": [],
            "orchestrator_version": "1.25.4",
            "os_disk_size_gb": 128,
            "os_disk_type": "Managed",
            "os_sku": "Ubuntu",
            "os_type": "Linux",
            "pod_subnet_id": "",
            "priority": "Regular",
            "proximity_placement_group_id": "",
            "scale_down_mode": "Delete",
            "spot_max_price": -1,
            "tags": {
              "ManagedBy": "Terraform",
              "env": "Production",
              "last_version": "1.19.07",
              "upgrade": "test",
              "version": "1.25.4"
            },
            "timeouts": null,
            "ultra_ssd_enabled": false,
            "upgrade_settings": [],
            "vm_size": "Standard_D2_v2",
            "vnet_subnet_id": "/subscriptions/613ad620-f6ee-4055-bd0a-68a93656bee3/resourceGroups/wf/providers/Microsoft.Network/virtualNetworks/wf-vnet/subnets/core",
            "windows_profile": [],
            "workload_runtime": null,
            "zones": []
          },
          "sensitive_attributes": [],
          "private": "eyJlMmJmYjczMC1lY2FhLTExZTYtOGY4OC0zNDM2M2JjN2M0YzAiOnsiY3JlYXRlIjozNjAwMDAwMDAwMDAwLCJkZWxldGUiOjM2MDAwMDAwMDAwMDAsInJlYWQiOjMwMDAwMDAwMDAwMCwidXBkYXRlIjozNjAwMDAwMDAwMDAwfSwic2NoZW1hX3ZlcnNpb24iOiIxIn0=",
          "dependencies": [
            "azurerm_kubernetes_cluster.aks",
            "azurerm_resource_group.rg",
            "azurerm_subnet.subnet_address_core",
            "azurerm_virtual_network.vnet"
          ]
        }
      ]
    },
    {
      "mode": "managed",
      "type": "azurerm_kubernetes_cluster_node_pool",
      "name": "kafka",
      "provider": "provider[\"registry.terraform.io/hashicorp/azurerm\"]",
      "instances": [
        {
          "schema_version": 1,
          "attributes": {
            "capacity_reservation_group_id": "",
            "custom_ca_trust_enabled": false,
            "enable_auto_scaling": true,
            "enable_host_encryption": false,
            "enable_node_public_ip": false,
            "eviction_policy": "",
            "fips_enabled": false,
            "host_group_id": "",
            "id": "/subscriptions/613ad620-f6ee-4055-bd0a-68a93656bee3/resourceGroups/wf/providers/Microsoft.ContainerService/managedClusters/wf/agentPools/wfkafka",
            "kubelet_config": [],
            "kubelet_disk_type": "OS",
            "kubernetes_cluster_id": "/subscriptions/613ad620-f6ee-4055-bd0a-68a93656bee3/resourceGroups/wf/providers/Microsoft.ContainerService/managedClusters/wf",
            "linux_os_config": [],
            "max_count": 1,
            "max_pods": 250,
            "message_of_the_day": "",
            "min_count": 1,
            "mode": "User",
            "name": "wfkafka",
            "node_count": 1,
            "node_labels": {},
            "node_network_profile": [],
            "node_public_ip_prefix_id": "",
            "node_taints": [],
            "orchestrator_version": "1.25.4",
            "os_disk_size_gb": 128,
            "os_disk_type": "Managed",
            "os_sku": "Ubuntu",
            "os_type": "Linux",
            "pod_subnet_id": "",
            "priority": "Regular",
            "proximity_placement_group_id": "",
            "scale_down_mode": "Delete",
            "spot_max_price": -1,
            "tags": {
              "ManagedBy": "Terraform",
              "env": "Production",
              "last_version": "1.19.07",
              "upgrade": "test",
              "version": "1.25.4"
            },
            "timeouts": null,
            "ultra_ssd_enabled": false,
            "upgrade_settings": [],
            "vm_size": "Standard_D2_v2",
            "vnet_subnet_id": "/subscriptions/613ad620-f6ee-4055-bd0a-68a93656bee3/resourceGroups/wf/providers/Microsoft.Network/virtualNetworks/wf-vnet/subnets/core",
            "windows_profile": [],
            "workload_runtime": null,
            "zones": []
          },
          "sensitive_attributes": [],
          "private": "eyJlMmJmYjczMC1lY2FhLTExZTYtOGY4OC0zNDM2M2JjN2M0YzAiOnsiY3JlYXRlIjozNjAwMDAwMDAwMDAwLCJkZWxldGUiOjM2MDAwMDAwMDAwMDAsInJlYWQiOjMwMDAwMDAwMDAwMCwidXBkYXRlIjozNjAwMDAwMDAwMDAwfSwic2NoZW1hX3ZlcnNpb24iOiIxIn0=",
          "dependencies": [
            "azurerm_kubernetes_cluster.aks",
            "azurerm_resource_group.rg",
            "azurerm_subnet.subnet_address_core",
            "azurerm_virtual_network.vnet"
          ]
        }
      ]
    },
    {
      "mode": "managed",
      "type": "azurerm_kubernetes_cluster_node_pool",
      "name": "management",
      "provider": "provider[\"registry.terraform.io/hashicorp/azurerm\"]",
      "instances": [
        {
          "schema_version": 1,
          "attributes": {
            "capacity_reservation_group_id": "",
            "custom_ca_trust_enabled": false,
            "enable_auto_scaling": true,
            "enable_host_encryption": false,
            "enable_node_public_ip": false,
            "eviction_policy": "",
            "fips_enabled": false,
            "host_group_id": "",
            "id": "/subscriptions/613ad620-f6ee-4055-bd0a-68a93656bee3/resourceGroups/wf/providers/Microsoft.ContainerService/managedClusters/wf/agentPools/wfmanagement",
            "kubelet_config": [],
            "kubelet_disk_type": "OS",
            "kubernetes_cluster_id": "/subscriptions/613ad620-f6ee-4055-bd0a-68a93656bee3/resourceGroups/wf/providers/Microsoft.ContainerService/managedClusters/wf",
            "linux_os_config": [],
            "max_count": 1,
            "max_pods": 250,
            "message_of_the_day": "",
            "min_count": 1,
            "mode": "User",
            "name": "wfmanagement",
            "node_count": 1,
            "node_labels": {},
            "node_network_profile": [],
            "node_public_ip_prefix_id": "",
            "node_taints": [],
            "orchestrator_version": "1.25.4",
            "os_disk_size_gb": 128,
            "os_disk_type": "Managed",
            "os_sku": "Ubuntu",
            "os_type": "Linux",
            "pod_subnet_id": "",
            "priority": "Regular",
            "proximity_placement_group_id": "",
            "scale_down_mode": "Delete",
            "spot_max_price": -1,
            "tags": {
              "ManagedBy": "Terraform",
              "env": "Production",
              "last_version": "1.19.07",
              "upgrade": "test",
              "version": "1.25.4"
            },
            "timeouts": null,
            "ultra_ssd_enabled": false,
            "upgrade_settings": [],
            "vm_size": "Standard_D2_v2",
            "vnet_subnet_id": "/subscriptions/613ad620-f6ee-4055-bd0a-68a93656bee3/resourceGroups/wf/providers/Microsoft.Network/virtualNetworks/wf-vnet/subnets/core",
            "windows_profile": [],
            "workload_runtime": null,
            "zones": []
          },
          "sensitive_attributes": [],
          "private": "eyJlMmJmYjczMC1lY2FhLTExZTYtOGY4OC0zNDM2M2JjN2M0YzAiOnsiY3JlYXRlIjozNjAwMDAwMDAwMDAwLCJkZWxldGUiOjM2MDAwMDAwMDAwMDAsInJlYWQiOjMwMDAwMDAwMDAwMCwidXBkYXRlIjozNjAwMDAwMDAwMDAwfSwic2NoZW1hX3ZlcnNpb24iOiIxIn0=",
          "dependencies": [
            "azurerm_kubernetes_cluster.aks",
            "azurerm_resource_group.rg",
            "azurerm_subnet.subnet_address_core",
            "azurerm_virtual_network.vnet"
          ]
        }
      ]
    },
    {
      "mode": "managed",
      "type": "azurerm_kubernetes_cluster_node_pool",
      "name": "pg",
      "provider": "provider[\"registry.terraform.io/hashicorp/azurerm\"]",
      "instances": [
        {
          "schema_version": 1,
          "attributes": {
            "capacity_reservation_group_id": "",
            "custom_ca_trust_enabled": false,
            "enable_auto_scaling": true,
            "enable_host_encryption": false,
            "enable_node_public_ip": false,
            "eviction_policy": "",
            "fips_enabled": false,
            "host_group_id": "",
            "id": "/subscriptions/613ad620-f6ee-4055-bd0a-68a93656bee3/resourceGroups/wf/providers/Microsoft.ContainerService/managedClusters/wf/agentPools/wfpg",
            "kubelet_config": [],
            "kubelet_disk_type": "OS",
            "kubernetes_cluster_id": "/subscriptions/613ad620-f6ee-4055-bd0a-68a93656bee3/resourceGroups/wf/providers/Microsoft.ContainerService/managedClusters/wf",
            "linux_os_config": [],
            "max_count": 1,
            "max_pods": 250,
            "message_of_the_day": "",
            "min_count": 1,
            "mode": "User",
            "name": "wfpg",
            "node_count": 1,
            "node_labels": {},
            "node_network_profile": [],
            "node_public_ip_prefix_id": "",
            "node_taints": [],
            "orchestrator_version": "1.25.4",
            "os_disk_size_gb": 128,
            "os_disk_type": "Managed",
            "os_sku": "Ubuntu",
            "os_type": "Linux",
            "pod_subnet_id": "",
            "priority": "Regular",
            "proximity_placement_group_id": "",
            "scale_down_mode": "Delete",
            "spot_max_price": -1,
            "tags": {
              "ManagedBy": "Terraform",
              "env": "Production",
              "last_version": "1.19.07",
              "upgrade": "test",
              "version": "1.25.4"
            },
            "timeouts": null,
            "ultra_ssd_enabled": false,
            "upgrade_settings": [],
            "vm_size": "Standard_D2_v2",
            "vnet_subnet_id": "/subscriptions/613ad620-f6ee-4055-bd0a-68a93656bee3/resourceGroups/wf/providers/Microsoft.Network/virtualNetworks/wf-vnet/subnets/core",
            "windows_profile": [],
            "workload_runtime": null,
            "zones": []
          },
          "sensitive_attributes": [],
          "private": "eyJlMmJmYjczMC1lY2FhLTExZTYtOGY4OC0zNDM2M2JjN2M0YzAiOnsiY3JlYXRlIjozNjAwMDAwMDAwMDAwLCJkZWxldGUiOjM2MDAwMDAwMDAwMDAsInJlYWQiOjMwMDAwMDAwMDAwMCwidXBkYXRlIjozNjAwMDAwMDAwMDAwfSwic2NoZW1hX3ZlcnNpb24iOiIxIn0=",
          "dependencies": [
            "azurerm_kubernetes_cluster.aks",
            "azurerm_resource_group.rg",
            "azurerm_subnet.subnet_address_core",
            "azurerm_virtual_network.vnet"
          ]
        }
      ]
    },
    {
      "mode": "managed",
      "type": "azurerm_kubernetes_cluster_node_pool",
      "name": "site",
      "provider": "provider[\"registry.terraform.io/hashicorp/azurerm\"]",
      "instances": [
        {
          "schema_version": 1,
          "attributes": {
            "capacity_reservation_group_id": "",
            "custom_ca_trust_enabled": false,
            "enable_auto_scaling": true,
            "enable_host_encryption": false,
            "enable_node_public_ip": false,
            "eviction_policy": "",
            "fips_enabled": false,
            "host_group_id": "",
            "id": "/subscriptions/613ad620-f6ee-4055-bd0a-68a93656bee3/resourceGroups/wf/providers/Microsoft.ContainerService/managedClusters/wf/agentPools/wfsite",
            "kubelet_config": [],
            "kubelet_disk_type": "OS",
            "kubernetes_cluster_id": "/subscriptions/613ad620-f6ee-4055-bd0a-68a93656bee3/resourceGroups/wf/providers/Microsoft.ContainerService/managedClusters/wf",
            "linux_os_config": [],
            "max_count": 1,
            "max_pods": 250,
            "message_of_the_day": "",
            "min_count": 1,
            "mode": "User",
            "name": "wfsite",
            "node_count": 1,
            "node_labels": {},
            "node_network_profile": [],
            "node_public_ip_prefix_id": "",
            "node_taints": [],
            "orchestrator_version": "1.25.4",
            "os_disk_size_gb": 128,
            "os_disk_type": "Managed",
            "os_sku": "Ubuntu",
            "os_type": "Linux",
            "pod_subnet_id": "",
            "priority": "Regular",
            "proximity_placement_group_id": "",
            "scale_down_mode": "Delete",
            "spot_max_price": -1,
            "tags": {
              "ManagedBy": "Terraform",
              "env": "Production",
              "last_version": "1.19.07",
              "upgrade": "test",
              "version": "1.25.4"
            },
            "timeouts": null,
            "ultra_ssd_enabled": false,
            "upgrade_settings": [],
            "vm_size": "Standard_D2_v2",
            "vnet_subnet_id": "/subscriptions/613ad620-f6ee-4055-bd0a-68a93656bee3/resourceGroups/wf/providers/Microsoft.Network/virtualNetworks/wf-vnet/subnets/site",
            "windows_profile": [],
            "workload_runtime": null,
            "zones": []
          },
          "sensitive_attributes": [],
          "private": "eyJlMmJmYjczMC1lY2FhLTExZTYtOGY4OC0zNDM2M2JjN2M0YzAiOnsiY3JlYXRlIjozNjAwMDAwMDAwMDAwLCJkZWxldGUiOjM2MDAwMDAwMDAwMDAsInJlYWQiOjMwMDAwMDAwMDAwMCwidXBkYXRlIjozNjAwMDAwMDAwMDAwfSwic2NoZW1hX3ZlcnNpb24iOiIxIn0=",
          "dependencies": [
            "azurerm_kubernetes_cluster.aks",
            "azurerm_resource_group.rg",
            "azurerm_subnet.subnet_address_core",
            "azurerm_subnet.subnet_address_site",
            "azurerm_virtual_network.vnet"
          ]
        }
      ]
    },
    {
      "mode": "managed",
      "type": "azurerm_resource_group",
      "name": "rg",
      "provider": "provider[\"registry.terraform.io/hashicorp/azurerm\"]",
      "instances": [
        {
          "schema_version": 0,
          "attributes": {
            "id": "/subscriptions/613ad620-f6ee-4055-bd0a-68a93656bee3/resourceGroups/wf",
            "location": "westeurope",
            "name": "wf",
            "tags": {},
            "timeouts": null
          },
          "sensitive_attributes": [],
          "private": "eyJlMmJmYjczMC1lY2FhLTExZTYtOGY4OC0zNDM2M2JjN2M0YzAiOnsiY3JlYXRlIjo1NDAwMDAwMDAwMDAwLCJkZWxldGUiOjU0MDAwMDAwMDAwMDAsInJlYWQiOjMwMDAwMDAwMDAwMCwidXBkYXRlIjo1NDAwMDAwMDAwMDAwfX0="
        }
      ]
    },
    {
      "mode": "managed",
      "type": "azurerm_role_assignment",
      "name": "kubweb_to_acr",
      "provider": "provider[\"registry.terraform.io/hashicorp/azurerm\"]",
      "instances": [
        {
          "schema_version": 0,
          "attributes": {
            "condition": "",
            "condition_version": "",
            "delegated_managed_identity_resource_id": "",
            "description": "",
            "id": "/subscriptions/613ad620-f6ee-4055-bd0a-68a93656bee3/resourceGroups/wf/providers/Microsoft.ContainerRegistry/registries/wfacr/providers/Microsoft.Authorization/roleAssignments/064cb421-6dae-0d25-e68c-831c0cf1b426",
            "name": "064cb421-6dae-0d25-e68c-831c0cf1b426",
            "principal_id": "abab24db-af79-4cf6-8933-94851d8da8bd",
            "principal_type": "ServicePrincipal",
            "role_definition_id": "/subscriptions/613ad620-f6ee-4055-bd0a-68a93656bee3/providers/Microsoft.Authorization/roleDefinitions/7f951dda-4ed3-4680-a7ca-43fe172d538d",
            "role_definition_name": "AcrPull",
            "scope": "/subscriptions/613ad620-f6ee-4055-bd0a-68a93656bee3/resourceGroups/wf/providers/Microsoft.ContainerRegistry/registries/wfacr",
            "skip_service_principal_aad_check": null,
            "timeouts": null
          },
          "sensitive_attributes": [],
          "private": "eyJlMmJmYjczMC1lY2FhLTExZTYtOGY4OC0zNDM2M2JjN2M0YzAiOnsiY3JlYXRlIjoxODAwMDAwMDAwMDAwLCJkZWxldGUiOjE4MDAwMDAwMDAwMDAsInJlYWQiOjMwMDAwMDAwMDAwMCwidXBkYXRlIjoxODAwMDAwMDAwMDAwfX0=",
          "dependencies": [
            "azurerm_container_registry.acr",
            "azurerm_kubernetes_cluster.aks",
            "azurerm_resource_group.rg"
          ]
        }
      ]
    },
    {
      "mode": "managed",
      "type": "azurerm_subnet",
      "name": "subnet_address_core",
      "provider": "provider[\"registry.terraform.io/hashicorp/azurerm\"]",
      "instances": [
        {
          "schema_version": 0,
          "attributes": {
            "address_prefixes": [
              "11.0.0.0/24"
            ],
            "delegation": [],
            "enforce_private_link_endpoint_network_policies": false,
            "enforce_private_link_service_network_policies": false,
            "id": "/subscriptions/613ad620-f6ee-4055-bd0a-68a93656bee3/resourceGroups/wf/providers/Microsoft.Network/virtualNetworks/wf-vnet/subnets/core",
            "name": "core",
            "private_endpoint_network_policies_enabled": true,
            "private_link_service_network_policies_enabled": true,
            "resource_group_name": "wf",
            "service_endpoint_policy_ids": [],
            "service_endpoints": [],
            "timeouts": null,
            "virtual_network_name": "wf-vnet"
          },
          "sensitive_attributes": [],
          "private": "eyJlMmJmYjczMC1lY2FhLTExZTYtOGY4OC0zNDM2M2JjN2M0YzAiOnsiY3JlYXRlIjoxODAwMDAwMDAwMDAwLCJkZWxldGUiOjE4MDAwMDAwMDAwMDAsInJlYWQiOjMwMDAwMDAwMDAwMCwidXBkYXRlIjoxODAwMDAwMDAwMDAwfX0=",
          "dependencies": [
            "azurerm_resource_group.rg",
            "azurerm_virtual_network.vnet"
          ]
        }
      ]
    },
    {
      "mode": "managed",
      "type": "azurerm_subnet",
      "name": "subnet_address_ep",
      "provider": "provider[\"registry.terraform.io/hashicorp/azurerm\"]",
      "instances": [
        {
          "schema_version": 0,
          "attributes": {
            "address_prefixes": [
              "11.0.1.0/25"
            ],
            "delegation": [],
            "enforce_private_link_endpoint_network_policies": false,
            "enforce_private_link_service_network_policies": false,
            "id": "/subscriptions/613ad620-f6ee-4055-bd0a-68a93656bee3/resourceGroups/wf/providers/Microsoft.Network/virtualNetworks/wf-vnet/subnets/ep",
            "name": "ep",
            "private_endpoint_network_policies_enabled": true,
            "private_link_service_network_policies_enabled": true,
            "resource_group_name": "wf",
            "service_endpoint_policy_ids": [],
            "service_endpoints": [],
            "timeouts": null,
            "virtual_network_name": "wf-vnet"
          },
          "sensitive_attributes": [],
          "private": "eyJlMmJmYjczMC1lY2FhLTExZTYtOGY4OC0zNDM2M2JjN2M0YzAiOnsiY3JlYXRlIjoxODAwMDAwMDAwMDAwLCJkZWxldGUiOjE4MDAwMDAwMDAwMDAsInJlYWQiOjMwMDAwMDAwMDAwMCwidXBkYXRlIjoxODAwMDAwMDAwMDAwfX0=",
          "dependencies": [
            "azurerm_resource_group.rg",
            "azurerm_virtual_network.vnet"
          ]
        }
      ]
    },
    {
      "mode": "managed",
      "type": "azurerm_subnet",
      "name": "subnet_address_nat",
      "provider": "provider[\"registry.terraform.io/hashicorp/azurerm\"]",
      "instances": [
        {
          "schema_version": 0,
          "attributes": {
            "address_prefixes": [
              "11.0.1.128/25"
            ],
            "delegation": [],
            "enforce_private_link_endpoint_network_policies": false,
            "enforce_private_link_service_network_policies": false,
            "id": "/subscriptions/613ad620-f6ee-4055-bd0a-68a93656bee3/resourceGroups/wf/providers/Microsoft.Network/virtualNetworks/wf-vnet/subnets/nat",
            "name": "nat",
            "private_endpoint_network_policies_enabled": true,
            "private_link_service_network_policies_enabled": true,
            "resource_group_name": "wf",
            "service_endpoint_policy_ids": [],
            "service_endpoints": [],
            "timeouts": null,
            "virtual_network_name": "wf-vnet"
          },
          "sensitive_attributes": [],
          "private": "eyJlMmJmYjczMC1lY2FhLTExZTYtOGY4OC0zNDM2M2JjN2M0YzAiOnsiY3JlYXRlIjoxODAwMDAwMDAwMDAwLCJkZWxldGUiOjE4MDAwMDAwMDAwMDAsInJlYWQiOjMwMDAwMDAwMDAwMCwidXBkYXRlIjoxODAwMDAwMDAwMDAwfX0=",
          "dependencies": [
            "azurerm_resource_group.rg",
            "azurerm_virtual_network.vnet"
          ]
        }
      ]
    },
    {
      "mode": "managed",
      "type": "azurerm_subnet",
      "name": "subnet_address_public",
      "provider": "provider[\"registry.terraform.io/hashicorp/azurerm\"]",
      "instances": [
        {
          "schema_version": 0,
          "attributes": {
            "address_prefixes": [
              "11.0.2.0/27"
            ],
            "delegation": [],
            "enforce_private_link_endpoint_network_policies": false,
            "enforce_private_link_service_network_policies": false,
            "id": "/subscriptions/613ad620-f6ee-4055-bd0a-68a93656bee3/resourceGroups/wf/providers/Microsoft.Network/virtualNetworks/wf-vnet/subnets/public",
            "name": "public",
            "private_endpoint_network_policies_enabled": true,
            "private_link_service_network_policies_enabled": true,
            "resource_group_name": "wf",
            "service_endpoint_policy_ids": [],
            "service_endpoints": [],
            "timeouts": null,
            "virtual_network_name": "wf-vnet"
          },
          "sensitive_attributes": [],
          "private": "eyJlMmJmYjczMC1lY2FhLTExZTYtOGY4OC0zNDM2M2JjN2M0YzAiOnsiY3JlYXRlIjoxODAwMDAwMDAwMDAwLCJkZWxldGUiOjE4MDAwMDAwMDAwMDAsInJlYWQiOjMwMDAwMDAwMDAwMCwidXBkYXRlIjoxODAwMDAwMDAwMDAwfX0=",
          "dependencies": [
            "azurerm_resource_group.rg",
            "azurerm_virtual_network.vnet"
          ]
        }
      ]
    },
    {
      "mode": "managed",
      "type": "azurerm_subnet",
      "name": "subnet_address_site",
      "provider": "provider[\"registry.terraform.io/hashicorp/azurerm\"]",
      "instances": [
        {
          "schema_version": 0,
          "attributes": {
            "address_prefixes": [
              "11.0.2.32/27"
            ],
            "delegation": [],
            "enforce_private_link_endpoint_network_policies": false,
            "enforce_private_link_service_network_policies": false,
            "id": "/subscriptions/613ad620-f6ee-4055-bd0a-68a93656bee3/resourceGroups/wf/providers/Microsoft.Network/virtualNetworks/wf-vnet/subnets/site",
            "name": "site",
            "private_endpoint_network_policies_enabled": true,
            "private_link_service_network_policies_enabled": true,
            "resource_group_name": "wf",
            "service_endpoint_policy_ids": [],
            "service_endpoints": [],
            "timeouts": null,
            "virtual_network_name": "wf-vnet"
          },
          "sensitive_attributes": [],
          "private": "eyJlMmJmYjczMC1lY2FhLTExZTYtOGY4OC0zNDM2M2JjN2M0YzAiOnsiY3JlYXRlIjoxODAwMDAwMDAwMDAwLCJkZWxldGUiOjE4MDAwMDAwMDAwMDAsInJlYWQiOjMwMDAwMDAwMDAwMCwidXBkYXRlIjoxODAwMDAwMDAwMDAwfX0=",
          "dependencies": [
            "azurerm_resource_group.rg",
            "azurerm_virtual_network.vnet"
          ]
        }
      ]
    },
    {
      "mode": "managed",
      "type": "azurerm_virtual_network",
      "name": "vnet",
      "provider": "provider[\"registry.terraform.io/hashicorp/azurerm\"]",
      "instances": [
        {
          "schema_version": 0,
          "attributes": {
            "address_space": [
              "11.0.0.0/22"
            ],
            "bgp_community": "",
            "ddos_protection_plan": [],
            "dns_servers": [],
            "edge_zone": "",
            "flow_timeout_in_minutes": 0,
            "guid": "001c55e3-5e01-47bf-b23c-738d211cccdf",
            "id": "/subscriptions/613ad620-f6ee-4055-bd0a-68a93656bee3/resourceGroups/wf/providers/Microsoft.Network/virtualNetworks/wf-vnet",
            "location": "westeurope",
            "name": "wf-vnet",
            "resource_group_name": "wf",
            "subnet": [
              {
                "address_prefix": "11.0.0.0/24",
                "id": "/subscriptions/613ad620-f6ee-4055-bd0a-68a93656bee3/resourceGroups/wf/providers/Microsoft.Network/virtualNetworks/wf-vnet/subnets/core",
                "name": "core",
                "security_group": ""
              },
              {
                "address_prefix": "11.0.1.0/25",
                "id": "/subscriptions/613ad620-f6ee-4055-bd0a-68a93656bee3/resourceGroups/wf/providers/Microsoft.Network/virtualNetworks/wf-vnet/subnets/ep",
                "name": "ep",
                "security_group": ""
              },
              {
                "address_prefix": "11.0.1.128/25",
                "id": "/subscriptions/613ad620-f6ee-4055-bd0a-68a93656bee3/resourceGroups/wf/providers/Microsoft.Network/virtualNetworks/wf-vnet/subnets/nat",
                "name": "nat",
                "security_group": ""
              },
              {
                "address_prefix": "11.0.2.0/27",
                "id": "/subscriptions/613ad620-f6ee-4055-bd0a-68a93656bee3/resourceGroups/wf/providers/Microsoft.Network/virtualNetworks/wf-vnet/subnets/public",
                "name": "public",
                "security_group": ""
              },
              {
                "address_prefix": "11.0.2.32/27",
                "id": "/subscriptions/613ad620-f6ee-4055-bd0a-68a93656bee3/resourceGroups/wf/providers/Microsoft.Network/virtualNetworks/wf-vnet/subnets/site",
                "name": "site",
                "security_group": ""
              }
            ],
            "tags": {},
            "timeouts": null
          },
          "sensitive_attributes": [],
          "private": "eyJlMmJmYjczMC1lY2FhLTExZTYtOGY4OC0zNDM2M2JjN2M0YzAiOnsiY3JlYXRlIjoxODAwMDAwMDAwMDAwLCJkZWxldGUiOjE4MDAwMDAwMDAwMDAsInJlYWQiOjMwMDAwMDAwMDAwMCwidXBkYXRlIjoxODAwMDAwMDAwMDAwfX0=",
          "dependencies": [
            "azurerm_resource_group.rg"
          ]
        }
      ]
    }
  ],
  "check_results": null
}
