{
  "version": 4,
  "terraform_version": "1.3.6",
  "serial": 25,
  "lineage": "e233cf89-20fa-e8d7-1452-e122cc81d70d",
  "outputs": {
    "client_certificate": {
      "value": "LS0tLS1CRUdJTiBDRVJUSUZJQ0FURS0tLS0tCk1JSUZIVENDQXdXZ0F3SUJBZ0lRR1NHbW9XbUdYdEJCT1dvem50alJrVEFOQmdrcWhraUc5dzBCQVFzRkFEQU4KTVFzd0NRWURWUVFERXdKallUQWVGdzB5TXpBek16QXhNalF3TVRsYUZ3MHlOVEF6TXpBeE1qVXdNVGxhTURBeApGekFWQmdOVkJBb1REbk41YzNSbGJUcHRZWE4wWlhKek1SVXdFd1lEVlFRREV3eHRZWE4wWlhKamJHbGxiblF3CmdnSWlNQTBHQ1NxR1NJYjNEUUVCQVFVQUE0SUNEd0F3Z2dJS0FvSUNBUUNrMkpoSzRlbUM5S0VxYlFNZ0Y4SjQKWXY2RWYzZWFBU2xxdkk2bzRRc3hmTE1CaUpSdkZRUWJJUzJHdXlweHVvbVl0RjlMalBWWi96djFkczVvZmxrYQp3aWM3anI1a0FXK2pSSHVzTGtUdHZld3ZiZEZWMjZTQm5TRDNZUXdyV2lUMUdaejlDV0lEOFI5U3hFMnFpSmh5CkQ3Z3VUVE56am5SUlNNSVZmbTNiZ2xiVVJoSm5FaGNkWVBuQW56Q3FsU2tETzJCNXB0NDBtRXlnK3g0eVY0cVEKbmtpM1FwZ2FnYnhwUUVOdDRRL2NSOHpJR2lVclE2R0laNWZzWjIwQ3ZxVTAvMVZpYVNaU3hOaE1SQXFreTY1VApRcWNidVRhZlZkbU5UUHpRQWE3WHo2dXR6NnpKUVpSZWQwdHl6NUlDMWIrZWtrcGlXQWRsWEVHcDFldDF0Yy9pCnp0ZEc2LzV1Z0FEZE91ckpKTk45QVZtNTNHZmhVMDFBWVV6K25xU1ptaThEd3RkcU44OEdsTSswaVdHK3M3b1gKanQ0TGhraG1odnF4NTZaUVQ5c3hGV2RraGRlWDZQRFIrc0tKd1MxLzhrS3NsaG9vZWF6eVlNWmRGSFVqempveQo4dzM4Rldsenh4OXdoMHZBSjErU0g1RzA4RUwvV0QreHZxSmoyVEQxZitmOGZjWi9yYk1LUVd4cGhoa281Q2VOCjhTSm80NU5uYXJTdnR2MlhsamFwU2hWZVhKVUpEVDJlL1BmVEFjRnZSYzlhbG5WYzh5c1dPTmVUYUhud2tvbFkKMkRCeUF4WVBYSCs1ZWhud2habXBScmsrQmcwbnBNLzdYT0ZNbGdIQWtuYXcxTUREYzlzNFF6K3ROcHNHRkNUTAoyRkJnc0U5ZGRvTEdBVVBBcXpyV3B3SURBUUFCbzFZd1ZEQU9CZ05WSFE4QkFmOEVCQU1DQmFBd0V3WURWUjBsCkJBd3dDZ1lJS3dZQkJRVUhBd0l3REFZRFZSMFRBUUgvQkFJd0FEQWZCZ05WSFNNRUdEQVdnQlQ4Vm5JUi9EbHAKMlJHcGl6dGxRQ0FLTDNMeWp6QU5CZ2txaGtpRzl3MEJBUXNGQUFPQ0FnRUFHTmt4YjFVbXo1UURYZDZHT0RDQQo1Z2VLOUtDQmgrQUR5T1prcWZxc3lTYUpIcXpsVGdGUjJWb20wWVhOK3hmMEpPcURsWFRnV0tORFEvUGovMFdwCm45aWRaelgydXlmclhSUWpvci9pWGxOcTh4b3B5WVR6dzFZVWk0MjRBVE51eVhTTmlGdFh4K0hZLzZqWVdTYUMKQ1NMYmd3TjY2anJyYnhnRENTcDNrZTk4ZTAyT21mU0RFZ2l0NDMwRU1IUm1relZsWjdHajY2UnI1bDhyT3dGUAphUmk5Q29vbUhZdkFKZVY0TGVGU0ROdytaRlo2Rm9LL3JhZXc5UkIwTFUydWNRNUVERW9aT3RSenhUM3MzcU1uCnliVHIrbGIyMjJaaThTMG4xeXVmSXR1SC9LUGNod2JRK0E4c1NhWjN3czY5TGVCMmY5bEtSelh6dWw4WkM3YmMKdUkxbFR1WHRNVXFmVnhjTU1jbE1kbFEzcHNjNlg0NUFNQXhaMW8xQmxkcFhkeFE1UnJOY0F2M25YWFBkZUZlcwo3TzZZWC82ZjNlemwyVlYyb0JFTVE0ZEpmNFNJZjNjMlVBM2JsQTFsNTFRRmRZdEkwZFBUd2wrK2U0bVFGQjlqCnpYREJZK0dXR24yeElSTWhtcldacnI4cW1UR3E2S2VkTjNZTkQwQmxTcEVUTWhRSGxMdkkyZ3ZHL2JxWmhEQXgKaHdXWTF0VFhLL1lDYVAxbVZ0TFZwYTUvTUlKR01tM0s5eUZqMW1uaFg1UW9WSlh1WlIyeGUyRW5uZUYxTmNuMQp2TEVqajcweWszNHhLcW5Wb0VrN2dCYWhhV2ZjbGVsenh5QmRIT2F0OVFYQjluZFRmck5XVEtnMW5LS0Z5RW5KCnVxRWxWS3JUNHp5Sng5U2JVZTA3TTRRPQotLS0tLUVORCBDRVJUSUZJQ0FURS0tLS0tCg==",
      "type": "string",
      "sensitive": true
    },
    "kube_config": {
      "value": "apiVersion: v1\nclusters:\n- cluster:\n    certificate-authority-data: LS0tLS1CRUdJTiBDRVJUSUZJQ0FURS0tLS0tCk1JSUU2RENDQXRDZ0F3SUJBZ0lRSkxIT20yYjBFRXBDZnltVTI4cVkyREFOQmdrcWhraUc5dzBCQVFzRkFEQU4KTVFzd0NRWURWUVFERXdKallUQWdGdzB5TXpBek16QXhNalF3TVRsYUdBOHlNRFV6TURNek1ERXlOVEF4T1ZvdwpEVEVMTUFrR0ExVUVBeE1DWTJFd2dnSWlNQTBHQ1NxR1NJYjNEUUVCQVFVQUE0SUNEd0F3Z2dJS0FvSUNBUUNlClkza0c4MVRlSzNkc3RjVFdvcU1PSVFNNmtJbkFZZVFNVWFmTVcwSjhFQnVXOG5kL29tbVNWUzFHWmhsMDlwaVMKdDA5eGYyK2luallYNGlNeEtzSVlYOW4rT1NkQVFEb2tNd3JKb1Y3aDh4VDZrMGRrM2R1L3IwcFN1alpyZVBSaQpsYmxWZzNyd0tLUXZIZ2NvamRRSytKKytZejdvMkE2NDYxbW5GbzA5WktXMEZ0MW5UZENlZkNuTGxZSVE4TG54CitTR3FadTFHWExNSGNlUG81YUhkd2ZrRGpwMDdxWkdRRVllVmhmeWdjRDJNQzh4TUxoWmJLWEFXYXJJTWNjMVEKaGV6K0ttdlJYWDRpM2lOeVNwNHdRMkJGUWRZNlprVHF1Tm5hNllmd0doR3dnRFVJZ0hMT3FMdTVEaE42NzBDWQp5WDZwSEtOOWtqZ2pCREx1NWIrNWI5TkM0QXNtNHZPRXdzbFlwK1kwdUI1eVNLMzc1ajF6NVpaM2hML0kzczZ3CmxsK3QreWtraGh0Rmtja01NUTd4U3doeEp5elVNbDJNTW1oaUVBWW11bHVtQmxLQjhUMTFyOHp0NGlzZkxCTTUKSDJ6MXdmM0k3dEZjMXVRai9aOTdpbXBGQnFIbmJxWVBUb09yT3BrbElmeWNVNEtwY0Y0QkhUSHFRTjJkNmVueQpFNjJBZTk4bTI3QmFNNkZnLzhhTUI5Smo0ZE5xbDBHSlc3T2NZcXpKNCtxeThVeVhwVmRtODN6N3NOUENZemFtCmJqTGJnZXV3M2h2TWdyazl5U1NiMTRLakpKZzhveGhIdFR1cC9yckFNNVR3SXVtZ3VWUUtuVGhtT1A5WEEvNVYKSnF3dC9CaTdLVU1NMXh6UmVVQlUrNWp1NmRpMHVHYWlkNThjOC9MRHRRSURBUUFCbzBJd1FEQU9CZ05WSFE4QgpBZjhFQkFNQ0FxUXdEd1lEVlIwVEFRSC9CQVV3QXdFQi96QWRCZ05WSFE0RUZnUVUvRlp5RWZ3NWFka1JxWXM3ClpVQWdDaTl5OG84d0RRWUpLb1pJaHZjTkFRRUxCUUFEZ2dJQkFHaVI1RVFQQ3l2cGpYUU50ZU5qUVhVL0x5aGIKYlhQdVhhamFkZjFRSVNTV2N0MitHV0xEb1JwZ1FheUVIcmZDcHpJY2ttTVBwcWlMTmNCQld6cDN3ZmRQdktTZgpIeFE5Ky9UZHRpNWVoOVJ5NUZ6SzNiVUF3VFhwZlZDYjBZckd2TktQTndDVTE2UWFlb1U5c2VBeGJ6Mk4wYnZ0CmJkWktCY3pINmhDOWZvNGFqMGxsN1ZLNkF1S25QUEJETkY2L3M2SERCemNFYTBTcGdldURjT1pObTJ3ekVqbHYKdm1zQ05DRXVTSFVmaFRYWkxkUlpDWnMvSmxVU2Q0NTJyTmVrMmNRMURXOE5CaldlNG1HMzgyTFZ3ZzJRUzk5eQppMTRLN0hRdXNKdS9HaE9qenpQUHhYZ3NnaVloSnFaRFVSaWZmbFZqdHpiRk53emhOOHVmNEYwVDBJTlU2ZTBhCm5EQ0JjTUltOC9nTmlncG9nQ2d2dkJuNUdSMjdaOG9GNCszOU1DSGNnMUpjekJGSVRMRXVucXZVWkNJN1BmRlkKTHpEbllLVHJHWXE1Mms0SVZvM3VOMjU1OXFoWUs5YUlFOG9DOHliWnNRQ0lzUlh2dlMxQUprZk5CRFJlQ3dLdwozVlhxVlk2OGZuSDlLWUdTRHo2a3VoUmoyNFBySXRXaS83eGRvaml2VGRMekNqYXllTzdXc3lyTEdXVXNrK25QCjZKeVQweHNyWlJhT3lQVlNlbVYrVS90M3ljV3VhMDJhdVZjcTlYVW83Tm1ENGNYdkEwTndwVDFGSGxLWFg2ZDkKZ21KNUh3VmhTNXVZMXp5ZUhYRkVWVFliYm9VcDhRWnlUdE5nUTg1ZEh6OXl6NC9OQk1xSGEzTlIwRFRCbGpwWApxOC95WjJvZFNTemU4OWowCi0tLS0tRU5EIENFUlRJRklDQVRFLS0tLS0K\n    server: https://lolas-lzl6yzfw.hcp.westeurope.azmk8s.io:443\n  name: lolas\ncontexts:\n- context:\n    cluster: lolas\n    user: clusterUser_lolas_lolas\n  name: lolas\ncurrent-context: lolas\nkind: Config\npreferences: {}\nusers:\n- name: clusterUser_lolas_lolas\n  user:\n    client-certificate-data: LS0tLS1CRUdJTiBDRVJUSUZJQ0FURS0tLS0tCk1JSUZIVENDQXdXZ0F3SUJBZ0lRR1NHbW9XbUdYdEJCT1dvem50alJrVEFOQmdrcWhraUc5dzBCQVFzRkFEQU4KTVFzd0NRWURWUVFERXdKallUQWVGdzB5TXpBek16QXhNalF3TVRsYUZ3MHlOVEF6TXpBeE1qVXdNVGxhTURBeApGekFWQmdOVkJBb1REbk41YzNSbGJUcHRZWE4wWlhKek1SVXdFd1lEVlFRREV3eHRZWE4wWlhKamJHbGxiblF3CmdnSWlNQTBHQ1NxR1NJYjNEUUVCQVFVQUE0SUNEd0F3Z2dJS0FvSUNBUUNrMkpoSzRlbUM5S0VxYlFNZ0Y4SjQKWXY2RWYzZWFBU2xxdkk2bzRRc3hmTE1CaUpSdkZRUWJJUzJHdXlweHVvbVl0RjlMalBWWi96djFkczVvZmxrYQp3aWM3anI1a0FXK2pSSHVzTGtUdHZld3ZiZEZWMjZTQm5TRDNZUXdyV2lUMUdaejlDV0lEOFI5U3hFMnFpSmh5CkQ3Z3VUVE56am5SUlNNSVZmbTNiZ2xiVVJoSm5FaGNkWVBuQW56Q3FsU2tETzJCNXB0NDBtRXlnK3g0eVY0cVEKbmtpM1FwZ2FnYnhwUUVOdDRRL2NSOHpJR2lVclE2R0laNWZzWjIwQ3ZxVTAvMVZpYVNaU3hOaE1SQXFreTY1VApRcWNidVRhZlZkbU5UUHpRQWE3WHo2dXR6NnpKUVpSZWQwdHl6NUlDMWIrZWtrcGlXQWRsWEVHcDFldDF0Yy9pCnp0ZEc2LzV1Z0FEZE91ckpKTk45QVZtNTNHZmhVMDFBWVV6K25xU1ptaThEd3RkcU44OEdsTSswaVdHK3M3b1gKanQ0TGhraG1odnF4NTZaUVQ5c3hGV2RraGRlWDZQRFIrc0tKd1MxLzhrS3NsaG9vZWF6eVlNWmRGSFVqempveQo4dzM4Rldsenh4OXdoMHZBSjErU0g1RzA4RUwvV0QreHZxSmoyVEQxZitmOGZjWi9yYk1LUVd4cGhoa281Q2VOCjhTSm80NU5uYXJTdnR2MlhsamFwU2hWZVhKVUpEVDJlL1BmVEFjRnZSYzlhbG5WYzh5c1dPTmVUYUhud2tvbFkKMkRCeUF4WVBYSCs1ZWhud2habXBScmsrQmcwbnBNLzdYT0ZNbGdIQWtuYXcxTUREYzlzNFF6K3ROcHNHRkNUTAoyRkJnc0U5ZGRvTEdBVVBBcXpyV3B3SURBUUFCbzFZd1ZEQU9CZ05WSFE4QkFmOEVCQU1DQmFBd0V3WURWUjBsCkJBd3dDZ1lJS3dZQkJRVUhBd0l3REFZRFZSMFRBUUgvQkFJd0FEQWZCZ05WSFNNRUdEQVdnQlQ4Vm5JUi9EbHAKMlJHcGl6dGxRQ0FLTDNMeWp6QU5CZ2txaGtpRzl3MEJBUXNGQUFPQ0FnRUFHTmt4YjFVbXo1UURYZDZHT0RDQQo1Z2VLOUtDQmgrQUR5T1prcWZxc3lTYUpIcXpsVGdGUjJWb20wWVhOK3hmMEpPcURsWFRnV0tORFEvUGovMFdwCm45aWRaelgydXlmclhSUWpvci9pWGxOcTh4b3B5WVR6dzFZVWk0MjRBVE51eVhTTmlGdFh4K0hZLzZqWVdTYUMKQ1NMYmd3TjY2anJyYnhnRENTcDNrZTk4ZTAyT21mU0RFZ2l0NDMwRU1IUm1relZsWjdHajY2UnI1bDhyT3dGUAphUmk5Q29vbUhZdkFKZVY0TGVGU0ROdytaRlo2Rm9LL3JhZXc5UkIwTFUydWNRNUVERW9aT3RSenhUM3MzcU1uCnliVHIrbGIyMjJaaThTMG4xeXVmSXR1SC9LUGNod2JRK0E4c1NhWjN3czY5TGVCMmY5bEtSelh6dWw4WkM3YmMKdUkxbFR1WHRNVXFmVnhjTU1jbE1kbFEzcHNjNlg0NUFNQXhaMW8xQmxkcFhkeFE1UnJOY0F2M25YWFBkZUZlcwo3TzZZWC82ZjNlemwyVlYyb0JFTVE0ZEpmNFNJZjNjMlVBM2JsQTFsNTFRRmRZdEkwZFBUd2wrK2U0bVFGQjlqCnpYREJZK0dXR24yeElSTWhtcldacnI4cW1UR3E2S2VkTjNZTkQwQmxTcEVUTWhRSGxMdkkyZ3ZHL2JxWmhEQXgKaHdXWTF0VFhLL1lDYVAxbVZ0TFZwYTUvTUlKR01tM0s5eUZqMW1uaFg1UW9WSlh1WlIyeGUyRW5uZUYxTmNuMQp2TEVqajcweWszNHhLcW5Wb0VrN2dCYWhhV2ZjbGVsenh5QmRIT2F0OVFYQjluZFRmck5XVEtnMW5LS0Z5RW5KCnVxRWxWS3JUNHp5Sng5U2JVZTA3TTRRPQotLS0tLUVORCBDRVJUSUZJQ0FURS0tLS0tCg==\n    client-key-data: LS0tLS1CRUdJTiBSU0EgUFJJVkFURSBLRVktLS0tLQpNSUlKS1FJQkFBS0NBZ0VBcE5pWVN1SHBndlNoS20wRElCZkNlR0wraEg5M21nRXBhcnlPcU9FTE1YeXpBWWlVCmJ4VUVHeUV0aHJzcWNicUptTFJmUzR6MVdmODc5WGJPYUg1WkdzSW5PNDYrWkFGdm8wUjdyQzVFN2Izc0wyM1IKVmR1a2daMGc5MkVNSzFvazlSbWMvUWxpQS9FZlVzUk5xb2lZY2crNExrMHpjNDUwVVVqQ0ZYNXQyNEpXMUVZUwpaeElYSFdENXdKOHdxcFVwQXp0Z2VhYmVOSmhNb1BzZU1sZUtrSjVJdDBLWUdvRzhhVUJEYmVFUDNFZk15Qm9sCkswT2hpR2VYN0dkdEFyNmxOUDlWWW1rbVVzVFlURVFLcE11dVUwS25HN2sybjFYWmpVejgwQUd1MTgrcnJjK3MKeVVHVVhuZExjcytTQXRXL25wSktZbGdIWlZ4QnFkWHJkYlhQNHM3WFJ1ditib0FBM1RycXlTVFRmUUZadWR4bgo0Vk5OUUdGTS9wNmttWm92QThMWGFqZlBCcFRQdElsaHZyTzZGNDdlQzRaSVpvYjZzZWVtVUUvYk1SVm5aSVhYCmwrancwZnJDaWNFdGYvSkNySllhS0htczhtREdYUlIxSTg0Nk12TU4vQlZwYzhjZmNJZEx3Q2Rma2grUnRQQkMKLzFnL3NiNmlZOWt3OVgvbi9IM0dmNjJ6Q2tGc2FZWVpLT1FuamZFaWFPT1RaMnEwcjdiOWw1WTJxVW9WWGx5VgpDUTA5bnZ6MzB3SEJiMFhQV3BaMVhQTXJGampYazJoNThKS0pXTmd3Y2dNV0QxeC91WG9aOElXWnFVYTVQZ1lOCko2VFArMXpoVEpZQndKSjJzTlRBdzNQYk9FTS9yVGFiQmhRa3k5aFFZTEJQWFhhQ3hnRkR3S3M2MXFjQ0F3RUEKQVFLQ0FnQmJNcHptYUo5SVhOQkE2WGhlSytiaHRWcTdzTTFaUFNWTnNLMTREckNqbXlwcFFjZGt3UXE1ZTV4MQpPbHpiK0dnaFBFQ3dTblorYUs4aU9LMHVzQi9acHVvUGtBUVN6WnlXaGMrcHpSdERMOXhYelBpUCtHakZjRW1KCnNuNEtDZUFDWFQ0MTJ4Z0h1RUV0Qi84enhrZ1lha3ZxQ2JuYVIwaGdvOUVFRlNMdjJ1YndueWVWTURQcmcvZ0kKTWNtNXhiV2YzUnlka016RDZqSVNxWHJtUFBvaTBmN0dyQ2Y4R2lSRFVsTTdtZFN0ZUdkNW1NVlJieVFSazhZLworbVFiclo4MmQ4QWtKcW9XQm1MbnBva0E3Tkl2cStOSmVpa1c4MmJkUG1kcktGTXpmK2VwekFmNmU3WjZvS0wwCkRKUHB6NWtvUUNTNHpaeWgzZTFSNlZCUG1kczg2dGtSdzFvWStTd2g4cXdWWWdSdzFZSVVmellqSnBWZUZwR2cKKzBpYXpwYXFnaDVlQUIxSmVFcGVBdkxhL2xJanZBcnpFYzcrZXRCenFDZ0o0UnRqZG9hMXFPRC9KbzdaWUhDbwpBeExvM01Fbm1FYjZISStkcEkxRFJtU0VzVzhYRGxPck1DOHNwc0wrZEtpVmUyWjRRVHovM3FsSUJETy9MS3BaCmlsVDZNN2hUbTN1dFZiTjV2bEMva1luNWlrenJBd1lNMTRuTGEwY2ZxVE40ekJ2dk9SU1doYlpZRDdJaTJmS00KcEdEcXZoQTBUQ3FLUmZ5SjV2K0dVeWZkSnQ4QjlvaS9iQ09jU3FJSGdtdkQydFlSYkRpL1ZHYlVqcU9rUjVuYwpUUGtzMmo2SHZ5ak02bCt5RVJWZVpNNjJuTWxCU2U4OGpWUktWWk1qZFlxS042VW40UUtDQVFFQTFibk0xTWJHCisvZTBySThFYkFpUE1KQkRkeHJRNE1XaHBXNHpHUXREWjVVZ0FwMkYrQXVKOGZKVnpWOFhYaTdtK2E1dHdkTGgKNGpIM3ZsZ1BzNG0yTjQ0eDEvekx5bnp3QVlVUVFYUVpJWmlGM3Q4VitKUGF3TG1BY3NFeVpLUzltTU0xMWc2ZAo2bUpaa1Q4Z3VvVisxNndPRHZxSmt2NW9xRksyZ2ZjTWl2bG02bm9xb1N4YVBwbHNES2pXTGUxRlpUdVNYcUtSCkljaDNKaEVjblg4VHNjSjVwWnFJd1c3cUE1NzVKV09JTjVicTB4TUU1ekxVN0s3R0xyL1NFQ1pRZGFxVXJFbGgKdk1PSVl1UW5sMlYwSXdJa0JJYWVGZHl4dWhqa2Zta210MzFURmpsOHRKT1VzOExVV1VZTERXckZSYlRGVCt1NwpvOGUySXdwYmpnY1cwUUtDQVFFQXhYTzU1d0lFMlcxYzlIaGRLV21GUVFLckZLUmhwY0JqOURXc1VHMS9BNlRqCnVXS2NIdDJpdGVNdHkyQWFQU1FXeGt1aDRyRkt3dW1nY3ZOemt1SWZIUU1rOFIvYm5zOHArZ1Era0t1a0NLWWMKSzhxNkJkV0toQXhUa2xqcWNhQ2puSXRzOTBUL2I2YzZiQ1Y1dHM1WHhaR2JoMTcyL0M2U2JIMlIrNVRua3pOMQppdFNUcm9rTXU5Tkh5eGVNWEV5ZUtqNmh1T1ZndVQyWWxSVGh1TTQyS1pQMTYybUtGc3RWeWIyd0Z4WTFFY1c1CnptU1gyNUhuWThaQXpDRWgrSStOT211T2hXMmQ3U0hmT2NVek1ta3dkTXJJYnIxSlRYdHBXNS9DUWpDaUluWUYKNDl5UDVSWHFFQzRhVHh0L0ZFR0RWWUlDS1lyeEFvcmZWNU9ZNGNGajl3S0NBUUVBb0o4TFRsbTVUOEhnZWRMZAo2dWNmM2NwOXVYUmd5SndlbUxwU0VwOUJZQVpWMFVGYlhvZ2xlcnk2T1NjZTQ3eHgvL0ZVTVZkd1JWTnlNZzN5CmR1YW5GK2Q0bEM4N1pRa3lRcUlqRGwzWFNVVmNUcHZ2NGlvVU84VHR3TkJyTS9JUFAxQnVGRnBWMmNGaU9PTnQKa0dBbGJLYTB4aE1KODN2WllhOFAxR3E3ZFhKc0l3bi9JYk80ZXRWSXU5YmphQTZxbWFNRXBMU2VSL3BsZVNsaApEUWhrMzdJZFJCVDRkQThNTmY1eWxlUFFpcDZVQ2w5L3p0V0g2ZnlMbXJTMGhVaVdMV2d1WmJDY2tJV082V3M0ClNmS0lMb3M4VUY1dlRsVFhDTm9PVnVabG4zN0RRNitlaGdObnZSVk9DMjIxZnJiZ1hUdTNFaEpDcVpxOHltYk4KV2RjQUVRS0NBUUVBaXo1K1ptdWxFZFF2RG5SbmRwSGttQ0VTbHY4Sm9jTlllZHIwQnRBQkY0ZkwxR3UzSDRrNwplcnVZQ3VsZDk2b2dxWHlpMEdRcERlV0Y4aXEvWVdFM2dkVTYweFNkWTVSQ3pQNzdSRGpXK0FaMHJXbE00RnBrClVaVUR4cHdQMFV2d3RiQVppeE5NYytmaHFteVBOaHkwQnk4VkdGVWZKbDZOZ2hiWHdTeVVWdG1lVmVadHMxTVEKK05BWnZCNkNMSUVYdFVEditaMUJKY0ZMZmk3NHM4UXdyQWVkRUlRZ0RzMGNWYVlBclhkS3U1ck4yc0JUMjFNOApjNzlXNk4yZ3dGSXp6WFFXVVFBcHRCWUQveENUZDBSNUdKUDgzeU43c3ptSjVrUjIwUWpNL2pKdkd1N3JSeW02CkkranZRc1JvVE5lYWo4MmNTc0dpRHlIeU9TZHNWQ0IycHdLQ0FRQTBHMDJhNXVySzd6VTlBeXlFaTkwU0tUUWEKWS9xUFJYdEtjcVBwUGJGcXk4dmFhbk9LdHFpK0JXNzZLUkxTWklTWmVOdkJXMzM1Z2ZMZW5RdDRqcFFwdi9mOApVSjZRYmVSaE5hSHRCZTFQKzZKaFl5UkVIN3V6c1RmcWh1d2JaaTZQZW04SHdVUk5Vc0NJZ0lycWwwWWpaMDdECi9KRVNSSkI1ZXdxTi9vUkhNM25UNDdhOU1ldE9ZYmw5djV3djZEbVcxUk5VdytlZzlDcWFEdGNoNnp1d2JUZk4KZmVDV0h1RHhiTEVBV0RCWVROeE1nTytvVlZJOUIwZG4zbE51TGdwY3BGcnZGMVk4REh5bVVGRDVBSUI4dC9CNwp4MWE2dG9aeEZhdmxvdXRWQzBFVDQyczFNb0p5OUJhY2RGd1V4N2IrVGFIeWpLakV2aldxODhqOGhsTGgKLS0tLS1FTkQgUlNBIFBSSVZBVEUgS0VZLS0tLS0K\n    token: cyakfax3lnc4nh8qhdlwy0sktectdp58byg23sgzsub417kdwr8lde846fet96lxh841zktlcawu2y7jjdg5twp4sl0ojoceeu9mhkav6idyx2ok0nj0oopr5hi7fwgn\n",
      "type": "string",
      "sensitive": true
    }
  },
  "resources": [
    {
      "mode": "managed",
      "type": "azurerm_application_security_group",
      "name": "sec_address_public",
      "provider": "provider[\"registry.terraform.io/hashicorp/azurerm\"]",
      "instances": [
        {
          "schema_version": 0,
          "attributes": {
            "id": "/subscriptions/613ad620-f6ee-4055-bd0a-68a93656bee3/resourceGroups/nodes-rs-lolas-ep/providers/Microsoft.Network/applicationSecurityGroups/public",
            "location": "westeurope",
            "name": "public",
            "resource_group_name": "nodes-rs-lolas-ep",
            "tags": null,
            "timeouts": null
          },
          "sensitive_attributes": [],
          "private": "eyJlMmJmYjczMC1lY2FhLTExZTYtOGY4OC0zNDM2M2JjN2M0YzAiOnsiY3JlYXRlIjoxODAwMDAwMDAwMDAwLCJkZWxldGUiOjE4MDAwMDAwMDAwMDAsInJlYWQiOjMwMDAwMDAwMDAwMCwidXBkYXRlIjoxODAwMDAwMDAwMDAwfX0=",
          "dependencies": [
            "azurerm_resource_group.rg-ep"
          ]
        }
      ]
    },
    {
      "mode": "managed",
      "type": "azurerm_application_security_group",
      "name": "sec_address_site",
      "provider": "provider[\"registry.terraform.io/hashicorp/azurerm\"]",
      "instances": [
        {
          "schema_version": 0,
          "attributes": {
            "id": "/subscriptions/613ad620-f6ee-4055-bd0a-68a93656bee3/resourceGroups/nodes-rs-lolas-ep/providers/Microsoft.Network/applicationSecurityGroups/site",
            "location": "westeurope",
            "name": "site",
            "resource_group_name": "nodes-rs-lolas-ep",
            "tags": null,
            "timeouts": null
          },
          "sensitive_attributes": [],
          "private": "eyJlMmJmYjczMC1lY2FhLTExZTYtOGY4OC0zNDM2M2JjN2M0YzAiOnsiY3JlYXRlIjoxODAwMDAwMDAwMDAwLCJkZWxldGUiOjE4MDAwMDAwMDAwMDAsInJlYWQiOjMwMDAwMDAwMDAwMCwidXBkYXRlIjoxODAwMDAwMDAwMDAwfX0=",
          "dependencies": [
            "azurerm_resource_group.rg-ep"
          ]
        }
      ]
    },
    {
      "mode": "managed",
      "type": "azurerm_kubernetes_cluster",
      "name": "aks",
      "provider": "provider[\"registry.terraform.io/hashicorp/azurerm\"]",
      "instances": [
        {
          "schema_version": 2,
          "attributes": {
            "aci_connector_linux": [],
            "api_server_access_profile": [],
            "api_server_authorized_ip_ranges": [],
            "auto_scaler_profile": [
              {
                "balance_similar_node_groups": false,
                "empty_bulk_delete_max": "10",
                "expander": "random",
                "max_graceful_termination_sec": "600",
                "max_node_provisioning_time": "15m",
                "max_unready_nodes": 3,
                "max_unready_percentage": 45,
                "new_pod_scale_up_delay": "0s",
                "scale_down_delay_after_add": "10m",
                "scale_down_delay_after_delete": "10s",
                "scale_down_delay_after_failure": "3m",
                "scale_down_unneeded": "10m",
                "scale_down_unready": "20m",
                "scale_down_utilization_threshold": "0.5",
                "scan_interval": "10s",
                "skip_nodes_with_local_storage": false,
                "skip_nodes_with_system_pods": true
              }
            ],
            "automatic_channel_upgrade": "stable",
            "azure_active_directory_role_based_access_control": [],
            "azure_policy_enabled": false,
            "default_node_pool": [
              {
                "capacity_reservation_group_id": "",
                "custom_ca_trust_enabled": false,
                "enable_auto_scaling": true,
                "enable_host_encryption": false,
                "enable_node_public_ip": false,
                "fips_enabled": false,
                "host_group_id": "",
                "kubelet_config": [],
                "kubelet_disk_type": "OS",
                "linux_os_config": [],
                "max_count": 5,
                "max_pods": 30,
                "message_of_the_day": "",
                "min_count": 1,
                "name": "lolassys",
                "node_count": 1,
                "node_labels": {},
                "node_network_profile": [],
                "node_public_ip_prefix_id": "",
                "node_taints": null,
                "only_critical_addons_enabled": false,
                "orchestrator_version": "1.25.4",
                "os_disk_size_gb": 128,
                "os_disk_type": "Managed",
                "os_sku": "Ubuntu",
                "pod_subnet_id": "",
                "proximity_placement_group_id": "",
                "scale_down_mode": "Delete",
                "tags": {
                  "ManagedBy": "Terraform",
                  "env": "Production",
                  "last_version": "1.19.07",
                  "upgrade": "test",
                  "version": "1.25.4"
                },
                "type": "VirtualMachineScaleSets",
                "ultra_ssd_enabled": false,
                "upgrade_settings": [],
                "vm_size": "Standard_D2_v2",
                "vnet_subnet_id": "/subscriptions/613ad620-f6ee-4055-bd0a-68a93656bee3/resourceGroups/lolas/providers/Microsoft.Network/virtualNetworks/lolas-vnet/subnets/core",
                "workload_runtime": "",
                "zones": null
              }
            ],
            "disk_encryption_set_id": "",
            "dns_prefix": "lolas",
            "dns_prefix_private_cluster": "",
            "edge_zone": "",
            "enable_pod_security_policy": false,
            "fqdn": "lolas-lzl6yzfw.hcp.westeurope.azmk8s.io",
            "http_application_routing_enabled": true,
            "http_application_routing_zone_name": "530a8f3fe0a343248ea7.westeurope.aksapp.io",
            "http_proxy_config": [],
            "id": "/subscriptions/613ad620-f6ee-4055-bd0a-68a93656bee3/resourceGroups/lolas/providers/Microsoft.ContainerService/managedClusters/lolas",
            "identity": [
              {
                "identity_ids": null,
                "principal_id": "7a16410e-ef1f-4ee5-b896-473ed86b9e09",
                "tenant_id": "228162eb-4233-49b4-8c17-7fab3deb48ca",
                "type": "SystemAssigned"
              }
            ],
            "image_cleaner_enabled": false,
            "image_cleaner_interval_hours": 48,
            "ingress_application_gateway": [],
            "key_management_service": [],
            "key_vault_secrets_provider": [],
            "kube_admin_config": [],
            "kube_admin_config_raw": "",
            "kube_config": [
              {
                "client_certificate": "LS0tLS1CRUdJTiBDRVJUSUZJQ0FURS0tLS0tCk1JSUZIVENDQXdXZ0F3SUJBZ0lRR1NHbW9XbUdYdEJCT1dvem50alJrVEFOQmdrcWhraUc5dzBCQVFzRkFEQU4KTVFzd0NRWURWUVFERXdKallUQWVGdzB5TXpBek16QXhNalF3TVRsYUZ3MHlOVEF6TXpBeE1qVXdNVGxhTURBeApGekFWQmdOVkJBb1REbk41YzNSbGJUcHRZWE4wWlhKek1SVXdFd1lEVlFRREV3eHRZWE4wWlhKamJHbGxiblF3CmdnSWlNQTBHQ1NxR1NJYjNEUUVCQVFVQUE0SUNEd0F3Z2dJS0FvSUNBUUNrMkpoSzRlbUM5S0VxYlFNZ0Y4SjQKWXY2RWYzZWFBU2xxdkk2bzRRc3hmTE1CaUpSdkZRUWJJUzJHdXlweHVvbVl0RjlMalBWWi96djFkczVvZmxrYQp3aWM3anI1a0FXK2pSSHVzTGtUdHZld3ZiZEZWMjZTQm5TRDNZUXdyV2lUMUdaejlDV0lEOFI5U3hFMnFpSmh5CkQ3Z3VUVE56am5SUlNNSVZmbTNiZ2xiVVJoSm5FaGNkWVBuQW56Q3FsU2tETzJCNXB0NDBtRXlnK3g0eVY0cVEKbmtpM1FwZ2FnYnhwUUVOdDRRL2NSOHpJR2lVclE2R0laNWZzWjIwQ3ZxVTAvMVZpYVNaU3hOaE1SQXFreTY1VApRcWNidVRhZlZkbU5UUHpRQWE3WHo2dXR6NnpKUVpSZWQwdHl6NUlDMWIrZWtrcGlXQWRsWEVHcDFldDF0Yy9pCnp0ZEc2LzV1Z0FEZE91ckpKTk45QVZtNTNHZmhVMDFBWVV6K25xU1ptaThEd3RkcU44OEdsTSswaVdHK3M3b1gKanQ0TGhraG1odnF4NTZaUVQ5c3hGV2RraGRlWDZQRFIrc0tKd1MxLzhrS3NsaG9vZWF6eVlNWmRGSFVqempveQo4dzM4Rldsenh4OXdoMHZBSjErU0g1RzA4RUwvV0QreHZxSmoyVEQxZitmOGZjWi9yYk1LUVd4cGhoa281Q2VOCjhTSm80NU5uYXJTdnR2MlhsamFwU2hWZVhKVUpEVDJlL1BmVEFjRnZSYzlhbG5WYzh5c1dPTmVUYUhud2tvbFkKMkRCeUF4WVBYSCs1ZWhud2habXBScmsrQmcwbnBNLzdYT0ZNbGdIQWtuYXcxTUREYzlzNFF6K3ROcHNHRkNUTAoyRkJnc0U5ZGRvTEdBVVBBcXpyV3B3SURBUUFCbzFZd1ZEQU9CZ05WSFE4QkFmOEVCQU1DQmFBd0V3WURWUjBsCkJBd3dDZ1lJS3dZQkJRVUhBd0l3REFZRFZSMFRBUUgvQkFJd0FEQWZCZ05WSFNNRUdEQVdnQlQ4Vm5JUi9EbHAKMlJHcGl6dGxRQ0FLTDNMeWp6QU5CZ2txaGtpRzl3MEJBUXNGQUFPQ0FnRUFHTmt4YjFVbXo1UURYZDZHT0RDQQo1Z2VLOUtDQmgrQUR5T1prcWZxc3lTYUpIcXpsVGdGUjJWb20wWVhOK3hmMEpPcURsWFRnV0tORFEvUGovMFdwCm45aWRaelgydXlmclhSUWpvci9pWGxOcTh4b3B5WVR6dzFZVWk0MjRBVE51eVhTTmlGdFh4K0hZLzZqWVdTYUMKQ1NMYmd3TjY2anJyYnhnRENTcDNrZTk4ZTAyT21mU0RFZ2l0NDMwRU1IUm1relZsWjdHajY2UnI1bDhyT3dGUAphUmk5Q29vbUhZdkFKZVY0TGVGU0ROdytaRlo2Rm9LL3JhZXc5UkIwTFUydWNRNUVERW9aT3RSenhUM3MzcU1uCnliVHIrbGIyMjJaaThTMG4xeXVmSXR1SC9LUGNod2JRK0E4c1NhWjN3czY5TGVCMmY5bEtSelh6dWw4WkM3YmMKdUkxbFR1WHRNVXFmVnhjTU1jbE1kbFEzcHNjNlg0NUFNQXhaMW8xQmxkcFhkeFE1UnJOY0F2M25YWFBkZUZlcwo3TzZZWC82ZjNlemwyVlYyb0JFTVE0ZEpmNFNJZjNjMlVBM2JsQTFsNTFRRmRZdEkwZFBUd2wrK2U0bVFGQjlqCnpYREJZK0dXR24yeElSTWhtcldacnI4cW1UR3E2S2VkTjNZTkQwQmxTcEVUTWhRSGxMdkkyZ3ZHL2JxWmhEQXgKaHdXWTF0VFhLL1lDYVAxbVZ0TFZwYTUvTUlKR01tM0s5eUZqMW1uaFg1UW9WSlh1WlIyeGUyRW5uZUYxTmNuMQp2TEVqajcweWszNHhLcW5Wb0VrN2dCYWhhV2ZjbGVsenh5QmRIT2F0OVFYQjluZFRmck5XVEtnMW5LS0Z5RW5KCnVxRWxWS3JUNHp5Sng5U2JVZTA3TTRRPQotLS0tLUVORCBDRVJUSUZJQ0FURS0tLS0tCg==",
                "client_key": "LS0tLS1CRUdJTiBSU0EgUFJJVkFURSBLRVktLS0tLQpNSUlKS1FJQkFBS0NBZ0VBcE5pWVN1SHBndlNoS20wRElCZkNlR0wraEg5M21nRXBhcnlPcU9FTE1YeXpBWWlVCmJ4VUVHeUV0aHJzcWNicUptTFJmUzR6MVdmODc5WGJPYUg1WkdzSW5PNDYrWkFGdm8wUjdyQzVFN2Izc0wyM1IKVmR1a2daMGc5MkVNSzFvazlSbWMvUWxpQS9FZlVzUk5xb2lZY2crNExrMHpjNDUwVVVqQ0ZYNXQyNEpXMUVZUwpaeElYSFdENXdKOHdxcFVwQXp0Z2VhYmVOSmhNb1BzZU1sZUtrSjVJdDBLWUdvRzhhVUJEYmVFUDNFZk15Qm9sCkswT2hpR2VYN0dkdEFyNmxOUDlWWW1rbVVzVFlURVFLcE11dVUwS25HN2sybjFYWmpVejgwQUd1MTgrcnJjK3MKeVVHVVhuZExjcytTQXRXL25wSktZbGdIWlZ4QnFkWHJkYlhQNHM3WFJ1ditib0FBM1RycXlTVFRmUUZadWR4bgo0Vk5OUUdGTS9wNmttWm92QThMWGFqZlBCcFRQdElsaHZyTzZGNDdlQzRaSVpvYjZzZWVtVUUvYk1SVm5aSVhYCmwrancwZnJDaWNFdGYvSkNySllhS0htczhtREdYUlIxSTg0Nk12TU4vQlZwYzhjZmNJZEx3Q2Rma2grUnRQQkMKLzFnL3NiNmlZOWt3OVgvbi9IM0dmNjJ6Q2tGc2FZWVpLT1FuamZFaWFPT1RaMnEwcjdiOWw1WTJxVW9WWGx5VgpDUTA5bnZ6MzB3SEJiMFhQV3BaMVhQTXJGampYazJoNThKS0pXTmd3Y2dNV0QxeC91WG9aOElXWnFVYTVQZ1lOCko2VFArMXpoVEpZQndKSjJzTlRBdzNQYk9FTS9yVGFiQmhRa3k5aFFZTEJQWFhhQ3hnRkR3S3M2MXFjQ0F3RUEKQVFLQ0FnQmJNcHptYUo5SVhOQkE2WGhlSytiaHRWcTdzTTFaUFNWTnNLMTREckNqbXlwcFFjZGt3UXE1ZTV4MQpPbHpiK0dnaFBFQ3dTblorYUs4aU9LMHVzQi9acHVvUGtBUVN6WnlXaGMrcHpSdERMOXhYelBpUCtHakZjRW1KCnNuNEtDZUFDWFQ0MTJ4Z0h1RUV0Qi84enhrZ1lha3ZxQ2JuYVIwaGdvOUVFRlNMdjJ1YndueWVWTURQcmcvZ0kKTWNtNXhiV2YzUnlka016RDZqSVNxWHJtUFBvaTBmN0dyQ2Y4R2lSRFVsTTdtZFN0ZUdkNW1NVlJieVFSazhZLworbVFiclo4MmQ4QWtKcW9XQm1MbnBva0E3Tkl2cStOSmVpa1c4MmJkUG1kcktGTXpmK2VwekFmNmU3WjZvS0wwCkRKUHB6NWtvUUNTNHpaeWgzZTFSNlZCUG1kczg2dGtSdzFvWStTd2g4cXdWWWdSdzFZSVVmellqSnBWZUZwR2cKKzBpYXpwYXFnaDVlQUIxSmVFcGVBdkxhL2xJanZBcnpFYzcrZXRCenFDZ0o0UnRqZG9hMXFPRC9KbzdaWUhDbwpBeExvM01Fbm1FYjZISStkcEkxRFJtU0VzVzhYRGxPck1DOHNwc0wrZEtpVmUyWjRRVHovM3FsSUJETy9MS3BaCmlsVDZNN2hUbTN1dFZiTjV2bEMva1luNWlrenJBd1lNMTRuTGEwY2ZxVE40ekJ2dk9SU1doYlpZRDdJaTJmS00KcEdEcXZoQTBUQ3FLUmZ5SjV2K0dVeWZkSnQ4QjlvaS9iQ09jU3FJSGdtdkQydFlSYkRpL1ZHYlVqcU9rUjVuYwpUUGtzMmo2SHZ5ak02bCt5RVJWZVpNNjJuTWxCU2U4OGpWUktWWk1qZFlxS042VW40UUtDQVFFQTFibk0xTWJHCisvZTBySThFYkFpUE1KQkRkeHJRNE1XaHBXNHpHUXREWjVVZ0FwMkYrQXVKOGZKVnpWOFhYaTdtK2E1dHdkTGgKNGpIM3ZsZ1BzNG0yTjQ0eDEvekx5bnp3QVlVUVFYUVpJWmlGM3Q4VitKUGF3TG1BY3NFeVpLUzltTU0xMWc2ZAo2bUpaa1Q4Z3VvVisxNndPRHZxSmt2NW9xRksyZ2ZjTWl2bG02bm9xb1N4YVBwbHNES2pXTGUxRlpUdVNYcUtSCkljaDNKaEVjblg4VHNjSjVwWnFJd1c3cUE1NzVKV09JTjVicTB4TUU1ekxVN0s3R0xyL1NFQ1pRZGFxVXJFbGgKdk1PSVl1UW5sMlYwSXdJa0JJYWVGZHl4dWhqa2Zta210MzFURmpsOHRKT1VzOExVV1VZTERXckZSYlRGVCt1NwpvOGUySXdwYmpnY1cwUUtDQVFFQXhYTzU1d0lFMlcxYzlIaGRLV21GUVFLckZLUmhwY0JqOURXc1VHMS9BNlRqCnVXS2NIdDJpdGVNdHkyQWFQU1FXeGt1aDRyRkt3dW1nY3ZOemt1SWZIUU1rOFIvYm5zOHArZ1Era0t1a0NLWWMKSzhxNkJkV0toQXhUa2xqcWNhQ2puSXRzOTBUL2I2YzZiQ1Y1dHM1WHhaR2JoMTcyL0M2U2JIMlIrNVRua3pOMQppdFNUcm9rTXU5Tkh5eGVNWEV5ZUtqNmh1T1ZndVQyWWxSVGh1TTQyS1pQMTYybUtGc3RWeWIyd0Z4WTFFY1c1CnptU1gyNUhuWThaQXpDRWgrSStOT211T2hXMmQ3U0hmT2NVek1ta3dkTXJJYnIxSlRYdHBXNS9DUWpDaUluWUYKNDl5UDVSWHFFQzRhVHh0L0ZFR0RWWUlDS1lyeEFvcmZWNU9ZNGNGajl3S0NBUUVBb0o4TFRsbTVUOEhnZWRMZAo2dWNmM2NwOXVYUmd5SndlbUxwU0VwOUJZQVpWMFVGYlhvZ2xlcnk2T1NjZTQ3eHgvL0ZVTVZkd1JWTnlNZzN5CmR1YW5GK2Q0bEM4N1pRa3lRcUlqRGwzWFNVVmNUcHZ2NGlvVU84VHR3TkJyTS9JUFAxQnVGRnBWMmNGaU9PTnQKa0dBbGJLYTB4aE1KODN2WllhOFAxR3E3ZFhKc0l3bi9JYk80ZXRWSXU5YmphQTZxbWFNRXBMU2VSL3BsZVNsaApEUWhrMzdJZFJCVDRkQThNTmY1eWxlUFFpcDZVQ2w5L3p0V0g2ZnlMbXJTMGhVaVdMV2d1WmJDY2tJV082V3M0ClNmS0lMb3M4VUY1dlRsVFhDTm9PVnVabG4zN0RRNitlaGdObnZSVk9DMjIxZnJiZ1hUdTNFaEpDcVpxOHltYk4KV2RjQUVRS0NBUUVBaXo1K1ptdWxFZFF2RG5SbmRwSGttQ0VTbHY4Sm9jTlllZHIwQnRBQkY0ZkwxR3UzSDRrNwplcnVZQ3VsZDk2b2dxWHlpMEdRcERlV0Y4aXEvWVdFM2dkVTYweFNkWTVSQ3pQNzdSRGpXK0FaMHJXbE00RnBrClVaVUR4cHdQMFV2d3RiQVppeE5NYytmaHFteVBOaHkwQnk4VkdGVWZKbDZOZ2hiWHdTeVVWdG1lVmVadHMxTVEKK05BWnZCNkNMSUVYdFVEditaMUJKY0ZMZmk3NHM4UXdyQWVkRUlRZ0RzMGNWYVlBclhkS3U1ck4yc0JUMjFNOApjNzlXNk4yZ3dGSXp6WFFXVVFBcHRCWUQveENUZDBSNUdKUDgzeU43c3ptSjVrUjIwUWpNL2pKdkd1N3JSeW02CkkranZRc1JvVE5lYWo4MmNTc0dpRHlIeU9TZHNWQ0IycHdLQ0FRQTBHMDJhNXVySzd6VTlBeXlFaTkwU0tUUWEKWS9xUFJYdEtjcVBwUGJGcXk4dmFhbk9LdHFpK0JXNzZLUkxTWklTWmVOdkJXMzM1Z2ZMZW5RdDRqcFFwdi9mOApVSjZRYmVSaE5hSHRCZTFQKzZKaFl5UkVIN3V6c1RmcWh1d2JaaTZQZW04SHdVUk5Vc0NJZ0lycWwwWWpaMDdECi9KRVNSSkI1ZXdxTi9vUkhNM25UNDdhOU1ldE9ZYmw5djV3djZEbVcxUk5VdytlZzlDcWFEdGNoNnp1d2JUZk4KZmVDV0h1RHhiTEVBV0RCWVROeE1nTytvVlZJOUIwZG4zbE51TGdwY3BGcnZGMVk4REh5bVVGRDVBSUI4dC9CNwp4MWE2dG9aeEZhdmxvdXRWQzBFVDQyczFNb0p5OUJhY2RGd1V4N2IrVGFIeWpLakV2aldxODhqOGhsTGgKLS0tLS1FTkQgUlNBIFBSSVZBVEUgS0VZLS0tLS0K",
                "cluster_ca_certificate": "LS0tLS1CRUdJTiBDRVJUSUZJQ0FURS0tLS0tCk1JSUU2RENDQXRDZ0F3SUJBZ0lRSkxIT20yYjBFRXBDZnltVTI4cVkyREFOQmdrcWhraUc5dzBCQVFzRkFEQU4KTVFzd0NRWURWUVFERXdKallUQWdGdzB5TXpBek16QXhNalF3TVRsYUdBOHlNRFV6TURNek1ERXlOVEF4T1ZvdwpEVEVMTUFrR0ExVUVBeE1DWTJFd2dnSWlNQTBHQ1NxR1NJYjNEUUVCQVFVQUE0SUNEd0F3Z2dJS0FvSUNBUUNlClkza0c4MVRlSzNkc3RjVFdvcU1PSVFNNmtJbkFZZVFNVWFmTVcwSjhFQnVXOG5kL29tbVNWUzFHWmhsMDlwaVMKdDA5eGYyK2luallYNGlNeEtzSVlYOW4rT1NkQVFEb2tNd3JKb1Y3aDh4VDZrMGRrM2R1L3IwcFN1alpyZVBSaQpsYmxWZzNyd0tLUXZIZ2NvamRRSytKKytZejdvMkE2NDYxbW5GbzA5WktXMEZ0MW5UZENlZkNuTGxZSVE4TG54CitTR3FadTFHWExNSGNlUG81YUhkd2ZrRGpwMDdxWkdRRVllVmhmeWdjRDJNQzh4TUxoWmJLWEFXYXJJTWNjMVEKaGV6K0ttdlJYWDRpM2lOeVNwNHdRMkJGUWRZNlprVHF1Tm5hNllmd0doR3dnRFVJZ0hMT3FMdTVEaE42NzBDWQp5WDZwSEtOOWtqZ2pCREx1NWIrNWI5TkM0QXNtNHZPRXdzbFlwK1kwdUI1eVNLMzc1ajF6NVpaM2hML0kzczZ3CmxsK3QreWtraGh0Rmtja01NUTd4U3doeEp5elVNbDJNTW1oaUVBWW11bHVtQmxLQjhUMTFyOHp0NGlzZkxCTTUKSDJ6MXdmM0k3dEZjMXVRai9aOTdpbXBGQnFIbmJxWVBUb09yT3BrbElmeWNVNEtwY0Y0QkhUSHFRTjJkNmVueQpFNjJBZTk4bTI3QmFNNkZnLzhhTUI5Smo0ZE5xbDBHSlc3T2NZcXpKNCtxeThVeVhwVmRtODN6N3NOUENZemFtCmJqTGJnZXV3M2h2TWdyazl5U1NiMTRLakpKZzhveGhIdFR1cC9yckFNNVR3SXVtZ3VWUUtuVGhtT1A5WEEvNVYKSnF3dC9CaTdLVU1NMXh6UmVVQlUrNWp1NmRpMHVHYWlkNThjOC9MRHRRSURBUUFCbzBJd1FEQU9CZ05WSFE4QgpBZjhFQkFNQ0FxUXdEd1lEVlIwVEFRSC9CQVV3QXdFQi96QWRCZ05WSFE0RUZnUVUvRlp5RWZ3NWFka1JxWXM3ClpVQWdDaTl5OG84d0RRWUpLb1pJaHZjTkFRRUxCUUFEZ2dJQkFHaVI1RVFQQ3l2cGpYUU50ZU5qUVhVL0x5aGIKYlhQdVhhamFkZjFRSVNTV2N0MitHV0xEb1JwZ1FheUVIcmZDcHpJY2ttTVBwcWlMTmNCQld6cDN3ZmRQdktTZgpIeFE5Ky9UZHRpNWVoOVJ5NUZ6SzNiVUF3VFhwZlZDYjBZckd2TktQTndDVTE2UWFlb1U5c2VBeGJ6Mk4wYnZ0CmJkWktCY3pINmhDOWZvNGFqMGxsN1ZLNkF1S25QUEJETkY2L3M2SERCemNFYTBTcGdldURjT1pObTJ3ekVqbHYKdm1zQ05DRXVTSFVmaFRYWkxkUlpDWnMvSmxVU2Q0NTJyTmVrMmNRMURXOE5CaldlNG1HMzgyTFZ3ZzJRUzk5eQppMTRLN0hRdXNKdS9HaE9qenpQUHhYZ3NnaVloSnFaRFVSaWZmbFZqdHpiRk53emhOOHVmNEYwVDBJTlU2ZTBhCm5EQ0JjTUltOC9nTmlncG9nQ2d2dkJuNUdSMjdaOG9GNCszOU1DSGNnMUpjekJGSVRMRXVucXZVWkNJN1BmRlkKTHpEbllLVHJHWXE1Mms0SVZvM3VOMjU1OXFoWUs5YUlFOG9DOHliWnNRQ0lzUlh2dlMxQUprZk5CRFJlQ3dLdwozVlhxVlk2OGZuSDlLWUdTRHo2a3VoUmoyNFBySXRXaS83eGRvaml2VGRMekNqYXllTzdXc3lyTEdXVXNrK25QCjZKeVQweHNyWlJhT3lQVlNlbVYrVS90M3ljV3VhMDJhdVZjcTlYVW83Tm1ENGNYdkEwTndwVDFGSGxLWFg2ZDkKZ21KNUh3VmhTNXVZMXp5ZUhYRkVWVFliYm9VcDhRWnlUdE5nUTg1ZEh6OXl6NC9OQk1xSGEzTlIwRFRCbGpwWApxOC95WjJvZFNTemU4OWowCi0tLS0tRU5EIENFUlRJRklDQVRFLS0tLS0K",
                "host": "https://lolas-lzl6yzfw.hcp.westeurope.azmk8s.io:443",
                "password": "cyakfax3lnc4nh8qhdlwy0sktectdp58byg23sgzsub417kdwr8lde846fet96lxh841zktlcawu2y7jjdg5twp4sl0ojoceeu9mhkav6idyx2ok0nj0oopr5hi7fwgn",
                "username": "clusterUser_lolas_lolas"
              }
            ],
            "kube_config_raw": "apiVersion: v1\nclusters:\n- cluster:\n    certificate-authority-data: LS0tLS1CRUdJTiBDRVJUSUZJQ0FURS0tLS0tCk1JSUU2RENDQXRDZ0F3SUJBZ0lRSkxIT20yYjBFRXBDZnltVTI4cVkyREFOQmdrcWhraUc5dzBCQVFzRkFEQU4KTVFzd0NRWURWUVFERXdKallUQWdGdzB5TXpBek16QXhNalF3TVRsYUdBOHlNRFV6TURNek1ERXlOVEF4T1ZvdwpEVEVMTUFrR0ExVUVBeE1DWTJFd2dnSWlNQTBHQ1NxR1NJYjNEUUVCQVFVQUE0SUNEd0F3Z2dJS0FvSUNBUUNlClkza0c4MVRlSzNkc3RjVFdvcU1PSVFNNmtJbkFZZVFNVWFmTVcwSjhFQnVXOG5kL29tbVNWUzFHWmhsMDlwaVMKdDA5eGYyK2luallYNGlNeEtzSVlYOW4rT1NkQVFEb2tNd3JKb1Y3aDh4VDZrMGRrM2R1L3IwcFN1alpyZVBSaQpsYmxWZzNyd0tLUXZIZ2NvamRRSytKKytZejdvMkE2NDYxbW5GbzA5WktXMEZ0MW5UZENlZkNuTGxZSVE4TG54CitTR3FadTFHWExNSGNlUG81YUhkd2ZrRGpwMDdxWkdRRVllVmhmeWdjRDJNQzh4TUxoWmJLWEFXYXJJTWNjMVEKaGV6K0ttdlJYWDRpM2lOeVNwNHdRMkJGUWRZNlprVHF1Tm5hNllmd0doR3dnRFVJZ0hMT3FMdTVEaE42NzBDWQp5WDZwSEtOOWtqZ2pCREx1NWIrNWI5TkM0QXNtNHZPRXdzbFlwK1kwdUI1eVNLMzc1ajF6NVpaM2hML0kzczZ3CmxsK3QreWtraGh0Rmtja01NUTd4U3doeEp5elVNbDJNTW1oaUVBWW11bHVtQmxLQjhUMTFyOHp0NGlzZkxCTTUKSDJ6MXdmM0k3dEZjMXVRai9aOTdpbXBGQnFIbmJxWVBUb09yT3BrbElmeWNVNEtwY0Y0QkhUSHFRTjJkNmVueQpFNjJBZTk4bTI3QmFNNkZnLzhhTUI5Smo0ZE5xbDBHSlc3T2NZcXpKNCtxeThVeVhwVmRtODN6N3NOUENZemFtCmJqTGJnZXV3M2h2TWdyazl5U1NiMTRLakpKZzhveGhIdFR1cC9yckFNNVR3SXVtZ3VWUUtuVGhtT1A5WEEvNVYKSnF3dC9CaTdLVU1NMXh6UmVVQlUrNWp1NmRpMHVHYWlkNThjOC9MRHRRSURBUUFCbzBJd1FEQU9CZ05WSFE4QgpBZjhFQkFNQ0FxUXdEd1lEVlIwVEFRSC9CQVV3QXdFQi96QWRCZ05WSFE0RUZnUVUvRlp5RWZ3NWFka1JxWXM3ClpVQWdDaTl5OG84d0RRWUpLb1pJaHZjTkFRRUxCUUFEZ2dJQkFHaVI1RVFQQ3l2cGpYUU50ZU5qUVhVL0x5aGIKYlhQdVhhamFkZjFRSVNTV2N0MitHV0xEb1JwZ1FheUVIcmZDcHpJY2ttTVBwcWlMTmNCQld6cDN3ZmRQdktTZgpIeFE5Ky9UZHRpNWVoOVJ5NUZ6SzNiVUF3VFhwZlZDYjBZckd2TktQTndDVTE2UWFlb1U5c2VBeGJ6Mk4wYnZ0CmJkWktCY3pINmhDOWZvNGFqMGxsN1ZLNkF1S25QUEJETkY2L3M2SERCemNFYTBTcGdldURjT1pObTJ3ekVqbHYKdm1zQ05DRXVTSFVmaFRYWkxkUlpDWnMvSmxVU2Q0NTJyTmVrMmNRMURXOE5CaldlNG1HMzgyTFZ3ZzJRUzk5eQppMTRLN0hRdXNKdS9HaE9qenpQUHhYZ3NnaVloSnFaRFVSaWZmbFZqdHpiRk53emhOOHVmNEYwVDBJTlU2ZTBhCm5EQ0JjTUltOC9nTmlncG9nQ2d2dkJuNUdSMjdaOG9GNCszOU1DSGNnMUpjekJGSVRMRXVucXZVWkNJN1BmRlkKTHpEbllLVHJHWXE1Mms0SVZvM3VOMjU1OXFoWUs5YUlFOG9DOHliWnNRQ0lzUlh2dlMxQUprZk5CRFJlQ3dLdwozVlhxVlk2OGZuSDlLWUdTRHo2a3VoUmoyNFBySXRXaS83eGRvaml2VGRMekNqYXllTzdXc3lyTEdXVXNrK25QCjZKeVQweHNyWlJhT3lQVlNlbVYrVS90M3ljV3VhMDJhdVZjcTlYVW83Tm1ENGNYdkEwTndwVDFGSGxLWFg2ZDkKZ21KNUh3VmhTNXVZMXp5ZUhYRkVWVFliYm9VcDhRWnlUdE5nUTg1ZEh6OXl6NC9OQk1xSGEzTlIwRFRCbGpwWApxOC95WjJvZFNTemU4OWowCi0tLS0tRU5EIENFUlRJRklDQVRFLS0tLS0K\n    server: https://lolas-lzl6yzfw.hcp.westeurope.azmk8s.io:443\n  name: lolas\ncontexts:\n- context:\n    cluster: lolas\n    user: clusterUser_lolas_lolas\n  name: lolas\ncurrent-context: lolas\nkind: Config\npreferences: {}\nusers:\n- name: clusterUser_lolas_lolas\n  user:\n    client-certificate-data: LS0tLS1CRUdJTiBDRVJUSUZJQ0FURS0tLS0tCk1JSUZIVENDQXdXZ0F3SUJBZ0lRR1NHbW9XbUdYdEJCT1dvem50alJrVEFOQmdrcWhraUc5dzBCQVFzRkFEQU4KTVFzd0NRWURWUVFERXdKallUQWVGdzB5TXpBek16QXhNalF3TVRsYUZ3MHlOVEF6TXpBeE1qVXdNVGxhTURBeApGekFWQmdOVkJBb1REbk41YzNSbGJUcHRZWE4wWlhKek1SVXdFd1lEVlFRREV3eHRZWE4wWlhKamJHbGxiblF3CmdnSWlNQTBHQ1NxR1NJYjNEUUVCQVFVQUE0SUNEd0F3Z2dJS0FvSUNBUUNrMkpoSzRlbUM5S0VxYlFNZ0Y4SjQKWXY2RWYzZWFBU2xxdkk2bzRRc3hmTE1CaUpSdkZRUWJJUzJHdXlweHVvbVl0RjlMalBWWi96djFkczVvZmxrYQp3aWM3anI1a0FXK2pSSHVzTGtUdHZld3ZiZEZWMjZTQm5TRDNZUXdyV2lUMUdaejlDV0lEOFI5U3hFMnFpSmh5CkQ3Z3VUVE56am5SUlNNSVZmbTNiZ2xiVVJoSm5FaGNkWVBuQW56Q3FsU2tETzJCNXB0NDBtRXlnK3g0eVY0cVEKbmtpM1FwZ2FnYnhwUUVOdDRRL2NSOHpJR2lVclE2R0laNWZzWjIwQ3ZxVTAvMVZpYVNaU3hOaE1SQXFreTY1VApRcWNidVRhZlZkbU5UUHpRQWE3WHo2dXR6NnpKUVpSZWQwdHl6NUlDMWIrZWtrcGlXQWRsWEVHcDFldDF0Yy9pCnp0ZEc2LzV1Z0FEZE91ckpKTk45QVZtNTNHZmhVMDFBWVV6K25xU1ptaThEd3RkcU44OEdsTSswaVdHK3M3b1gKanQ0TGhraG1odnF4NTZaUVQ5c3hGV2RraGRlWDZQRFIrc0tKd1MxLzhrS3NsaG9vZWF6eVlNWmRGSFVqempveQo4dzM4Rldsenh4OXdoMHZBSjErU0g1RzA4RUwvV0QreHZxSmoyVEQxZitmOGZjWi9yYk1LUVd4cGhoa281Q2VOCjhTSm80NU5uYXJTdnR2MlhsamFwU2hWZVhKVUpEVDJlL1BmVEFjRnZSYzlhbG5WYzh5c1dPTmVUYUhud2tvbFkKMkRCeUF4WVBYSCs1ZWhud2habXBScmsrQmcwbnBNLzdYT0ZNbGdIQWtuYXcxTUREYzlzNFF6K3ROcHNHRkNUTAoyRkJnc0U5ZGRvTEdBVVBBcXpyV3B3SURBUUFCbzFZd1ZEQU9CZ05WSFE4QkFmOEVCQU1DQmFBd0V3WURWUjBsCkJBd3dDZ1lJS3dZQkJRVUhBd0l3REFZRFZSMFRBUUgvQkFJd0FEQWZCZ05WSFNNRUdEQVdnQlQ4Vm5JUi9EbHAKMlJHcGl6dGxRQ0FLTDNMeWp6QU5CZ2txaGtpRzl3MEJBUXNGQUFPQ0FnRUFHTmt4YjFVbXo1UURYZDZHT0RDQQo1Z2VLOUtDQmgrQUR5T1prcWZxc3lTYUpIcXpsVGdGUjJWb20wWVhOK3hmMEpPcURsWFRnV0tORFEvUGovMFdwCm45aWRaelgydXlmclhSUWpvci9pWGxOcTh4b3B5WVR6dzFZVWk0MjRBVE51eVhTTmlGdFh4K0hZLzZqWVdTYUMKQ1NMYmd3TjY2anJyYnhnRENTcDNrZTk4ZTAyT21mU0RFZ2l0NDMwRU1IUm1relZsWjdHajY2UnI1bDhyT3dGUAphUmk5Q29vbUhZdkFKZVY0TGVGU0ROdytaRlo2Rm9LL3JhZXc5UkIwTFUydWNRNUVERW9aT3RSenhUM3MzcU1uCnliVHIrbGIyMjJaaThTMG4xeXVmSXR1SC9LUGNod2JRK0E4c1NhWjN3czY5TGVCMmY5bEtSelh6dWw4WkM3YmMKdUkxbFR1WHRNVXFmVnhjTU1jbE1kbFEzcHNjNlg0NUFNQXhaMW8xQmxkcFhkeFE1UnJOY0F2M25YWFBkZUZlcwo3TzZZWC82ZjNlemwyVlYyb0JFTVE0ZEpmNFNJZjNjMlVBM2JsQTFsNTFRRmRZdEkwZFBUd2wrK2U0bVFGQjlqCnpYREJZK0dXR24yeElSTWhtcldacnI4cW1UR3E2S2VkTjNZTkQwQmxTcEVUTWhRSGxMdkkyZ3ZHL2JxWmhEQXgKaHdXWTF0VFhLL1lDYVAxbVZ0TFZwYTUvTUlKR01tM0s5eUZqMW1uaFg1UW9WSlh1WlIyeGUyRW5uZUYxTmNuMQp2TEVqajcweWszNHhLcW5Wb0VrN2dCYWhhV2ZjbGVsenh5QmRIT2F0OVFYQjluZFRmck5XVEtnMW5LS0Z5RW5KCnVxRWxWS3JUNHp5Sng5U2JVZTA3TTRRPQotLS0tLUVORCBDRVJUSUZJQ0FURS0tLS0tCg==\n    client-key-data: LS0tLS1CRUdJTiBSU0EgUFJJVkFURSBLRVktLS0tLQpNSUlKS1FJQkFBS0NBZ0VBcE5pWVN1SHBndlNoS20wRElCZkNlR0wraEg5M21nRXBhcnlPcU9FTE1YeXpBWWlVCmJ4VUVHeUV0aHJzcWNicUptTFJmUzR6MVdmODc5WGJPYUg1WkdzSW5PNDYrWkFGdm8wUjdyQzVFN2Izc0wyM1IKVmR1a2daMGc5MkVNSzFvazlSbWMvUWxpQS9FZlVzUk5xb2lZY2crNExrMHpjNDUwVVVqQ0ZYNXQyNEpXMUVZUwpaeElYSFdENXdKOHdxcFVwQXp0Z2VhYmVOSmhNb1BzZU1sZUtrSjVJdDBLWUdvRzhhVUJEYmVFUDNFZk15Qm9sCkswT2hpR2VYN0dkdEFyNmxOUDlWWW1rbVVzVFlURVFLcE11dVUwS25HN2sybjFYWmpVejgwQUd1MTgrcnJjK3MKeVVHVVhuZExjcytTQXRXL25wSktZbGdIWlZ4QnFkWHJkYlhQNHM3WFJ1ditib0FBM1RycXlTVFRmUUZadWR4bgo0Vk5OUUdGTS9wNmttWm92QThMWGFqZlBCcFRQdElsaHZyTzZGNDdlQzRaSVpvYjZzZWVtVUUvYk1SVm5aSVhYCmwrancwZnJDaWNFdGYvSkNySllhS0htczhtREdYUlIxSTg0Nk12TU4vQlZwYzhjZmNJZEx3Q2Rma2grUnRQQkMKLzFnL3NiNmlZOWt3OVgvbi9IM0dmNjJ6Q2tGc2FZWVpLT1FuamZFaWFPT1RaMnEwcjdiOWw1WTJxVW9WWGx5VgpDUTA5bnZ6MzB3SEJiMFhQV3BaMVhQTXJGampYazJoNThKS0pXTmd3Y2dNV0QxeC91WG9aOElXWnFVYTVQZ1lOCko2VFArMXpoVEpZQndKSjJzTlRBdzNQYk9FTS9yVGFiQmhRa3k5aFFZTEJQWFhhQ3hnRkR3S3M2MXFjQ0F3RUEKQVFLQ0FnQmJNcHptYUo5SVhOQkE2WGhlSytiaHRWcTdzTTFaUFNWTnNLMTREckNqbXlwcFFjZGt3UXE1ZTV4MQpPbHpiK0dnaFBFQ3dTblorYUs4aU9LMHVzQi9acHVvUGtBUVN6WnlXaGMrcHpSdERMOXhYelBpUCtHakZjRW1KCnNuNEtDZUFDWFQ0MTJ4Z0h1RUV0Qi84enhrZ1lha3ZxQ2JuYVIwaGdvOUVFRlNMdjJ1YndueWVWTURQcmcvZ0kKTWNtNXhiV2YzUnlka016RDZqSVNxWHJtUFBvaTBmN0dyQ2Y4R2lSRFVsTTdtZFN0ZUdkNW1NVlJieVFSazhZLworbVFiclo4MmQ4QWtKcW9XQm1MbnBva0E3Tkl2cStOSmVpa1c4MmJkUG1kcktGTXpmK2VwekFmNmU3WjZvS0wwCkRKUHB6NWtvUUNTNHpaeWgzZTFSNlZCUG1kczg2dGtSdzFvWStTd2g4cXdWWWdSdzFZSVVmellqSnBWZUZwR2cKKzBpYXpwYXFnaDVlQUIxSmVFcGVBdkxhL2xJanZBcnpFYzcrZXRCenFDZ0o0UnRqZG9hMXFPRC9KbzdaWUhDbwpBeExvM01Fbm1FYjZISStkcEkxRFJtU0VzVzhYRGxPck1DOHNwc0wrZEtpVmUyWjRRVHovM3FsSUJETy9MS3BaCmlsVDZNN2hUbTN1dFZiTjV2bEMva1luNWlrenJBd1lNMTRuTGEwY2ZxVE40ekJ2dk9SU1doYlpZRDdJaTJmS00KcEdEcXZoQTBUQ3FLUmZ5SjV2K0dVeWZkSnQ4QjlvaS9iQ09jU3FJSGdtdkQydFlSYkRpL1ZHYlVqcU9rUjVuYwpUUGtzMmo2SHZ5ak02bCt5RVJWZVpNNjJuTWxCU2U4OGpWUktWWk1qZFlxS042VW40UUtDQVFFQTFibk0xTWJHCisvZTBySThFYkFpUE1KQkRkeHJRNE1XaHBXNHpHUXREWjVVZ0FwMkYrQXVKOGZKVnpWOFhYaTdtK2E1dHdkTGgKNGpIM3ZsZ1BzNG0yTjQ0eDEvekx5bnp3QVlVUVFYUVpJWmlGM3Q4VitKUGF3TG1BY3NFeVpLUzltTU0xMWc2ZAo2bUpaa1Q4Z3VvVisxNndPRHZxSmt2NW9xRksyZ2ZjTWl2bG02bm9xb1N4YVBwbHNES2pXTGUxRlpUdVNYcUtSCkljaDNKaEVjblg4VHNjSjVwWnFJd1c3cUE1NzVKV09JTjVicTB4TUU1ekxVN0s3R0xyL1NFQ1pRZGFxVXJFbGgKdk1PSVl1UW5sMlYwSXdJa0JJYWVGZHl4dWhqa2Zta210MzFURmpsOHRKT1VzOExVV1VZTERXckZSYlRGVCt1NwpvOGUySXdwYmpnY1cwUUtDQVFFQXhYTzU1d0lFMlcxYzlIaGRLV21GUVFLckZLUmhwY0JqOURXc1VHMS9BNlRqCnVXS2NIdDJpdGVNdHkyQWFQU1FXeGt1aDRyRkt3dW1nY3ZOemt1SWZIUU1rOFIvYm5zOHArZ1Era0t1a0NLWWMKSzhxNkJkV0toQXhUa2xqcWNhQ2puSXRzOTBUL2I2YzZiQ1Y1dHM1WHhaR2JoMTcyL0M2U2JIMlIrNVRua3pOMQppdFNUcm9rTXU5Tkh5eGVNWEV5ZUtqNmh1T1ZndVQyWWxSVGh1TTQyS1pQMTYybUtGc3RWeWIyd0Z4WTFFY1c1CnptU1gyNUhuWThaQXpDRWgrSStOT211T2hXMmQ3U0hmT2NVek1ta3dkTXJJYnIxSlRYdHBXNS9DUWpDaUluWUYKNDl5UDVSWHFFQzRhVHh0L0ZFR0RWWUlDS1lyeEFvcmZWNU9ZNGNGajl3S0NBUUVBb0o4TFRsbTVUOEhnZWRMZAo2dWNmM2NwOXVYUmd5SndlbUxwU0VwOUJZQVpWMFVGYlhvZ2xlcnk2T1NjZTQ3eHgvL0ZVTVZkd1JWTnlNZzN5CmR1YW5GK2Q0bEM4N1pRa3lRcUlqRGwzWFNVVmNUcHZ2NGlvVU84VHR3TkJyTS9JUFAxQnVGRnBWMmNGaU9PTnQKa0dBbGJLYTB4aE1KODN2WllhOFAxR3E3ZFhKc0l3bi9JYk80ZXRWSXU5YmphQTZxbWFNRXBMU2VSL3BsZVNsaApEUWhrMzdJZFJCVDRkQThNTmY1eWxlUFFpcDZVQ2w5L3p0V0g2ZnlMbXJTMGhVaVdMV2d1WmJDY2tJV082V3M0ClNmS0lMb3M4VUY1dlRsVFhDTm9PVnVabG4zN0RRNitlaGdObnZSVk9DMjIxZnJiZ1hUdTNFaEpDcVpxOHltYk4KV2RjQUVRS0NBUUVBaXo1K1ptdWxFZFF2RG5SbmRwSGttQ0VTbHY4Sm9jTlllZHIwQnRBQkY0ZkwxR3UzSDRrNwplcnVZQ3VsZDk2b2dxWHlpMEdRcERlV0Y4aXEvWVdFM2dkVTYweFNkWTVSQ3pQNzdSRGpXK0FaMHJXbE00RnBrClVaVUR4cHdQMFV2d3RiQVppeE5NYytmaHFteVBOaHkwQnk4VkdGVWZKbDZOZ2hiWHdTeVVWdG1lVmVadHMxTVEKK05BWnZCNkNMSUVYdFVEditaMUJKY0ZMZmk3NHM4UXdyQWVkRUlRZ0RzMGNWYVlBclhkS3U1ck4yc0JUMjFNOApjNzlXNk4yZ3dGSXp6WFFXVVFBcHRCWUQveENUZDBSNUdKUDgzeU43c3ptSjVrUjIwUWpNL2pKdkd1N3JSeW02CkkranZRc1JvVE5lYWo4MmNTc0dpRHlIeU9TZHNWQ0IycHdLQ0FRQTBHMDJhNXVySzd6VTlBeXlFaTkwU0tUUWEKWS9xUFJYdEtjcVBwUGJGcXk4dmFhbk9LdHFpK0JXNzZLUkxTWklTWmVOdkJXMzM1Z2ZMZW5RdDRqcFFwdi9mOApVSjZRYmVSaE5hSHRCZTFQKzZKaFl5UkVIN3V6c1RmcWh1d2JaaTZQZW04SHdVUk5Vc0NJZ0lycWwwWWpaMDdECi9KRVNSSkI1ZXdxTi9vUkhNM25UNDdhOU1ldE9ZYmw5djV3djZEbVcxUk5VdytlZzlDcWFEdGNoNnp1d2JUZk4KZmVDV0h1RHhiTEVBV0RCWVROeE1nTytvVlZJOUIwZG4zbE51TGdwY3BGcnZGMVk4REh5bVVGRDVBSUI4dC9CNwp4MWE2dG9aeEZhdmxvdXRWQzBFVDQyczFNb0p5OUJhY2RGd1V4N2IrVGFIeWpLakV2aldxODhqOGhsTGgKLS0tLS1FTkQgUlNBIFBSSVZBVEUgS0VZLS0tLS0K\n    token: cyakfax3lnc4nh8qhdlwy0sktectdp58byg23sgzsub417kdwr8lde846fet96lxh841zktlcawu2y7jjdg5twp4sl0ojoceeu9mhkav6idyx2ok0nj0oopr5hi7fwgn\n",
            "kubelet_identity": [
              {
                "client_id": "249d7056-3e06-4e1f-a8ed-a28c38fd3f6c",
                "object_id": "7a181474-47af-4d77-a5a5-5e8ae34af8d3",
                "user_assigned_identity_id": "/subscriptions/613ad620-f6ee-4055-bd0a-68a93656bee3/resourceGroups/nodes-rs-lolas/providers/Microsoft.ManagedIdentity/userAssignedIdentities/lolas-agentpool"
              }
            ],
            "kubernetes_version": "1.25.4",
            "linux_profile": [],
            "local_account_disabled": false,
            "location": "westeurope",
            "maintenance_window": [],
            "microsoft_defender": [],
            "monitor_metrics": [],
            "name": "lolas",
            "network_profile": [
              {
                "dns_service_ip": "10.0.0.10",
                "docker_bridge_cidr": "172.17.0.1/16",
                "ebpf_data_plane": "cilium",
                "ip_versions": [
                  "IPv4"
                ],
                "load_balancer_profile": [
                  {
                    "effective_outbound_ips": [
                      "/subscriptions/613ad620-f6ee-4055-bd0a-68a93656bee3/resourceGroups/nodes-rs-lolas/providers/Microsoft.Network/publicIPAddresses/8e1f5481-d9f0-4482-8ced-98693121d8b2"
                    ],
                    "idle_timeout_in_minutes": 0,
                    "managed_outbound_ip_count": 1,
                    "managed_outbound_ipv6_count": 0,
                    "outbound_ip_address_ids": [],
                    "outbound_ip_prefix_ids": [],
                    "outbound_ports_allocated": 0
                  }
                ],
                "load_balancer_sku": "standard",
                "nat_gateway_profile": [],
                "network_mode": "",
                "network_plugin": "azure",
                "network_plugin_mode": "Overlay",
                "network_policy": "cilium",
                "outbound_type": "loadBalancer",
                "pod_cidr": "192.168.0.0/16",
                "pod_cidrs": [
                  "192.168.0.0/16"
                ],
                "service_cidr": "10.0.0.0/16",
                "service_cidrs": [
                  "10.0.0.0/16"
                ]
              }
            ],
            "node_resource_group": "nodes-rs-lolas",
            "oidc_issuer_enabled": false,
            "oidc_issuer_url": "",
            "oms_agent": [],
            "open_service_mesh_enabled": false,
            "portal_fqdn": "lolas-lzl6yzfw.portal.hcp.westeurope.azmk8s.io",
            "private_cluster_enabled": false,
            "private_cluster_public_fqdn_enabled": false,
            "private_dns_zone_id": null,
            "private_fqdn": "",
            "public_network_access_enabled": true,
            "resource_group_name": "lolas",
            "role_based_access_control_enabled": true,
            "run_command_enabled": true,
            "service_principal": [],
            "sku_tier": "Paid",
            "storage_profile": [
              {
                "blob_driver_enabled": true,
                "disk_driver_enabled": true,
                "disk_driver_version": "v1",
                "file_driver_enabled": true,
                "snapshot_controller_enabled": true
              }
            ],
            "tags": {
              "ManagedBy": "Terraform",
              "env": "Production",
              "last_version": "1.19.07",
              "upgrade": "test",
              "version": "1.25.4"
            },
            "timeouts": null,
            "web_app_routing": [],
            "windows_profile": [
              {
                "admin_password": "",
                "admin_username": "azureuser",
                "gmsa": [],
                "license": ""
              }
            ],
            "workload_autoscaler_profile": [],
            "workload_identity_enabled": false
          },
          "sensitive_attributes": [],
          "private": "eyJlMmJmYjczMC1lY2FhLTExZTYtOGY4OC0zNDM2M2JjN2M0YzAiOnsiY3JlYXRlIjo1NDAwMDAwMDAwMDAwLCJkZWxldGUiOjU0MDAwMDAwMDAwMDAsInJlYWQiOjMwMDAwMDAwMDAwMCwidXBkYXRlIjo1NDAwMDAwMDAwMDAwfSwic2NoZW1hX3ZlcnNpb24iOiIyIn0=",
          "dependencies": [
            "azurerm_resource_group.rg",
            "azurerm_subnet.subnet_address_core",
            "azurerm_virtual_network.vnet"
          ]
        }
      ]
    },
    {
      "mode": "managed",
      "type": "azurerm_kubernetes_cluster_node_pool",
      "name": "aks-ep-nodes",
      "provider": "provider[\"registry.terraform.io/hashicorp/azurerm\"]",
      "instances": []
    },
    {
      "mode": "managed",
      "type": "azurerm_kubernetes_cluster_node_pool",
      "name": "analyzer",
      "provider": "provider[\"registry.terraform.io/hashicorp/azurerm\"]",
      "instances": [
        {
          "schema_version": 1,
          "attributes": {
            "capacity_reservation_group_id": "",
            "custom_ca_trust_enabled": false,
            "enable_auto_scaling": true,
            "enable_host_encryption": false,
            "enable_node_public_ip": false,
            "eviction_policy": "",
            "fips_enabled": false,
            "host_group_id": "",
            "id": "/subscriptions/613ad620-f6ee-4055-bd0a-68a93656bee3/resourceGroups/lolas/providers/Microsoft.ContainerService/managedClusters/lolas/agentPools/lolasanalyze",
            "kubelet_config": [],
            "kubelet_disk_type": "OS",
            "kubernetes_cluster_id": "/subscriptions/613ad620-f6ee-4055-bd0a-68a93656bee3/resourceGroups/lolas/providers/Microsoft.ContainerService/managedClusters/lolas",
            "linux_os_config": [],
            "max_count": 1,
            "max_pods": 250,
            "message_of_the_day": "",
            "min_count": 1,
            "mode": "User",
            "name": "lolasanalyze",
            "node_count": 1,
            "node_labels": {
              "NodeType": "analyzer"
            },
            "node_network_profile": [],
            "node_public_ip_prefix_id": "",
            "node_taints": null,
            "orchestrator_version": "1.25.4",
            "os_disk_size_gb": 128,
            "os_disk_type": "Managed",
            "os_sku": "Ubuntu",
            "os_type": "Linux",
            "pod_subnet_id": "",
            "priority": "Regular",
            "proximity_placement_group_id": "",
            "scale_down_mode": "Delete",
            "spot_max_price": -1,
            "tags": {
              "ManagedBy": "Terraform",
              "env": "Production",
              "last_version": "1.19.07",
              "nodes": "node example",
              "upgrade": "test",
              "version": "1.25.4"
            },
            "timeouts": null,
            "ultra_ssd_enabled": false,
            "upgrade_settings": [],
            "vm_size": "Standard_D2_v2",
            "vnet_subnet_id": "/subscriptions/613ad620-f6ee-4055-bd0a-68a93656bee3/resourceGroups/lolas/providers/Microsoft.Network/virtualNetworks/lolas-vnet/subnets/core",
            "windows_profile": [],
            "workload_runtime": null,
            "zones": null
          },
          "sensitive_attributes": [],
          "private": "eyJlMmJmYjczMC1lY2FhLTExZTYtOGY4OC0zNDM2M2JjN2M0YzAiOnsiY3JlYXRlIjozNjAwMDAwMDAwMDAwLCJkZWxldGUiOjM2MDAwMDAwMDAwMDAsInJlYWQiOjMwMDAwMDAwMDAwMCwidXBkYXRlIjozNjAwMDAwMDAwMDAwfSwic2NoZW1hX3ZlcnNpb24iOiIxIn0=",
          "dependencies": [
            "azurerm_kubernetes_cluster.aks",
            "azurerm_resource_group.rg",
            "azurerm_subnet.subnet_address_core",
            "azurerm_virtual_network.vnet"
          ]
        }
      ]
    },
    {
      "mode": "managed",
      "type": "azurerm_kubernetes_cluster_node_pool",
      "name": "clickhouse",
      "provider": "provider[\"registry.terraform.io/hashicorp/azurerm\"]",
      "instances": [
        {
          "schema_version": 1,
          "attributes": {
            "capacity_reservation_group_id": "",
            "custom_ca_trust_enabled": false,
            "enable_auto_scaling": true,
            "enable_host_encryption": false,
            "enable_node_public_ip": false,
            "eviction_policy": "",
            "fips_enabled": false,
            "host_group_id": "",
            "id": "/subscriptions/613ad620-f6ee-4055-bd0a-68a93656bee3/resourceGroups/lolas/providers/Microsoft.ContainerService/managedClusters/lolas/agentPools/lolasclickho",
            "kubelet_config": [],
            "kubelet_disk_type": "OS",
            "kubernetes_cluster_id": "/subscriptions/613ad620-f6ee-4055-bd0a-68a93656bee3/resourceGroups/lolas/providers/Microsoft.ContainerService/managedClusters/lolas",
            "linux_os_config": [],
            "max_count": 1,
            "max_pods": 250,
            "message_of_the_day": "",
            "min_count": 1,
            "mode": "User",
            "name": "lolasclickho",
            "node_count": 1,
            "node_labels": {
              "NodeType": "clickhouse"
            },
            "node_network_profile": [],
            "node_public_ip_prefix_id": "",
            "node_taints": null,
            "orchestrator_version": "1.25.4",
            "os_disk_size_gb": 128,
            "os_disk_type": "Managed",
            "os_sku": "Ubuntu",
            "os_type": "Linux",
            "pod_subnet_id": "",
            "priority": "Regular",
            "proximity_placement_group_id": "",
            "scale_down_mode": "Delete",
            "spot_max_price": -1,
            "tags": {
              "ManagedBy": "Terraform",
              "env": "Production",
              "last_version": "1.19.07",
              "upgrade": "test",
              "version": "1.25.4"
            },
            "timeouts": null,
            "ultra_ssd_enabled": false,
            "upgrade_settings": [],
            "vm_size": "Standard_D2_v2",
            "vnet_subnet_id": "/subscriptions/613ad620-f6ee-4055-bd0a-68a93656bee3/resourceGroups/lolas/providers/Microsoft.Network/virtualNetworks/lolas-vnet/subnets/core",
            "windows_profile": [],
            "workload_runtime": null,
            "zones": null
          },
          "sensitive_attributes": [],
          "private": "eyJlMmJmYjczMC1lY2FhLTExZTYtOGY4OC0zNDM2M2JjN2M0YzAiOnsiY3JlYXRlIjozNjAwMDAwMDAwMDAwLCJkZWxldGUiOjM2MDAwMDAwMDAwMDAsInJlYWQiOjMwMDAwMDAwMDAwMCwidXBkYXRlIjozNjAwMDAwMDAwMDAwfSwic2NoZW1hX3ZlcnNpb24iOiIxIn0=",
          "dependencies": [
            "azurerm_kubernetes_cluster.aks",
            "azurerm_resource_group.rg",
            "azurerm_subnet.subnet_address_core",
            "azurerm_virtual_network.vnet"
          ]
        }
      ]
    },
    {
      "mode": "managed",
      "type": "azurerm_kubernetes_cluster_node_pool",
      "name": "cs",
      "provider": "provider[\"registry.terraform.io/hashicorp/azurerm\"]",
      "instances": [
        {
          "schema_version": 1,
          "attributes": {
            "capacity_reservation_group_id": "",
            "custom_ca_trust_enabled": false,
            "enable_auto_scaling": true,
            "enable_host_encryption": false,
            "enable_node_public_ip": false,
            "eviction_policy": "",
            "fips_enabled": false,
            "host_group_id": "",
            "id": "/subscriptions/613ad620-f6ee-4055-bd0a-68a93656bee3/resourceGroups/lolas/providers/Microsoft.ContainerService/managedClusters/lolas/agentPools/lolascs",
            "kubelet_config": [],
            "kubelet_disk_type": "OS",
            "kubernetes_cluster_id": "/subscriptions/613ad620-f6ee-4055-bd0a-68a93656bee3/resourceGroups/lolas/providers/Microsoft.ContainerService/managedClusters/lolas",
            "linux_os_config": [],
            "max_count": 1,
            "max_pods": 250,
            "message_of_the_day": "",
            "min_count": 1,
            "mode": "User",
            "name": "lolascs",
            "node_count": 1,
            "node_labels": {
              "NodeType": "analyzer"
            },
            "node_network_profile": [],
            "node_public_ip_prefix_id": "",
            "node_taints": null,
            "orchestrator_version": "1.25.4",
            "os_disk_size_gb": 128,
            "os_disk_type": "Managed",
            "os_sku": "Ubuntu",
            "os_type": "Linux",
            "pod_subnet_id": "",
            "priority": "Regular",
            "proximity_placement_group_id": "",
            "scale_down_mode": "Delete",
            "spot_max_price": -1,
            "tags": {
              "ManagedBy": "Terraform",
              "env": "Production",
              "last_version": "1.19.07",
              "upgrade": "test",
              "version": "1.25.4"
            },
            "timeouts": null,
            "ultra_ssd_enabled": false,
            "upgrade_settings": [],
            "vm_size": "Standard_D2_v2",
            "vnet_subnet_id": "/subscriptions/613ad620-f6ee-4055-bd0a-68a93656bee3/resourceGroups/lolas/providers/Microsoft.Network/virtualNetworks/lolas-vnet/subnets/core",
            "windows_profile": [],
            "workload_runtime": null,
            "zones": null
          },
          "sensitive_attributes": [],
          "private": "eyJlMmJmYjczMC1lY2FhLTExZTYtOGY4OC0zNDM2M2JjN2M0YzAiOnsiY3JlYXRlIjozNjAwMDAwMDAwMDAwLCJkZWxldGUiOjM2MDAwMDAwMDAwMDAsInJlYWQiOjMwMDAwMDAwMDAwMCwidXBkYXRlIjozNjAwMDAwMDAwMDAwfSwic2NoZW1hX3ZlcnNpb24iOiIxIn0=",
          "dependencies": [
            "azurerm_kubernetes_cluster.aks",
            "azurerm_resource_group.rg",
            "azurerm_subnet.subnet_address_core",
            "azurerm_virtual_network.vnet"
          ]
        }
      ]
    },
    {
      "mode": "managed",
      "type": "azurerm_kubernetes_cluster_node_pool",
      "name": "ec",
      "provider": "provider[\"registry.terraform.io/hashicorp/azurerm\"]",
      "instances": [
        {
          "schema_version": 1,
          "attributes": {
            "capacity_reservation_group_id": "",
            "custom_ca_trust_enabled": false,
            "enable_auto_scaling": true,
            "enable_host_encryption": false,
            "enable_node_public_ip": false,
            "eviction_policy": "",
            "fips_enabled": false,
            "host_group_id": "",
            "id": "/subscriptions/613ad620-f6ee-4055-bd0a-68a93656bee3/resourceGroups/lolas/providers/Microsoft.ContainerService/managedClusters/lolas/agentPools/lolasec",
            "kubelet_config": [],
            "kubelet_disk_type": "OS",
            "kubernetes_cluster_id": "/subscriptions/613ad620-f6ee-4055-bd0a-68a93656bee3/resourceGroups/lolas/providers/Microsoft.ContainerService/managedClusters/lolas",
            "linux_os_config": [],
            "max_count": 1,
            "max_pods": 250,
            "message_of_the_day": "",
            "min_count": 1,
            "mode": "User",
            "name": "lolasec",
            "node_count": 1,
            "node_labels": {
              "NodeType": "ec"
            },
            "node_network_profile": [],
            "node_public_ip_prefix_id": "",
            "node_taints": null,
            "orchestrator_version": "1.25.4",
            "os_disk_size_gb": 128,
            "os_disk_type": "Managed",
            "os_sku": "Ubuntu",
            "os_type": "Linux",
            "pod_subnet_id": "",
            "priority": "Regular",
            "proximity_placement_group_id": "",
            "scale_down_mode": "Delete",
            "spot_max_price": -1,
            "tags": {
              "ManagedBy": "Terraform",
              "env": "Production",
              "last_version": "1.19.07",
              "upgrade": "test",
              "version": "1.25.4"
            },
            "timeouts": null,
            "ultra_ssd_enabled": false,
            "upgrade_settings": [],
            "vm_size": "Standard_D2_v2",
            "vnet_subnet_id": "/subscriptions/613ad620-f6ee-4055-bd0a-68a93656bee3/resourceGroups/lolas/providers/Microsoft.Network/virtualNetworks/lolas-vnet/subnets/core",
            "windows_profile": [],
            "workload_runtime": null,
            "zones": null
          },
          "sensitive_attributes": [],
          "private": "eyJlMmJmYjczMC1lY2FhLTExZTYtOGY4OC0zNDM2M2JjN2M0YzAiOnsiY3JlYXRlIjozNjAwMDAwMDAwMDAwLCJkZWxldGUiOjM2MDAwMDAwMDAwMDAsInJlYWQiOjMwMDAwMDAwMDAwMCwidXBkYXRlIjozNjAwMDAwMDAwMDAwfSwic2NoZW1hX3ZlcnNpb24iOiIxIn0=",
          "dependencies": [
            "azurerm_kubernetes_cluster.aks",
            "azurerm_resource_group.rg",
            "azurerm_subnet.subnet_address_core",
            "azurerm_virtual_network.vnet"
          ]
        }
      ]
    },
    {
      "mode": "managed",
      "type": "azurerm_kubernetes_cluster_node_pool",
      "name": "kafka",
      "provider": "provider[\"registry.terraform.io/hashicorp/azurerm\"]",
      "instances": [
        {
          "schema_version": 1,
          "attributes": {
            "capacity_reservation_group_id": "",
            "custom_ca_trust_enabled": false,
            "enable_auto_scaling": true,
            "enable_host_encryption": false,
            "enable_node_public_ip": false,
            "eviction_policy": "",
            "fips_enabled": false,
            "host_group_id": "",
            "id": "/subscriptions/613ad620-f6ee-4055-bd0a-68a93656bee3/resourceGroups/lolas/providers/Microsoft.ContainerService/managedClusters/lolas/agentPools/lolaskafka",
            "kubelet_config": [],
            "kubelet_disk_type": "OS",
            "kubernetes_cluster_id": "/subscriptions/613ad620-f6ee-4055-bd0a-68a93656bee3/resourceGroups/lolas/providers/Microsoft.ContainerService/managedClusters/lolas",
            "linux_os_config": [],
            "max_count": 1,
            "max_pods": 250,
            "message_of_the_day": "",
            "min_count": 1,
            "mode": "User",
            "name": "lolaskafka",
            "node_count": 1,
            "node_labels": {
              "NodeType": "kafka"
            },
            "node_network_profile": [],
            "node_public_ip_prefix_id": "",
            "node_taints": null,
            "orchestrator_version": "1.25.4",
            "os_disk_size_gb": 128,
            "os_disk_type": "Managed",
            "os_sku": "Ubuntu",
            "os_type": "Linux",
            "pod_subnet_id": "",
            "priority": "Regular",
            "proximity_placement_group_id": "",
            "scale_down_mode": "Delete",
            "spot_max_price": -1,
            "tags": {
              "ManagedBy": "Terraform",
              "env": "Production",
              "last_version": "1.19.07",
              "upgrade": "test",
              "version": "1.25.4"
            },
            "timeouts": null,
            "ultra_ssd_enabled": false,
            "upgrade_settings": [],
            "vm_size": "Standard_D2_v2",
            "vnet_subnet_id": "/subscriptions/613ad620-f6ee-4055-bd0a-68a93656bee3/resourceGroups/lolas/providers/Microsoft.Network/virtualNetworks/lolas-vnet/subnets/core",
            "windows_profile": [],
            "workload_runtime": null,
            "zones": null
          },
          "sensitive_attributes": [],
          "private": "eyJlMmJmYjczMC1lY2FhLTExZTYtOGY4OC0zNDM2M2JjN2M0YzAiOnsiY3JlYXRlIjozNjAwMDAwMDAwMDAwLCJkZWxldGUiOjM2MDAwMDAwMDAwMDAsInJlYWQiOjMwMDAwMDAwMDAwMCwidXBkYXRlIjozNjAwMDAwMDAwMDAwfSwic2NoZW1hX3ZlcnNpb24iOiIxIn0=",
          "dependencies": [
            "azurerm_kubernetes_cluster.aks",
            "azurerm_resource_group.rg",
            "azurerm_subnet.subnet_address_core",
            "azurerm_virtual_network.vnet"
          ]
        }
      ]
    },
    {
      "mode": "managed",
      "type": "azurerm_kubernetes_cluster_node_pool",
      "name": "management",
      "provider": "provider[\"registry.terraform.io/hashicorp/azurerm\"]",
      "instances": [
        {
          "schema_version": 1,
          "attributes": {
            "capacity_reservation_group_id": "",
            "custom_ca_trust_enabled": false,
            "enable_auto_scaling": true,
            "enable_host_encryption": false,
            "enable_node_public_ip": false,
            "eviction_policy": "",
            "fips_enabled": false,
            "host_group_id": "",
            "id": "/subscriptions/613ad620-f6ee-4055-bd0a-68a93656bee3/resourceGroups/lolas/providers/Microsoft.ContainerService/managedClusters/lolas/agentPools/lolasmanagem",
            "kubelet_config": [],
            "kubelet_disk_type": "OS",
            "kubernetes_cluster_id": "/subscriptions/613ad620-f6ee-4055-bd0a-68a93656bee3/resourceGroups/lolas/providers/Microsoft.ContainerService/managedClusters/lolas",
            "linux_os_config": [],
            "max_count": 1,
            "max_pods": 250,
            "message_of_the_day": "",
            "min_count": 1,
            "mode": "User",
            "name": "lolasmanagem",
            "node_count": 1,
            "node_labels": {
              "NodeType": "kafka"
            },
            "node_network_profile": [],
            "node_public_ip_prefix_id": "",
            "node_taints": null,
            "orchestrator_version": "1.25.4",
            "os_disk_size_gb": 128,
            "os_disk_type": "Managed",
            "os_sku": "Ubuntu",
            "os_type": "Linux",
            "pod_subnet_id": "",
            "priority": "Regular",
            "proximity_placement_group_id": "",
            "scale_down_mode": "Delete",
            "spot_max_price": -1,
            "tags": {
              "ManagedBy": "Terraform",
              "env": "Production",
              "last_version": "1.19.07",
              "upgrade": "test",
              "version": "1.25.4"
            },
            "timeouts": null,
            "ultra_ssd_enabled": false,
            "upgrade_settings": [],
            "vm_size": "Standard_D2_v2",
            "vnet_subnet_id": "/subscriptions/613ad620-f6ee-4055-bd0a-68a93656bee3/resourceGroups/lolas/providers/Microsoft.Network/virtualNetworks/lolas-vnet/subnets/core",
            "windows_profile": [],
            "workload_runtime": null,
            "zones": null
          },
          "sensitive_attributes": [],
          "private": "eyJlMmJmYjczMC1lY2FhLTExZTYtOGY4OC0zNDM2M2JjN2M0YzAiOnsiY3JlYXRlIjozNjAwMDAwMDAwMDAwLCJkZWxldGUiOjM2MDAwMDAwMDAwMDAsInJlYWQiOjMwMDAwMDAwMDAwMCwidXBkYXRlIjozNjAwMDAwMDAwMDAwfSwic2NoZW1hX3ZlcnNpb24iOiIxIn0=",
          "dependencies": [
            "azurerm_kubernetes_cluster.aks",
            "azurerm_resource_group.rg",
            "azurerm_subnet.subnet_address_core",
            "azurerm_virtual_network.vnet"
          ]
        }
      ]
    },
    {
      "mode": "managed",
      "type": "azurerm_kubernetes_cluster_node_pool",
      "name": "pg",
      "provider": "provider[\"registry.terraform.io/hashicorp/azurerm\"]",
      "instances": [
        {
          "schema_version": 1,
          "attributes": {
            "capacity_reservation_group_id": "",
            "custom_ca_trust_enabled": false,
            "enable_auto_scaling": true,
            "enable_host_encryption": false,
            "enable_node_public_ip": false,
            "eviction_policy": "",
            "fips_enabled": false,
            "host_group_id": "",
            "id": "/subscriptions/613ad620-f6ee-4055-bd0a-68a93656bee3/resourceGroups/lolas/providers/Microsoft.ContainerService/managedClusters/lolas/agentPools/lolaspg",
            "kubelet_config": [],
            "kubelet_disk_type": "OS",
            "kubernetes_cluster_id": "/subscriptions/613ad620-f6ee-4055-bd0a-68a93656bee3/resourceGroups/lolas/providers/Microsoft.ContainerService/managedClusters/lolas",
            "linux_os_config": [],
            "max_count": 1,
            "max_pods": 250,
            "message_of_the_day": "",
            "min_count": 1,
            "mode": "User",
            "name": "lolaspg",
            "node_count": 1,
            "node_labels": {
              "NodeType": "pg"
            },
            "node_network_profile": [],
            "node_public_ip_prefix_id": "",
            "node_taints": null,
            "orchestrator_version": "1.25.4",
            "os_disk_size_gb": 128,
            "os_disk_type": "Managed",
            "os_sku": "Ubuntu",
            "os_type": "Linux",
            "pod_subnet_id": "",
            "priority": "Regular",
            "proximity_placement_group_id": "",
            "scale_down_mode": "Delete",
            "spot_max_price": -1,
            "tags": {
              "ManagedBy": "Terraform",
              "env": "Production",
              "last_version": "1.19.07",
              "upgrade": "test",
              "version": "1.25.4"
            },
            "timeouts": null,
            "ultra_ssd_enabled": false,
            "upgrade_settings": [],
            "vm_size": "Standard_D2_v2",
            "vnet_subnet_id": "/subscriptions/613ad620-f6ee-4055-bd0a-68a93656bee3/resourceGroups/lolas/providers/Microsoft.Network/virtualNetworks/lolas-vnet/subnets/core",
            "windows_profile": [],
            "workload_runtime": null,
            "zones": null
          },
          "sensitive_attributes": [],
          "private": "eyJlMmJmYjczMC1lY2FhLTExZTYtOGY4OC0zNDM2M2JjN2M0YzAiOnsiY3JlYXRlIjozNjAwMDAwMDAwMDAwLCJkZWxldGUiOjM2MDAwMDAwMDAwMDAsInJlYWQiOjMwMDAwMDAwMDAwMCwidXBkYXRlIjozNjAwMDAwMDAwMDAwfSwic2NoZW1hX3ZlcnNpb24iOiIxIn0=",
          "dependencies": [
            "azurerm_kubernetes_cluster.aks",
            "azurerm_resource_group.rg",
            "azurerm_subnet.subnet_address_core",
            "azurerm_virtual_network.vnet"
          ]
        }
      ]
    },
    {
      "mode": "managed",
      "type": "azurerm_kubernetes_cluster_node_pool",
      "name": "site",
      "provider": "provider[\"registry.terraform.io/hashicorp/azurerm\"]",
      "instances": [
        {
          "schema_version": 1,
          "attributes": {
            "capacity_reservation_group_id": "",
            "custom_ca_trust_enabled": false,
            "enable_auto_scaling": true,
            "enable_host_encryption": false,
            "enable_node_public_ip": false,
            "eviction_policy": "",
            "fips_enabled": false,
            "host_group_id": "",
            "id": "/subscriptions/613ad620-f6ee-4055-bd0a-68a93656bee3/resourceGroups/lolas/providers/Microsoft.ContainerService/managedClusters/lolas/agentPools/lolassite",
            "kubelet_config": [],
            "kubelet_disk_type": "OS",
            "kubernetes_cluster_id": "/subscriptions/613ad620-f6ee-4055-bd0a-68a93656bee3/resourceGroups/lolas/providers/Microsoft.ContainerService/managedClusters/lolas",
            "linux_os_config": [],
            "max_count": 1,
            "max_pods": 250,
            "message_of_the_day": "",
            "min_count": 1,
            "mode": "User",
            "name": "lolassite",
            "node_count": 1,
            "node_labels": {
              "NodeType": "site"
            },
            "node_network_profile": [],
            "node_public_ip_prefix_id": "",
            "node_taints": null,
            "orchestrator_version": "1.25.4",
            "os_disk_size_gb": 128,
            "os_disk_type": "Managed",
            "os_sku": "Ubuntu",
            "os_type": "Linux",
            "pod_subnet_id": "",
            "priority": "Regular",
            "proximity_placement_group_id": "",
            "scale_down_mode": "Delete",
            "spot_max_price": -1,
            "tags": {
              "ManagedBy": "Terraform",
              "env": "Production",
              "last_version": "1.19.07",
              "upgrade": "test",
              "version": "1.25.4"
            },
            "timeouts": null,
            "ultra_ssd_enabled": false,
            "upgrade_settings": [],
            "vm_size": "Standard_D2_v2",
            "vnet_subnet_id": "/subscriptions/613ad620-f6ee-4055-bd0a-68a93656bee3/resourceGroups/lolas/providers/Microsoft.Network/virtualNetworks/lolas-vnet/subnets/site",
            "windows_profile": [],
            "workload_runtime": null,
            "zones": null
          },
          "sensitive_attributes": [],
          "private": "eyJlMmJmYjczMC1lY2FhLTExZTYtOGY4OC0zNDM2M2JjN2M0YzAiOnsiY3JlYXRlIjozNjAwMDAwMDAwMDAwLCJkZWxldGUiOjM2MDAwMDAwMDAwMDAsInJlYWQiOjMwMDAwMDAwMDAwMCwidXBkYXRlIjozNjAwMDAwMDAwMDAwfSwic2NoZW1hX3ZlcnNpb24iOiIxIn0=",
          "dependencies": [
            "azurerm_kubernetes_cluster.aks",
            "azurerm_resource_group.rg",
            "azurerm_subnet.subnet_address_core",
            "azurerm_subnet.subnet_address_site",
            "azurerm_virtual_network.vnet"
          ]
        }
      ]
    },
    {
      "mode": "managed",
      "type": "azurerm_network_security_group",
      "name": "nsg-1",
      "provider": "provider[\"registry.terraform.io/hashicorp/azurerm\"]",
      "instances": [
        {
          "schema_version": 0,
          "attributes": {
            "id": "/subscriptions/613ad620-f6ee-4055-bd0a-68a93656bee3/resourceGroups/nodes-rs-lolas-ep/providers/Microsoft.Network/networkSecurityGroups/nsg-1",
            "location": "westeurope",
            "name": "nsg-1",
            "resource_group_name": "nodes-rs-lolas-ep",
            "security_rule": [],
            "tags": null,
            "timeouts": null
          },
          "sensitive_attributes": [],
          "private": "eyJlMmJmYjczMC1lY2FhLTExZTYtOGY4OC0zNDM2M2JjN2M0YzAiOnsiY3JlYXRlIjoxODAwMDAwMDAwMDAwLCJkZWxldGUiOjE4MDAwMDAwMDAwMDAsInJlYWQiOjMwMDAwMDAwMDAwMCwidXBkYXRlIjoxODAwMDAwMDAwMDAwfX0=",
          "dependencies": [
            "azurerm_resource_group.rg-ep"
          ]
        }
      ]
    },
    {
      "mode": "managed",
      "type": "azurerm_network_security_group",
      "name": "nsg-2",
      "provider": "provider[\"registry.terraform.io/hashicorp/azurerm\"]",
      "instances": [
        {
          "schema_version": 0,
          "attributes": {
            "id": "/subscriptions/613ad620-f6ee-4055-bd0a-68a93656bee3/resourceGroups/nodes-rs-lolas-ep/providers/Microsoft.Network/networkSecurityGroups/nsg-2",
            "location": "westeurope",
            "name": "nsg-2",
            "resource_group_name": "nodes-rs-lolas-ep",
            "security_rule": [],
            "tags": null,
            "timeouts": null
          },
          "sensitive_attributes": [],
          "private": "eyJlMmJmYjczMC1lY2FhLTExZTYtOGY4OC0zNDM2M2JjN2M0YzAiOnsiY3JlYXRlIjoxODAwMDAwMDAwMDAwLCJkZWxldGUiOjE4MDAwMDAwMDAwMDAsInJlYWQiOjMwMDAwMDAwMDAwMCwidXBkYXRlIjoxODAwMDAwMDAwMDAwfX0=",
          "dependencies": [
            "azurerm_resource_group.rg-ep"
          ]
        }
      ]
    },
    {
      "mode": "managed",
      "type": "azurerm_network_security_rule",
      "name": "nsg-test-role-1",
      "provider": "provider[\"registry.terraform.io/hashicorp/azurerm\"]",
      "instances": [
        {
          "schema_version": 0,
          "attributes": {
            "access": "Allow",
            "description": "",
            "destination_address_prefix": "",
            "destination_address_prefixes": null,
            "destination_application_security_group_ids": [
              "/subscriptions/613ad620-f6ee-4055-bd0a-68a93656bee3/resourceGroups/nodes-rs-lolas-ep/providers/Microsoft.Network/applicationSecurityGroups/public"
            ],
            "destination_port_range": "*",
            "destination_port_ranges": null,
            "direction": "Inbound",
            "id": "/subscriptions/613ad620-f6ee-4055-bd0a-68a93656bee3/resourceGroups/nodes-rs-lolas-ep/providers/Microsoft.Network/networkSecurityGroups/nsg-1/securityRules/nsg-test-role-1",
            "name": "nsg-test-role-1",
            "network_security_group_name": "nsg-1",
            "priority": 100,
            "protocol": "*",
            "resource_group_name": "nodes-rs-lolas-ep",
            "source_address_prefix": "",
            "source_address_prefixes": null,
            "source_application_security_group_ids": [
              "/subscriptions/613ad620-f6ee-4055-bd0a-68a93656bee3/resourceGroups/nodes-rs-lolas-ep/providers/Microsoft.Network/applicationSecurityGroups/site"
            ],
            "source_port_range": "*",
            "source_port_ranges": null,
            "timeouts": null
          },
          "sensitive_attributes": [],
          "private": "eyJlMmJmYjczMC1lY2FhLTExZTYtOGY4OC0zNDM2M2JjN2M0YzAiOnsiY3JlYXRlIjoxODAwMDAwMDAwMDAwLCJkZWxldGUiOjE4MDAwMDAwMDAwMDAsInJlYWQiOjMwMDAwMDAwMDAwMCwidXBkYXRlIjoxODAwMDAwMDAwMDAwfX0=",
          "dependencies": [
            "azurerm_application_security_group.sec_address_public",
            "azurerm_application_security_group.sec_address_site",
            "azurerm_network_security_group.nsg-1",
            "azurerm_resource_group.rg-ep"
          ]
        }
      ]
    },
    {
      "mode": "managed",
      "type": "azurerm_network_security_rule",
      "name": "nsg-test-role-2",
      "provider": "provider[\"registry.terraform.io/hashicorp/azurerm\"]",
      "instances": [
        {
          "schema_version": 0,
          "attributes": {
            "access": "Allow",
            "description": "",
            "destination_address_prefix": "",
            "destination_address_prefixes": null,
            "destination_application_security_group_ids": [
              "/subscriptions/613ad620-f6ee-4055-bd0a-68a93656bee3/resourceGroups/nodes-rs-lolas-ep/providers/Microsoft.Network/applicationSecurityGroups/public"
            ],
            "destination_port_range": "*",
            "destination_port_ranges": null,
            "direction": "Inbound",
            "id": "/subscriptions/613ad620-f6ee-4055-bd0a-68a93656bee3/resourceGroups/nodes-rs-lolas-ep/providers/Microsoft.Network/networkSecurityGroups/nsg-2/securityRules/nsg-test-role-2",
            "name": "nsg-test-role-2",
            "network_security_group_name": "nsg-2",
            "priority": 100,
            "protocol": "*",
            "resource_group_name": "nodes-rs-lolas-ep",
            "source_address_prefix": "",
            "source_address_prefixes": null,
            "source_application_security_group_ids": [
              "/subscriptions/613ad620-f6ee-4055-bd0a-68a93656bee3/resourceGroups/nodes-rs-lolas-ep/providers/Microsoft.Network/applicationSecurityGroups/site"
            ],
            "source_port_range": "*",
            "source_port_ranges": null,
            "timeouts": null
          },
          "sensitive_attributes": [],
          "private": "eyJlMmJmYjczMC1lY2FhLTExZTYtOGY4OC0zNDM2M2JjN2M0YzAiOnsiY3JlYXRlIjoxODAwMDAwMDAwMDAwLCJkZWxldGUiOjE4MDAwMDAwMDAwMDAsInJlYWQiOjMwMDAwMDAwMDAwMCwidXBkYXRlIjoxODAwMDAwMDAwMDAwfX0=",
          "dependencies": [
            "azurerm_application_security_group.sec_address_public",
            "azurerm_application_security_group.sec_address_site",
            "azurerm_network_security_group.nsg-2",
            "azurerm_resource_group.rg-ep"
          ]
        }
      ]
    },
    {
      "mode": "managed",
      "type": "azurerm_resource_group",
      "name": "rg",
      "provider": "provider[\"registry.terraform.io/hashicorp/azurerm\"]",
      "instances": [
        {
          "schema_version": 0,
          "attributes": {
            "id": "/subscriptions/613ad620-f6ee-4055-bd0a-68a93656bee3/resourceGroups/lolas",
            "location": "westeurope",
            "name": "lolas",
            "tags": null,
            "timeouts": null
          },
          "sensitive_attributes": [],
          "private": "eyJlMmJmYjczMC1lY2FhLTExZTYtOGY4OC0zNDM2M2JjN2M0YzAiOnsiY3JlYXRlIjo1NDAwMDAwMDAwMDAwLCJkZWxldGUiOjU0MDAwMDAwMDAwMDAsInJlYWQiOjMwMDAwMDAwMDAwMCwidXBkYXRlIjo1NDAwMDAwMDAwMDAwfX0="
        }
      ]
    },
    {
      "mode": "managed",
      "type": "azurerm_resource_group",
      "name": "rg-ep",
      "provider": "provider[\"registry.terraform.io/hashicorp/azurerm\"]",
      "instances": [
        {
          "schema_version": 0,
          "attributes": {
            "id": "/subscriptions/613ad620-f6ee-4055-bd0a-68a93656bee3/resourceGroups/nodes-rs-lolas-ep",
            "location": "westeurope",
            "name": "nodes-rs-lolas-ep",
            "tags": null,
            "timeouts": null
          },
          "sensitive_attributes": [],
          "private": "eyJlMmJmYjczMC1lY2FhLTExZTYtOGY4OC0zNDM2M2JjN2M0YzAiOnsiY3JlYXRlIjo1NDAwMDAwMDAwMDAwLCJkZWxldGUiOjU0MDAwMDAwMDAwMDAsInJlYWQiOjMwMDAwMDAwMDAwMCwidXBkYXRlIjo1NDAwMDAwMDAwMDAwfX0="
        }
      ]
    },
    {
      "mode": "managed",
      "type": "azurerm_subnet",
      "name": "subnet_address_core",
      "provider": "provider[\"registry.terraform.io/hashicorp/azurerm\"]",
      "instances": [
        {
          "schema_version": 0,
          "attributes": {
            "address_prefixes": [
              "11.0.0.0/24"
            ],
            "delegation": [],
            "enforce_private_link_endpoint_network_policies": false,
            "enforce_private_link_service_network_policies": false,
            "id": "/subscriptions/613ad620-f6ee-4055-bd0a-68a93656bee3/resourceGroups/lolas/providers/Microsoft.Network/virtualNetworks/lolas-vnet/subnets/core",
            "name": "core",
            "private_endpoint_network_policies_enabled": true,
            "private_link_service_network_policies_enabled": true,
            "resource_group_name": "lolas",
            "service_endpoint_policy_ids": null,
            "service_endpoints": null,
            "timeouts": null,
            "virtual_network_name": "lolas-vnet"
          },
          "sensitive_attributes": [],
          "private": "eyJlMmJmYjczMC1lY2FhLTExZTYtOGY4OC0zNDM2M2JjN2M0YzAiOnsiY3JlYXRlIjoxODAwMDAwMDAwMDAwLCJkZWxldGUiOjE4MDAwMDAwMDAwMDAsInJlYWQiOjMwMDAwMDAwMDAwMCwidXBkYXRlIjoxODAwMDAwMDAwMDAwfX0=",
          "dependencies": [
            "azurerm_resource_group.rg",
            "azurerm_virtual_network.vnet"
          ]
        }
      ]
    },
    {
      "mode": "managed",
      "type": "azurerm_subnet",
      "name": "subnet_address_ep",
      "provider": "provider[\"registry.terraform.io/hashicorp/azurerm\"]",
      "instances": [
        {
          "schema_version": 0,
          "attributes": {
            "address_prefixes": [
              "11.0.1.0/25"
            ],
            "delegation": [],
            "enforce_private_link_endpoint_network_policies": false,
            "enforce_private_link_service_network_policies": false,
            "id": "/subscriptions/613ad620-f6ee-4055-bd0a-68a93656bee3/resourceGroups/lolas/providers/Microsoft.Network/virtualNetworks/lolas-vnet/subnets/ep",
            "name": "ep",
            "private_endpoint_network_policies_enabled": true,
            "private_link_service_network_policies_enabled": true,
            "resource_group_name": "lolas",
            "service_endpoint_policy_ids": null,
            "service_endpoints": null,
            "timeouts": null,
            "virtual_network_name": "lolas-vnet"
          },
          "sensitive_attributes": [],
          "private": "eyJlMmJmYjczMC1lY2FhLTExZTYtOGY4OC0zNDM2M2JjN2M0YzAiOnsiY3JlYXRlIjoxODAwMDAwMDAwMDAwLCJkZWxldGUiOjE4MDAwMDAwMDAwMDAsInJlYWQiOjMwMDAwMDAwMDAwMCwidXBkYXRlIjoxODAwMDAwMDAwMDAwfX0=",
          "dependencies": [
            "azurerm_resource_group.rg",
            "azurerm_virtual_network.vnet"
          ]
        }
      ]
    },
    {
      "mode": "managed",
      "type": "azurerm_subnet",
      "name": "subnet_address_nat",
      "provider": "provider[\"registry.terraform.io/hashicorp/azurerm\"]",
      "instances": [
        {
          "schema_version": 0,
          "attributes": {
            "address_prefixes": [
              "11.0.1.128/25"
            ],
            "delegation": [],
            "enforce_private_link_endpoint_network_policies": false,
            "enforce_private_link_service_network_policies": false,
            "id": "/subscriptions/613ad620-f6ee-4055-bd0a-68a93656bee3/resourceGroups/lolas/providers/Microsoft.Network/virtualNetworks/lolas-vnet/subnets/nat",
            "name": "nat",
            "private_endpoint_network_policies_enabled": true,
            "private_link_service_network_policies_enabled": true,
            "resource_group_name": "lolas",
            "service_endpoint_policy_ids": null,
            "service_endpoints": null,
            "timeouts": null,
            "virtual_network_name": "lolas-vnet"
          },
          "sensitive_attributes": [],
          "private": "eyJlMmJmYjczMC1lY2FhLTExZTYtOGY4OC0zNDM2M2JjN2M0YzAiOnsiY3JlYXRlIjoxODAwMDAwMDAwMDAwLCJkZWxldGUiOjE4MDAwMDAwMDAwMDAsInJlYWQiOjMwMDAwMDAwMDAwMCwidXBkYXRlIjoxODAwMDAwMDAwMDAwfX0=",
          "dependencies": [
            "azurerm_resource_group.rg",
            "azurerm_virtual_network.vnet"
          ]
        }
      ]
    },
    {
      "mode": "managed",
      "type": "azurerm_subnet",
      "name": "subnet_address_public",
      "provider": "provider[\"registry.terraform.io/hashicorp/azurerm\"]",
      "instances": [
        {
          "schema_version": 0,
          "attributes": {
            "address_prefixes": [
              "11.0.2.0/27"
            ],
            "delegation": [],
            "enforce_private_link_endpoint_network_policies": false,
            "enforce_private_link_service_network_policies": false,
            "id": "/subscriptions/613ad620-f6ee-4055-bd0a-68a93656bee3/resourceGroups/lolas/providers/Microsoft.Network/virtualNetworks/lolas-vnet/subnets/public",
            "name": "public",
            "private_endpoint_network_policies_enabled": true,
            "private_link_service_network_policies_enabled": true,
            "resource_group_name": "lolas",
            "service_endpoint_policy_ids": null,
            "service_endpoints": null,
            "timeouts": null,
            "virtual_network_name": "lolas-vnet"
          },
          "sensitive_attributes": [],
          "private": "eyJlMmJmYjczMC1lY2FhLTExZTYtOGY4OC0zNDM2M2JjN2M0YzAiOnsiY3JlYXRlIjoxODAwMDAwMDAwMDAwLCJkZWxldGUiOjE4MDAwMDAwMDAwMDAsInJlYWQiOjMwMDAwMDAwMDAwMCwidXBkYXRlIjoxODAwMDAwMDAwMDAwfX0=",
          "dependencies": [
            "azurerm_resource_group.rg",
            "azurerm_virtual_network.vnet"
          ]
        }
      ]
    },
    {
      "mode": "managed",
      "type": "azurerm_subnet",
      "name": "subnet_address_site",
      "provider": "provider[\"registry.terraform.io/hashicorp/azurerm\"]",
      "instances": [
        {
          "schema_version": 0,
          "attributes": {
            "address_prefixes": [
              "11.0.2.32/27"
            ],
            "delegation": [],
            "enforce_private_link_endpoint_network_policies": false,
            "enforce_private_link_service_network_policies": false,
            "id": "/subscriptions/613ad620-f6ee-4055-bd0a-68a93656bee3/resourceGroups/lolas/providers/Microsoft.Network/virtualNetworks/lolas-vnet/subnets/site",
            "name": "site",
            "private_endpoint_network_policies_enabled": true,
            "private_link_service_network_policies_enabled": true,
            "resource_group_name": "lolas",
            "service_endpoint_policy_ids": null,
            "service_endpoints": null,
            "timeouts": null,
            "virtual_network_name": "lolas-vnet"
          },
          "sensitive_attributes": [],
          "private": "eyJlMmJmYjczMC1lY2FhLTExZTYtOGY4OC0zNDM2M2JjN2M0YzAiOnsiY3JlYXRlIjoxODAwMDAwMDAwMDAwLCJkZWxldGUiOjE4MDAwMDAwMDAwMDAsInJlYWQiOjMwMDAwMDAwMDAwMCwidXBkYXRlIjoxODAwMDAwMDAwMDAwfX0=",
          "dependencies": [
            "azurerm_resource_group.rg",
            "azurerm_virtual_network.vnet"
          ]
        }
      ]
    },
    {
      "mode": "managed",
      "type": "azurerm_virtual_network",
      "name": "vnet",
      "provider": "provider[\"registry.terraform.io/hashicorp/azurerm\"]",
      "instances": [
        {
          "schema_version": 0,
          "attributes": {
            "address_space": [
              "11.0.0.0/22"
            ],
            "bgp_community": "",
            "ddos_protection_plan": [],
            "dns_servers": [],
            "edge_zone": "",
            "flow_timeout_in_minutes": 0,
            "guid": "d110b2ea-83f9-400c-90b9-aaeb08938052",
            "id": "/subscriptions/613ad620-f6ee-4055-bd0a-68a93656bee3/resourceGroups/lolas/providers/Microsoft.Network/virtualNetworks/lolas-vnet",
            "location": "westeurope",
            "name": "lolas-vnet",
            "resource_group_name": "lolas",
            "subnet": [],
            "tags": null,
            "timeouts": null
          },
          "sensitive_attributes": [],
          "private": "eyJlMmJmYjczMC1lY2FhLTExZTYtOGY4OC0zNDM2M2JjN2M0YzAiOnsiY3JlYXRlIjoxODAwMDAwMDAwMDAwLCJkZWxldGUiOjE4MDAwMDAwMDAwMDAsInJlYWQiOjMwMDAwMDAwMDAwMCwidXBkYXRlIjoxODAwMDAwMDAwMDAwfX0=",
          "dependencies": [
            "azurerm_resource_group.rg"
          ]
        }
      ]
    }
  ],
  "check_results": null
}
