{
  "version": 4,
  "terraform_version": "1.3.6",
  "serial": 73,
  "lineage": "22764f3e-1d27-6113-e27d-185b19c64ed9",
  "outputs": {},
  "resources": [
    {
      "mode": "managed",
      "type": "azurerm_resource_group",
      "name": "rg",
      "provider": "provider[\"registry.terraform.io/hashicorp/azurerm\"]",
      "instances": [
        {
          "index_key": "region1",
          "schema_version": 0,
          "attributes": {
            "id": "/subscriptions/613ad620-f6ee-4055-bd0a-68a93656bee3/resourceGroups/lolas-region1",
            "location": "eastus2",
            "name": "lolas-region1",
            "tags": {},
            "timeouts": null
          },
          "sensitive_attributes": [],
          "private": "eyJlMmJmYjczMC1lY2FhLTExZTYtOGY4OC0zNDM2M2JjN2M0YzAiOnsiY3JlYXRlIjo1NDAwMDAwMDAwMDAwLCJkZWxldGUiOjU0MDAwMDAwMDAwMDAsInJlYWQiOjMwMDAwMDAwMDAwMCwidXBkYXRlIjo1NDAwMDAwMDAwMDAwfX0="
        },
        {
          "index_key": "region2",
          "schema_version": 0,
          "attributes": {
            "id": "/subscriptions/613ad620-f6ee-4055-bd0a-68a93656bee3/resourceGroups/lolas-region2",
            "location": "westus2",
            "name": "lolas-region2",
            "tags": {},
            "timeouts": null
          },
          "sensitive_attributes": [],
          "private": "eyJlMmJmYjczMC1lY2FhLTExZTYtOGY4OC0zNDM2M2JjN2M0YzAiOnsiY3JlYXRlIjo1NDAwMDAwMDAwMDAwLCJkZWxldGUiOjU0MDAwMDAwMDAwMDAsInJlYWQiOjMwMDAwMDAwMDAwMCwidXBkYXRlIjo1NDAwMDAwMDAwMDAwfX0="
        }
      ]
    },
    {
      "mode": "managed",
      "type": "azurerm_subnet",
      "name": "subnet_address_core",
      "provider": "provider[\"registry.terraform.io/hashicorp/azurerm\"]",
      "instances": [
        {
          "index_key": "region1",
          "schema_version": 0,
          "attributes": {
            "address_prefixes": [
              "11.0.0.0/24"
            ],
            "delegation": [],
            "enforce_private_link_endpoint_network_policies": false,
            "enforce_private_link_service_network_policies": false,
            "id": "/subscriptions/613ad620-f6ee-4055-bd0a-68a93656bee3/resourceGroups/lolas-region1/providers/Microsoft.Network/virtualNetworks/lolas-region1-vnet/subnets/core",
            "name": "core",
            "private_endpoint_network_policies_enabled": true,
            "private_link_service_network_policies_enabled": true,
            "resource_group_name": "lolas-region1",
            "service_endpoint_policy_ids": [],
            "service_endpoints": [],
            "timeouts": null,
            "virtual_network_name": "lolas-region1-vnet"
          },
          "sensitive_attributes": [],
          "private": "eyJlMmJmYjczMC1lY2FhLTExZTYtOGY4OC0zNDM2M2JjN2M0YzAiOnsiY3JlYXRlIjoxODAwMDAwMDAwMDAwLCJkZWxldGUiOjE4MDAwMDAwMDAwMDAsInJlYWQiOjMwMDAwMDAwMDAwMCwidXBkYXRlIjoxODAwMDAwMDAwMDAwfX0=",
          "dependencies": [
            "azurerm_resource_group.rg",
            "azurerm_virtual_network.vnet"
          ]
        },
        {
          "index_key": "region2",
          "schema_version": 0,
          "attributes": {
            "address_prefixes": [
              "12.0.0.0/24"
            ],
            "delegation": [],
            "enforce_private_link_endpoint_network_policies": false,
            "enforce_private_link_service_network_policies": false,
            "id": "/subscriptions/613ad620-f6ee-4055-bd0a-68a93656bee3/resourceGroups/lolas-region2/providers/Microsoft.Network/virtualNetworks/lolas-region2-vnet/subnets/core",
            "name": "core",
            "private_endpoint_network_policies_enabled": true,
            "private_link_service_network_policies_enabled": true,
            "resource_group_name": "lolas-region2",
            "service_endpoint_policy_ids": [],
            "service_endpoints": [],
            "timeouts": null,
            "virtual_network_name": "lolas-region2-vnet"
          },
          "sensitive_attributes": [],
          "private": "eyJlMmJmYjczMC1lY2FhLTExZTYtOGY4OC0zNDM2M2JjN2M0YzAiOnsiY3JlYXRlIjoxODAwMDAwMDAwMDAwLCJkZWxldGUiOjE4MDAwMDAwMDAwMDAsInJlYWQiOjMwMDAwMDAwMDAwMCwidXBkYXRlIjoxODAwMDAwMDAwMDAwfX0=",
          "dependencies": [
            "azurerm_resource_group.rg",
            "azurerm_virtual_network.vnet"
          ]
        }
      ]
    },
    {
      "mode": "managed",
      "type": "azurerm_subnet",
      "name": "subnet_address_ep",
      "provider": "provider[\"registry.terraform.io/hashicorp/azurerm\"]",
      "instances": [
        {
          "index_key": "region1",
          "schema_version": 0,
          "attributes": {
            "address_prefixes": [
              "11.0.1.0/25"
            ],
            "delegation": [],
            "enforce_private_link_endpoint_network_policies": false,
            "enforce_private_link_service_network_policies": false,
            "id": "/subscriptions/613ad620-f6ee-4055-bd0a-68a93656bee3/resourceGroups/lolas-region1/providers/Microsoft.Network/virtualNetworks/lolas-region1-vnet/subnets/ep",
            "name": "ep",
            "private_endpoint_network_policies_enabled": true,
            "private_link_service_network_policies_enabled": true,
            "resource_group_name": "lolas-region1",
            "service_endpoint_policy_ids": [],
            "service_endpoints": [],
            "timeouts": null,
            "virtual_network_name": "lolas-region1-vnet"
          },
          "sensitive_attributes": [],
          "private": "eyJlMmJmYjczMC1lY2FhLTExZTYtOGY4OC0zNDM2M2JjN2M0YzAiOnsiY3JlYXRlIjoxODAwMDAwMDAwMDAwLCJkZWxldGUiOjE4MDAwMDAwMDAwMDAsInJlYWQiOjMwMDAwMDAwMDAwMCwidXBkYXRlIjoxODAwMDAwMDAwMDAwfX0=",
          "dependencies": [
            "azurerm_resource_group.rg",
            "azurerm_virtual_network.vnet"
          ]
        },
        {
          "index_key": "region2",
          "schema_version": 0,
          "attributes": {
            "address_prefixes": [
              "12.0.1.0/25"
            ],
            "delegation": [],
            "enforce_private_link_endpoint_network_policies": false,
            "enforce_private_link_service_network_policies": false,
            "id": "/subscriptions/613ad620-f6ee-4055-bd0a-68a93656bee3/resourceGroups/lolas-region2/providers/Microsoft.Network/virtualNetworks/lolas-region2-vnet/subnets/ep",
            "name": "ep",
            "private_endpoint_network_policies_enabled": true,
            "private_link_service_network_policies_enabled": true,
            "resource_group_name": "lolas-region2",
            "service_endpoint_policy_ids": [],
            "service_endpoints": [],
            "timeouts": null,
            "virtual_network_name": "lolas-region2-vnet"
          },
          "sensitive_attributes": [],
          "private": "eyJlMmJmYjczMC1lY2FhLTExZTYtOGY4OC0zNDM2M2JjN2M0YzAiOnsiY3JlYXRlIjoxODAwMDAwMDAwMDAwLCJkZWxldGUiOjE4MDAwMDAwMDAwMDAsInJlYWQiOjMwMDAwMDAwMDAwMCwidXBkYXRlIjoxODAwMDAwMDAwMDAwfX0=",
          "dependencies": [
            "azurerm_resource_group.rg",
            "azurerm_virtual_network.vnet"
          ]
        }
      ]
    },
    {
      "mode": "managed",
      "type": "azurerm_subnet",
      "name": "subnet_address_nat_prefix",
      "provider": "provider[\"registry.terraform.io/hashicorp/azurerm\"]",
      "instances": [
        {
          "index_key": "region1",
          "schema_version": 0,
          "attributes": {
            "address_prefixes": [
              "11.0.1.128/25"
            ],
            "delegation": [],
            "enforce_private_link_endpoint_network_policies": false,
            "enforce_private_link_service_network_policies": false,
            "id": "/subscriptions/613ad620-f6ee-4055-bd0a-68a93656bee3/resourceGroups/lolas-region1/providers/Microsoft.Network/virtualNetworks/lolas-region1-vnet/subnets/nat",
            "name": "nat",
            "private_endpoint_network_policies_enabled": true,
            "private_link_service_network_policies_enabled": true,
            "resource_group_name": "lolas-region1",
            "service_endpoint_policy_ids": [],
            "service_endpoints": [],
            "timeouts": null,
            "virtual_network_name": "lolas-region1-vnet"
          },
          "sensitive_attributes": [],
          "private": "eyJlMmJmYjczMC1lY2FhLTExZTYtOGY4OC0zNDM2M2JjN2M0YzAiOnsiY3JlYXRlIjoxODAwMDAwMDAwMDAwLCJkZWxldGUiOjE4MDAwMDAwMDAwMDAsInJlYWQiOjMwMDAwMDAwMDAwMCwidXBkYXRlIjoxODAwMDAwMDAwMDAwfX0=",
          "dependencies": [
            "azurerm_resource_group.rg",
            "azurerm_virtual_network.vnet"
          ]
        },
        {
          "index_key": "region2",
          "schema_version": 0,
          "attributes": {
            "address_prefixes": [
              "12.0.1.128/25"
            ],
            "delegation": [],
            "enforce_private_link_endpoint_network_policies": false,
            "enforce_private_link_service_network_policies": false,
            "id": "/subscriptions/613ad620-f6ee-4055-bd0a-68a93656bee3/resourceGroups/lolas-region2/providers/Microsoft.Network/virtualNetworks/lolas-region2-vnet/subnets/nat",
            "name": "nat",
            "private_endpoint_network_policies_enabled": true,
            "private_link_service_network_policies_enabled": true,
            "resource_group_name": "lolas-region2",
            "service_endpoint_policy_ids": [],
            "service_endpoints": [],
            "timeouts": null,
            "virtual_network_name": "lolas-region2-vnet"
          },
          "sensitive_attributes": [],
          "private": "eyJlMmJmYjczMC1lY2FhLTExZTYtOGY4OC0zNDM2M2JjN2M0YzAiOnsiY3JlYXRlIjoxODAwMDAwMDAwMDAwLCJkZWxldGUiOjE4MDAwMDAwMDAwMDAsInJlYWQiOjMwMDAwMDAwMDAwMCwidXBkYXRlIjoxODAwMDAwMDAwMDAwfX0=",
          "dependencies": [
            "azurerm_resource_group.rg",
            "azurerm_virtual_network.vnet"
          ]
        }
      ]
    },
    {
      "mode": "managed",
      "type": "azurerm_subnet",
      "name": "subnet_address_public_prefix",
      "provider": "provider[\"registry.terraform.io/hashicorp/azurerm\"]",
      "instances": [
        {
          "index_key": "region1",
          "schema_version": 0,
          "attributes": {
            "address_prefixes": [
              "11.0.2.0/27"
            ],
            "delegation": [],
            "enforce_private_link_endpoint_network_policies": false,
            "enforce_private_link_service_network_policies": false,
            "id": "/subscriptions/613ad620-f6ee-4055-bd0a-68a93656bee3/resourceGroups/lolas-region1/providers/Microsoft.Network/virtualNetworks/lolas-region1-vnet/subnets/public",
            "name": "public",
            "private_endpoint_network_policies_enabled": true,
            "private_link_service_network_policies_enabled": true,
            "resource_group_name": "lolas-region1",
            "service_endpoint_policy_ids": [],
            "service_endpoints": [],
            "timeouts": null,
            "virtual_network_name": "lolas-region1-vnet"
          },
          "sensitive_attributes": [],
          "private": "eyJlMmJmYjczMC1lY2FhLTExZTYtOGY4OC0zNDM2M2JjN2M0YzAiOnsiY3JlYXRlIjoxODAwMDAwMDAwMDAwLCJkZWxldGUiOjE4MDAwMDAwMDAwMDAsInJlYWQiOjMwMDAwMDAwMDAwMCwidXBkYXRlIjoxODAwMDAwMDAwMDAwfX0=",
          "dependencies": [
            "azurerm_resource_group.rg",
            "azurerm_virtual_network.vnet"
          ]
        },
        {
          "index_key": "region2",
          "schema_version": 0,
          "attributes": {
            "address_prefixes": [
              "12.0.2.0/27"
            ],
            "delegation": [],
            "enforce_private_link_endpoint_network_policies": false,
            "enforce_private_link_service_network_policies": false,
            "id": "/subscriptions/613ad620-f6ee-4055-bd0a-68a93656bee3/resourceGroups/lolas-region2/providers/Microsoft.Network/virtualNetworks/lolas-region2-vnet/subnets/public",
            "name": "public",
            "private_endpoint_network_policies_enabled": true,
            "private_link_service_network_policies_enabled": true,
            "resource_group_name": "lolas-region2",
            "service_endpoint_policy_ids": [],
            "service_endpoints": [],
            "timeouts": null,
            "virtual_network_name": "lolas-region2-vnet"
          },
          "sensitive_attributes": [],
          "private": "eyJlMmJmYjczMC1lY2FhLTExZTYtOGY4OC0zNDM2M2JjN2M0YzAiOnsiY3JlYXRlIjoxODAwMDAwMDAwMDAwLCJkZWxldGUiOjE4MDAwMDAwMDAwMDAsInJlYWQiOjMwMDAwMDAwMDAwMCwidXBkYXRlIjoxODAwMDAwMDAwMDAwfX0=",
          "dependencies": [
            "azurerm_resource_group.rg",
            "azurerm_virtual_network.vnet"
          ]
        }
      ]
    },
    {
      "mode": "managed",
      "type": "azurerm_subnet",
      "name": "subnet_address_site_prefix",
      "provider": "provider[\"registry.terraform.io/hashicorp/azurerm\"]",
      "instances": [
        {
          "index_key": "region1",
          "schema_version": 0,
          "attributes": {
            "address_prefixes": [
              "11.0.2.32/27"
            ],
            "delegation": [],
            "enforce_private_link_endpoint_network_policies": false,
            "enforce_private_link_service_network_policies": false,
            "id": "/subscriptions/613ad620-f6ee-4055-bd0a-68a93656bee3/resourceGroups/lolas-region1/providers/Microsoft.Network/virtualNetworks/lolas-region1-vnet/subnets/site",
            "name": "site",
            "private_endpoint_network_policies_enabled": true,
            "private_link_service_network_policies_enabled": true,
            "resource_group_name": "lolas-region1",
            "service_endpoint_policy_ids": [],
            "service_endpoints": [],
            "timeouts": null,
            "virtual_network_name": "lolas-region1-vnet"
          },
          "sensitive_attributes": [],
          "private": "eyJlMmJmYjczMC1lY2FhLTExZTYtOGY4OC0zNDM2M2JjN2M0YzAiOnsiY3JlYXRlIjoxODAwMDAwMDAwMDAwLCJkZWxldGUiOjE4MDAwMDAwMDAwMDAsInJlYWQiOjMwMDAwMDAwMDAwMCwidXBkYXRlIjoxODAwMDAwMDAwMDAwfX0=",
          "dependencies": [
            "azurerm_resource_group.rg",
            "azurerm_virtual_network.vnet"
          ]
        },
        {
          "index_key": "region2",
          "schema_version": 0,
          "attributes": {
            "address_prefixes": [
              "12.0.2.32/27"
            ],
            "delegation": [],
            "enforce_private_link_endpoint_network_policies": false,
            "enforce_private_link_service_network_policies": false,
            "id": "/subscriptions/613ad620-f6ee-4055-bd0a-68a93656bee3/resourceGroups/lolas-region2/providers/Microsoft.Network/virtualNetworks/lolas-region2-vnet/subnets/site",
            "name": "site",
            "private_endpoint_network_policies_enabled": true,
            "private_link_service_network_policies_enabled": true,
            "resource_group_name": "lolas-region2",
            "service_endpoint_policy_ids": [],
            "service_endpoints": [],
            "timeouts": null,
            "virtual_network_name": "lolas-region2-vnet"
          },
          "sensitive_attributes": [],
          "private": "eyJlMmJmYjczMC1lY2FhLTExZTYtOGY4OC0zNDM2M2JjN2M0YzAiOnsiY3JlYXRlIjoxODAwMDAwMDAwMDAwLCJkZWxldGUiOjE4MDAwMDAwMDAwMDAsInJlYWQiOjMwMDAwMDAwMDAwMCwidXBkYXRlIjoxODAwMDAwMDAwMDAwfX0=",
          "dependencies": [
            "azurerm_resource_group.rg",
            "azurerm_virtual_network.vnet"
          ]
        }
      ]
    },
    {
      "mode": "managed",
      "type": "azurerm_virtual_network",
      "name": "vnet",
      "provider": "provider[\"registry.terraform.io/hashicorp/azurerm\"]",
      "instances": [
        {
          "index_key": "region1",
          "schema_version": 0,
          "attributes": {
            "address_space": [
              "11.0.0.0/22"
            ],
            "bgp_community": "",
            "ddos_protection_plan": [],
            "dns_servers": [],
            "edge_zone": "",
            "flow_timeout_in_minutes": 0,
            "guid": "2b5ed6c2-3fa8-4425-97ff-11df65363b3e",
            "id": "/subscriptions/613ad620-f6ee-4055-bd0a-68a93656bee3/resourceGroups/lolas-region1/providers/Microsoft.Network/virtualNetworks/lolas-region1-vnet",
            "location": "eastus2",
            "name": "lolas-region1-vnet",
            "resource_group_name": "lolas-region1",
            "subnet": [
              {
                "address_prefix": "11.0.0.0/24",
                "id": "/subscriptions/613ad620-f6ee-4055-bd0a-68a93656bee3/resourceGroups/lolas-region1/providers/Microsoft.Network/virtualNetworks/lolas-region1-vnet/subnets/core",
                "name": "core",
                "security_group": ""
              },
              {
                "address_prefix": "11.0.1.0/25",
                "id": "/subscriptions/613ad620-f6ee-4055-bd0a-68a93656bee3/resourceGroups/lolas-region1/providers/Microsoft.Network/virtualNetworks/lolas-region1-vnet/subnets/ep",
                "name": "ep",
                "security_group": ""
              },
              {
                "address_prefix": "11.0.1.128/25",
                "id": "/subscriptions/613ad620-f6ee-4055-bd0a-68a93656bee3/resourceGroups/lolas-region1/providers/Microsoft.Network/virtualNetworks/lolas-region1-vnet/subnets/nat",
                "name": "nat",
                "security_group": ""
              },
              {
                "address_prefix": "11.0.2.0/27",
                "id": "/subscriptions/613ad620-f6ee-4055-bd0a-68a93656bee3/resourceGroups/lolas-region1/providers/Microsoft.Network/virtualNetworks/lolas-region1-vnet/subnets/public",
                "name": "public",
                "security_group": ""
              },
              {
                "address_prefix": "11.0.2.32/27",
                "id": "/subscriptions/613ad620-f6ee-4055-bd0a-68a93656bee3/resourceGroups/lolas-region1/providers/Microsoft.Network/virtualNetworks/lolas-region1-vnet/subnets/site",
                "name": "site",
                "security_group": ""
              }
            ],
            "tags": {},
            "timeouts": null
          },
          "sensitive_attributes": [],
          "private": "eyJlMmJmYjczMC1lY2FhLTExZTYtOGY4OC0zNDM2M2JjN2M0YzAiOnsiY3JlYXRlIjoxODAwMDAwMDAwMDAwLCJkZWxldGUiOjE4MDAwMDAwMDAwMDAsInJlYWQiOjMwMDAwMDAwMDAwMCwidXBkYXRlIjoxODAwMDAwMDAwMDAwfX0=",
          "dependencies": [
            "azurerm_resource_group.rg"
          ]
        },
        {
          "index_key": "region2",
          "schema_version": 0,
          "attributes": {
            "address_space": [
              "12.0.0.0/22"
            ],
            "bgp_community": "",
            "ddos_protection_plan": [],
            "dns_servers": [],
            "edge_zone": "",
            "flow_timeout_in_minutes": 0,
            "guid": "7d84d93e-11d4-4852-8d80-99129b89b99f",
            "id": "/subscriptions/613ad620-f6ee-4055-bd0a-68a93656bee3/resourceGroups/lolas-region2/providers/Microsoft.Network/virtualNetworks/lolas-region2-vnet",
            "location": "westus2",
            "name": "lolas-region2-vnet",
            "resource_group_name": "lolas-region2",
            "subnet": [
              {
                "address_prefix": "12.0.0.0/24",
                "id": "/subscriptions/613ad620-f6ee-4055-bd0a-68a93656bee3/resourceGroups/lolas-region2/providers/Microsoft.Network/virtualNetworks/lolas-region2-vnet/subnets/core",
                "name": "core",
                "security_group": ""
              },
              {
                "address_prefix": "12.0.1.0/25",
                "id": "/subscriptions/613ad620-f6ee-4055-bd0a-68a93656bee3/resourceGroups/lolas-region2/providers/Microsoft.Network/virtualNetworks/lolas-region2-vnet/subnets/ep",
                "name": "ep",
                "security_group": ""
              },
              {
                "address_prefix": "12.0.1.128/25",
                "id": "/subscriptions/613ad620-f6ee-4055-bd0a-68a93656bee3/resourceGroups/lolas-region2/providers/Microsoft.Network/virtualNetworks/lolas-region2-vnet/subnets/nat",
                "name": "nat",
                "security_group": ""
              },
              {
                "address_prefix": "12.0.2.0/27",
                "id": "/subscriptions/613ad620-f6ee-4055-bd0a-68a93656bee3/resourceGroups/lolas-region2/providers/Microsoft.Network/virtualNetworks/lolas-region2-vnet/subnets/public",
                "name": "public",
                "security_group": ""
              },
              {
                "address_prefix": "12.0.2.32/27",
                "id": "/subscriptions/613ad620-f6ee-4055-bd0a-68a93656bee3/resourceGroups/lolas-region2/providers/Microsoft.Network/virtualNetworks/lolas-region2-vnet/subnets/site",
                "name": "site",
                "security_group": ""
              }
            ],
            "tags": {},
            "timeouts": null
          },
          "sensitive_attributes": [],
          "private": "eyJlMmJmYjczMC1lY2FhLTExZTYtOGY4OC0zNDM2M2JjN2M0YzAiOnsiY3JlYXRlIjoxODAwMDAwMDAwMDAwLCJkZWxldGUiOjE4MDAwMDAwMDAwMDAsInJlYWQiOjMwMDAwMDAwMDAwMCwidXBkYXRlIjoxODAwMDAwMDAwMDAwfX0=",
          "dependencies": [
            "azurerm_resource_group.rg"
          ]
        }
      ]
    }
  ],
  "check_results": null
}
